// !$*UTF8*$!
{
	archiveVersion = 1;
	classes = {
	};
	objectVersion = 46;
	objects = {

/* Begin PBXBuildFile section */
		1D3623260D0F684500981E51 /* AppDelegate.m in Sources */ = {isa = PBXBuildFile; fileRef = 1D3623250D0F684500981E51 /* AppDelegate.m */; };
		1D60589B0D05DD56006BFB54 /* main.m in Sources */ = {isa = PBXBuildFile; fileRef = 29B97316FDCFA39411CA2CEA /* main.m */; };
		1D60589F0D05DD5A006BFB54 /* Foundation.framework in Frameworks */ = {isa = PBXBuildFile; fileRef = 1D30AB110D05D00D00671497 /* Foundation.framework */; };
		1DF5F4E00D08C38300B7A737 /* UIKit.framework in Frameworks */ = {isa = PBXBuildFile; fileRef = 1DF5F4DF0D08C38300B7A737 /* UIKit.framework */; };
		288765FD0DF74451002DB57D /* CoreGraphics.framework in Frameworks */ = {isa = PBXBuildFile; fileRef = 288765FC0DF74451002DB57D /* CoreGraphics.framework */; };
		8E11FBB216AE9B1F0079411A /* DDXMLElementAdditions.m in Sources */ = {isa = PBXBuildFile; fileRef = 8E11FBA516AE9B1F0079411A /* DDXMLElementAdditions.m */; };
		8E11FBB316AE9B1F0079411A /* NSString+DDXML.m in Sources */ = {isa = PBXBuildFile; fileRef = 8E11FBA816AE9B1F0079411A /* NSString+DDXML.m */; };
		8E11FBB416AE9B1F0079411A /* DDXMLDocument.m in Sources */ = {isa = PBXBuildFile; fileRef = 8E11FBAB16AE9B1F0079411A /* DDXMLDocument.m */; };
		8E11FBB516AE9B1F0079411A /* DDXMLElement.m in Sources */ = {isa = PBXBuildFile; fileRef = 8E11FBAD16AE9B1F0079411A /* DDXMLElement.m */; };
		8E11FBB616AE9B1F0079411A /* DDXMLNode.m in Sources */ = {isa = PBXBuildFile; fileRef = 8E11FBAF16AE9B1F0079411A /* DDXMLNode.m */; };
		8E11FBBB16AEE6840079411A /* libxml2.2.dylib in Frameworks */ = {isa = PBXBuildFile; fileRef = 8E11FBBA16AEE6840079411A /* libxml2.2.dylib */; };
		8E4D7B0916A9AA1B00CC2BEC /* gs.m in Sources */ = {isa = PBXBuildFile; fileRef = 8E4D7B0816A9AA1B00CC2BEC /* gs.m */; };
		8E71F3DF1600BEAC00639B4D /* Book.m in Sources */ = {isa = PBXBuildFile; fileRef = 8E71F3DE1600BEAC00639B4D /* Book.m */; };
		8EC60C4D15F623A600D34892 /* MainViewController.m in Sources */ = {isa = PBXBuildFile; fileRef = 8EC60C4C15F623A600D34892 /* MainViewController.m */; };
		8EC60C5115F62A3400D34892 /* CatalogViewController.m in Sources */ = {isa = PBXBuildFile; fileRef = 8EC60C5015F62A3400D34892 /* CatalogViewController.m */; };
		8ED3BCA715F798E800326459 /* database.db in Resources */ = {isa = PBXBuildFile; fileRef = 8ED3BCA615F798E800326459 /* database.db */; };
		8ED3BCB815F7A5E300326459 /* StandardPaths.m in Sources */ = {isa = PBXBuildFile; fileRef = 8ED3BCB715F7A5E300326459 /* StandardPaths.m */; };
		8ED3BCBF15F8E9C100326459 /* CatalogItem.m in Sources */ = {isa = PBXBuildFile; fileRef = 8ED3BCBE15F8E9C100326459 /* CatalogItem.m */; };
		8ED3BCC315FA4B7200326459 /* Default.png in Resources */ = {isa = PBXBuildFile; fileRef = 8ED3BCC215FA4B7200326459 /* Default.png */; };
		8EE9B1C416AFE21F00C46C60 /* Reachability.m in Sources */ = {isa = PBXBuildFile; fileRef = 8EE9B1C316AFE21F00C46C60 /* Reachability.m */; };
		8EE9B1C716AFE6A500C46C60 /* SystemConfiguration.framework in Frameworks */ = {isa = PBXBuildFile; fileRef = 8EE9B1C616AFE6A500C46C60 /* SystemConfiguration.framework */; };
		8EE9B1D416B0149C00C46C60 /* AuthorSettings.m in Sources */ = {isa = PBXBuildFile; fileRef = 8EE9B1CD16B0149B00C46C60 /* AuthorSettings.m */; };
		8EE9B1D516B0149C00C46C60 /* GenreSettings.m in Sources */ = {isa = PBXBuildFile; fileRef = 8EE9B1CF16B0149C00C46C60 /* GenreSettings.m */; };
		8EE9B1D616B0149C00C46C60 /* PublisherSettings.m in Sources */ = {isa = PBXBuildFile; fileRef = 8EE9B1D116B0149C00C46C60 /* PublisherSettings.m */; };
		8EE9B1D716B0149C00C46C60 /* ReaderSettings.m in Sources */ = {isa = PBXBuildFile; fileRef = 8EE9B1D316B0149C00C46C60 /* ReaderSettings.m */; };
		CE08769B16EFDBD000AF56B3 /* CatalogOptionCell.m in Sources */ = {isa = PBXBuildFile; fileRef = CE08769916EFDBD000AF56B3 /* CatalogOptionCell.m */; };
		CE08769C16EFDBD000AF56B3 /* CatalogOptionCell.xib in Resources */ = {isa = PBXBuildFile; fileRef = CE08769A16EFDBD000AF56B3 /* CatalogOptionCell.xib */; };
		CE0876A016EFE68500AF56B3 /* UITabBarHistory.jpg in Resources */ = {isa = PBXBuildFile; fileRef = CE08769E16EFE68500AF56B3 /* UITabBarHistory.jpg */; };
		CE0876A116EFE68500AF56B3 /* UITabBarSearch.jpg in Resources */ = {isa = PBXBuildFile; fileRef = CE08769F16EFE68500AF56B3 /* UITabBarSearch.jpg */; };
		CE0876A416EFFF5800AF56B3 /* MyViewController.m in Sources */ = {isa = PBXBuildFile; fileRef = CE0876A316EFFF5800AF56B3 /* MyViewController.m */; };
		CE0876A716F001B400AF56B3 /* MyTableViewController.m in Sources */ = {isa = PBXBuildFile; fileRef = CE0876A616F001B400AF56B3 /* MyTableViewController.m */; };
		CE0C418D16EE3B47008E12E6 /* MKAnnotationView+WebCache.m in Sources */ = {isa = PBXBuildFile; fileRef = CE0C417A16EE3B47008E12E6 /* MKAnnotationView+WebCache.m */; };
		CE0C418E16EE3B47008E12E6 /* SDImageCache.m in Sources */ = {isa = PBXBuildFile; fileRef = CE0C417C16EE3B47008E12E6 /* SDImageCache.m */; };
		CE0C418F16EE3B47008E12E6 /* SDWebImageDecoder.m in Sources */ = {isa = PBXBuildFile; fileRef = CE0C418016EE3B47008E12E6 /* SDWebImageDecoder.m */; };
		CE0C419016EE3B47008E12E6 /* SDWebImageDownloader.m in Sources */ = {isa = PBXBuildFile; fileRef = CE0C418216EE3B47008E12E6 /* SDWebImageDownloader.m */; };
		CE0C419116EE3B47008E12E6 /* SDWebImageManager.m in Sources */ = {isa = PBXBuildFile; fileRef = CE0C418516EE3B47008E12E6 /* SDWebImageManager.m */; };
		CE0C419216EE3B47008E12E6 /* SDWebImagePrefetcher.m in Sources */ = {isa = PBXBuildFile; fileRef = CE0C418816EE3B47008E12E6 /* SDWebImagePrefetcher.m */; };
		CE0C419316EE3B47008E12E6 /* UIButton+WebCache.m in Sources */ = {isa = PBXBuildFile; fileRef = CE0C418A16EE3B47008E12E6 /* UIButton+WebCache.m */; };
		CE0C419416EE3B47008E12E6 /* UIImageView+WebCache.m in Sources */ = {isa = PBXBuildFile; fileRef = CE0C418C16EE3B47008E12E6 /* UIImageView+WebCache.m */; };
		CE0C419616EE433C008E12E6 /* 114.PNG in Resources */ = {isa = PBXBuildFile; fileRef = CE0C419516EE433C008E12E6 /* 114.PNG */; };
		CE0C419816EE4343008E12E6 /* 57-1.PNG in Resources */ = {isa = PBXBuildFile; fileRef = CE0C419716EE4343008E12E6 /* 57-1.PNG */; };
		CE1019DF16ED33D900060C41 /* Default@2x.png in Resources */ = {isa = PBXBuildFile; fileRef = CE1019DE16ED33D900060C41 /* Default@2x.png */; };
		CE220C6016CED53D008E4A29 /* ChapterCellViewController.m in Sources */ = {isa = PBXBuildFile; fileRef = CE220C5E16CED53D008E4A29 /* ChapterCellViewController.m */; };
		CE220C6116CED53D008E4A29 /* ChapterCellView.xib in Resources */ = {isa = PBXBuildFile; fileRef = CE220C5F16CED53D008E4A29 /* ChapterCellView.xib */; };
		CE3098A716B7C48D00D39AC7 /* libsqlite3.dylib in Frameworks */ = {isa = PBXBuildFile; fileRef = CE3098A616B7C48D00D39AC7 /* libsqlite3.dylib */; };
		CE309AA216E0F9FF00EC5F0C /* libicucore.dylib in Frameworks */ = {isa = PBXBuildFile; fileRef = CE309AA116E0F9FF00EC5F0C /* libicucore.dylib */; };
		CE5E9D7E16E79EBB00A83D78 /* MBProgressHUD.m in Sources */ = {isa = PBXBuildFile; fileRef = CE5E9D7D16E79EBB00A83D78 /* MBProgressHUD.m */; };
		CE5E9DAF16E7D7A700A83D78 /* Placeholder.png in Resources */ = {isa = PBXBuildFile; fileRef = CE5E9DAE16E7D7A700A83D78 /* Placeholder.png */; };
		CE5E9DB116E7D88A00A83D78 /* ImageIO.framework in Frameworks */ = {isa = PBXBuildFile; fileRef = CE5E9DB016E7D88A00A83D78 /* ImageIO.framework */; };
		CE5E9DB516E7DC6D00A83D78 /* MapKit.framework in Frameworks */ = {isa = PBXBuildFile; fileRef = CE5E9DB416E7DC6D00A83D78 /* MapKit.framework */; };
		CE7FD1C316EE33C30024E589 /* Default-568h@2x.png in Resources */ = {isa = PBXBuildFile; fileRef = CE7FD1C216EE33C30024E589 /* Default-568h@2x.png */; };
		CE7FD5EC16B9397C00748E29 /* PlayerViewController.m in Sources */ = {isa = PBXBuildFile; fileRef = CE7FD5EB16B9397C00748E29 /* PlayerViewController.m */; };
		CE7FD5EE16B93DEA00748E29 /* PlayerView.xib in Resources */ = {isa = PBXBuildFile; fileRef = CE7FD5ED16B93DEA00748E29 /* PlayerView.xib */; };
		CE82EA8116BA7ABB00F33698 /* ASIAuthenticationDialog.m in Sources */ = {isa = PBXBuildFile; fileRef = CE82EA6E16BA7ABB00F33698 /* ASIAuthenticationDialog.m */; settings = {COMPILER_FLAGS = "-fno-objc-arc"; }; };
		CE82EA8216BA7ABB00F33698 /* ASIDataCompressor.m in Sources */ = {isa = PBXBuildFile; fileRef = CE82EA7116BA7ABB00F33698 /* ASIDataCompressor.m */; settings = {COMPILER_FLAGS = "-fno-objc-arc"; }; };
		CE82EA8316BA7ABB00F33698 /* ASIDataDecompressor.m in Sources */ = {isa = PBXBuildFile; fileRef = CE82EA7316BA7ABB00F33698 /* ASIDataDecompressor.m */; settings = {COMPILER_FLAGS = "-fno-objc-arc"; }; };
		CE82EA8416BA7ABB00F33698 /* ASIDownloadCache.m in Sources */ = {isa = PBXBuildFile; fileRef = CE82EA7516BA7ABB00F33698 /* ASIDownloadCache.m */; settings = {COMPILER_FLAGS = "-fno-objc-arc"; }; };
		CE82EA8516BA7ABB00F33698 /* ASIFormDataRequest.m in Sources */ = {isa = PBXBuildFile; fileRef = CE82EA7716BA7ABB00F33698 /* ASIFormDataRequest.m */; settings = {COMPILER_FLAGS = "-fno-objc-arc"; }; };
		CE82EA8616BA7ABB00F33698 /* ASIHTTPRequest.m in Sources */ = {isa = PBXBuildFile; fileRef = CE82EA7916BA7ABB00F33698 /* ASIHTTPRequest.m */; settings = {COMPILER_FLAGS = "-fno-objc-arc"; }; };
		CE82EA8716BA7ABB00F33698 /* ASIInputStream.m in Sources */ = {isa = PBXBuildFile; fileRef = CE82EA7D16BA7ABB00F33698 /* ASIInputStream.m */; settings = {COMPILER_FLAGS = "-fno-objc-arc"; }; };
		CE82EA8816BA7ABB00F33698 /* ASINetworkQueue.m in Sources */ = {isa = PBXBuildFile; fileRef = CE82EA7F16BA7ABB00F33698 /* ASINetworkQueue.m */; settings = {COMPILER_FLAGS = "-fno-objc-arc"; }; };
		CE82EA8B16BA7CA400F33698 /* CFNetwork.framework in Frameworks */ = {isa = PBXBuildFile; fileRef = CE82EA8A16BA7CA400F33698 /* CFNetwork.framework */; };
		CE82EA8D16BA7CD600F33698 /* MobileCoreServices.framework in Frameworks */ = {isa = PBXBuildFile; fileRef = CE82EA8C16BA7CD600F33698 /* MobileCoreServices.framework */; };
		CE82EA8F16BA7D2D00F33698 /* libz.dylib in Frameworks */ = {isa = PBXBuildFile; fileRef = CE82EA8E16BA7D2D00F33698 /* libz.dylib */; };
		CE9AC37216DA2CB60014095C /* SearchViewController.m in Sources */ = {isa = PBXBuildFile; fileRef = CE9AC37016DA2CB60014095C /* SearchViewController.m */; };
		CE9AC37316DA2CB60014095C /* SearchView.xib in Resources */ = {isa = PBXBuildFile; fileRef = CE9AC37116DA2CB60014095C /* SearchView.xib */; };
		CEA3206A16EB7B4E0025555E /* StoreKit.framework in Frameworks */ = {isa = PBXBuildFile; fileRef = CEA3206916EB7B4E0025555E /* StoreKit.framework */; };
		CEA3206E16EB7C660025555E /* Myshop.m in Sources */ = {isa = PBXBuildFile; fileRef = CEA3206D16EB7C660025555E /* Myshop.m */; };
		CEB1DD6416F3E58800FB259D /* 30_back@2x.PNG in Resources */ = {isa = PBXBuildFile; fileRef = CEB1DD6216F3E58800FB259D /* 30_back@2x.PNG */; };
		CEB1DD6516F3E58800FB259D /* 30_forward@2x.PNG in Resources */ = {isa = PBXBuildFile; fileRef = CEB1DD6316F3E58800FB259D /* 30_forward@2x.PNG */; };
		CEB7789F16F3426900336C4B /* BookViewController.m in Sources */ = {isa = PBXBuildFile; fileRef = CEB7789D16F3426900336C4B /* BookViewController.m */; };
		CEB778A016F3426900336C4B /* BookViewController.xib in Resources */ = {isa = PBXBuildFile; fileRef = CEB7789E16F3426900336C4B /* BookViewController.xib */; };
		CEB778A316F3620900336C4B /* 30_back.PNG in Resources */ = {isa = PBXBuildFile; fileRef = CEB778A116F3620900336C4B /* 30_back.PNG */; };
		CEB778A416F3620900336C4B /* 30_forward.PNG in Resources */ = {isa = PBXBuildFile; fileRef = CEB778A216F3620900336C4B /* 30_forward.PNG */; };
		CEB778B616F3779600336C4B /* libGoogleAnalytics.a in Frameworks */ = {isa = PBXBuildFile; fileRef = CEB778B216F373D400336C4B /* libGoogleAnalytics.a */; };
		CEB778B816F377DB00336C4B /* CoreData.framework in Frameworks */ = {isa = PBXBuildFile; fileRef = CEB778B716F377DB00336C4B /* CoreData.framework */; };
		CEC6416416BC0B4800AC325F /* AudioStreamer.m in Sources */ = {isa = PBXBuildFile; fileRef = CEC6416116BC0B4800AC325F /* AudioStreamer.m */; settings = {COMPILER_FLAGS = "-fno-objc-arc"; }; };
		CEC6416516BC0B4800AC325F /* StreamingPlayer.m in Sources */ = {isa = PBXBuildFile; fileRef = CEC6416316BC0B4800AC325F /* StreamingPlayer.m */; settings = {COMPILER_FLAGS = "-fno-objc-arc"; }; };
		CEC6416A16BC0D6200AC325F /* AudioToolbox.framework in Frameworks */ = {isa = PBXBuildFile; fileRef = CEC6416916BC0D6200AC325F /* AudioToolbox.framework */; };
		CECCBA0216DF7F0A00FF9222 /* CatalogCell.xib in Resources */ = {isa = PBXBuildFile; fileRef = CECCBA0116DF7F0A00FF9222 /* CatalogCell.xib */; };
		CECCBA0616DFA86700FF9222 /* CatalogCellController.m in Sources */ = {isa = PBXBuildFile; fileRef = CECCBA0516DFA86700FF9222 /* CatalogCellController.m */; };
		CED363E816D2D89500F2337F /* DownloadsViewController.m in Sources */ = {isa = PBXBuildFile; fileRef = CED363E616D2D89500F2337F /* DownloadsViewController.m */; };
		CED363E916D2D89500F2337F /* DownloadsView.xib in Resources */ = {isa = PBXBuildFile; fileRef = CED363E716D2D89500F2337F /* DownloadsView.xib */; };
		CEDB95C916F0A4A6009F9245 /* player_button_pause.png in Resources */ = {isa = PBXBuildFile; fileRef = CEDB95C516F0A4A6009F9245 /* player_button_pause.png */; };
		CEDB95CA16F0A4A6009F9245 /* player_button_pause@2x.png in Resources */ = {isa = PBXBuildFile; fileRef = CEDB95C616F0A4A6009F9245 /* player_button_pause@2x.png */; };
		CEDB95CB16F0A4A6009F9245 /* player_button_play.png in Resources */ = {isa = PBXBuildFile; fileRef = CEDB95C716F0A4A6009F9245 /* player_button_play.png */; };
		CEDB95CC16F0A4A6009F9245 /* player_button_play@2x.png in Resources */ = {isa = PBXBuildFile; fileRef = CEDB95C816F0A4A6009F9245 /* player_button_play@2x.png */; };
		CEDD9C6116DDDFCB00AD83EB /* MyBooksView.m in Sources */ = {isa = PBXBuildFile; fileRef = CEDD9C5F16DDDFCB00AD83EB /* MyBooksView.m */; };
		CEDD9C6216DDDFCB00AD83EB /* MyBooksView.xib in Resources */ = {isa = PBXBuildFile; fileRef = CEDD9C6016DDDFCB00AD83EB /* MyBooksView.xib */; };
		CEDFAAAD16BFA9DD008601F6 /* ChaptersViewController.m in Sources */ = {isa = PBXBuildFile; fileRef = CEDFAAAB16BFA9DD008601F6 /* ChaptersViewController.m */; };
		CEE8D29916F125AC00AB78B1 /* download.png in Resources */ = {isa = PBXBuildFile; fileRef = CEE8D29716F125AC00AB78B1 /* download.png */; };
		CEE8D29A16F125AC00AB78B1 /* stop.png in Resources */ = {isa = PBXBuildFile; fileRef = CEE8D29816F125AC00AB78B1 /* stop.png */; };
		CEE9E30C16F6C27600AF85F8 /* AVFoundation.framework in Frameworks */ = {isa = PBXBuildFile; fileRef = CEE9E30B16F6C27600AF85F8 /* AVFoundation.framework */; };
		CEF837B416D78BDC00603C6E /* Free1ViewController.m in Sources */ = {isa = PBXBuildFile; fileRef = CEF837B216D78BDC00603C6E /* Free1ViewController.m */; };
		CEF837B516D78BDC00603C6E /* Free1ViewController.xib in Resources */ = {isa = PBXBuildFile; fileRef = CEF837B316D78BDC00603C6E /* Free1ViewController.xib */; };
/* End PBXBuildFile section */

/* Begin PBXFileReference section */
		1D30AB110D05D00D00671497 /* Foundation.framework */ = {isa = PBXFileReference; lastKnownFileType = wrapper.framework; name = Foundation.framework; path = System/Library/Frameworks/Foundation.framework; sourceTree = SDKROOT; };
		1D3623240D0F684500981E51 /* AppDelegate.h */ = {isa = PBXFileReference; fileEncoding = 4; lastKnownFileType = sourcecode.c.h; path = AppDelegate.h; sourceTree = "<group>"; };
		1D3623250D0F684500981E51 /* AppDelegate.m */ = {isa = PBXFileReference; fileEncoding = 4; lastKnownFileType = sourcecode.c.objc; path = AppDelegate.m; sourceTree = "<group>"; };
		1D6058910D05DD3D006BFB54 /* audiobook.app */ = {isa = PBXFileReference; explicitFileType = wrapper.application; includeInIndex = 0; path = audiobook.app; sourceTree = BUILT_PRODUCTS_DIR; };
		1DF5F4DF0D08C38300B7A737 /* UIKit.framework */ = {isa = PBXFileReference; lastKnownFileType = wrapper.framework; name = UIKit.framework; path = System/Library/Frameworks/UIKit.framework; sourceTree = SDKROOT; };
		288765FC0DF74451002DB57D /* CoreGraphics.framework */ = {isa = PBXFileReference; lastKnownFileType = wrapper.framework; name = CoreGraphics.framework; path = System/Library/Frameworks/CoreGraphics.framework; sourceTree = SDKROOT; };
		29B97316FDCFA39411CA2CEA /* main.m */ = {isa = PBXFileReference; fileEncoding = 4; lastKnownFileType = sourcecode.c.objc; path = main.m; sourceTree = "<group>"; };
		32CA4F630368D1EE00C91783 /* audiobook_Prefix.pch */ = {isa = PBXFileReference; fileEncoding = 4; lastKnownFileType = sourcecode.c.h; path = audiobook_Prefix.pch; sourceTree = "<group>"; };
		8D1107310486CEB800E47090 /* audiobook-Info.plist */ = {isa = PBXFileReference; fileEncoding = 4; lastKnownFileType = text.plist.xml; path = "audiobook-Info.plist"; plistStructureDefinitionIdentifier = "com.apple.xcode.plist.structure-definition.iphone.info-plist"; sourceTree = "<group>"; };
		8E11FBA416AE9B1F0079411A /* DDXMLElementAdditions.h */ = {isa = PBXFileReference; fileEncoding = 4; lastKnownFileType = sourcecode.c.h; path = DDXMLElementAdditions.h; sourceTree = "<group>"; };
		8E11FBA516AE9B1F0079411A /* DDXMLElementAdditions.m */ = {isa = PBXFileReference; fileEncoding = 4; lastKnownFileType = sourcecode.c.objc; path = DDXMLElementAdditions.m; sourceTree = "<group>"; };
		8E11FBA716AE9B1F0079411A /* NSString+DDXML.h */ = {isa = PBXFileReference; fileEncoding = 4; lastKnownFileType = sourcecode.c.h; path = "NSString+DDXML.h"; sourceTree = "<group>"; };
		8E11FBA816AE9B1F0079411A /* NSString+DDXML.m */ = {isa = PBXFileReference; fileEncoding = 4; lastKnownFileType = sourcecode.c.objc; path = "NSString+DDXML.m"; sourceTree = "<group>"; };
		8E11FBA916AE9B1F0079411A /* DDXML.h */ = {isa = PBXFileReference; fileEncoding = 4; lastKnownFileType = sourcecode.c.h; path = DDXML.h; sourceTree = "<group>"; };
		8E11FBAA16AE9B1F0079411A /* DDXMLDocument.h */ = {isa = PBXFileReference; fileEncoding = 4; lastKnownFileType = sourcecode.c.h; path = DDXMLDocument.h; sourceTree = "<group>"; };
		8E11FBAB16AE9B1F0079411A /* DDXMLDocument.m */ = {isa = PBXFileReference; fileEncoding = 4; lastKnownFileType = sourcecode.c.objc; path = DDXMLDocument.m; sourceTree = "<group>"; };
		8E11FBAC16AE9B1F0079411A /* DDXMLElement.h */ = {isa = PBXFileReference; fileEncoding = 4; lastKnownFileType = sourcecode.c.h; path = DDXMLElement.h; sourceTree = "<group>"; };
		8E11FBAD16AE9B1F0079411A /* DDXMLElement.m */ = {isa = PBXFileReference; fileEncoding = 4; lastKnownFileType = sourcecode.c.objc; path = DDXMLElement.m; sourceTree = "<group>"; };
		8E11FBAE16AE9B1F0079411A /* DDXMLNode.h */ = {isa = PBXFileReference; fileEncoding = 4; lastKnownFileType = sourcecode.c.h; path = DDXMLNode.h; sourceTree = "<group>"; };
		8E11FBAF16AE9B1F0079411A /* DDXMLNode.m */ = {isa = PBXFileReference; fileEncoding = 4; lastKnownFileType = sourcecode.c.objc; path = DDXMLNode.m; sourceTree = "<group>"; };
		8E11FBB116AE9B1F0079411A /* DDXMLPrivate.h */ = {isa = PBXFileReference; fileEncoding = 4; lastKnownFileType = sourcecode.c.h; path = DDXMLPrivate.h; sourceTree = "<group>"; };
		8E11FBBA16AEE6840079411A /* libxml2.2.dylib */ = {isa = PBXFileReference; lastKnownFileType = "compiled.mach-o.dylib"; name = libxml2.2.dylib; path = usr/lib/libxml2.2.dylib; sourceTree = SDKROOT; };
		8E4D7B0716A9AA1B00CC2BEC /* gs.h */ = {isa = PBXFileReference; fileEncoding = 4; lastKnownFileType = sourcecode.c.h; path = gs.h; sourceTree = "<group>"; };
		8E4D7B0816A9AA1B00CC2BEC /* gs.m */ = {isa = PBXFileReference; fileEncoding = 4; lastKnownFileType = sourcecode.c.objc; path = gs.m; sourceTree = "<group>"; };
		8E71F3DD1600BEAC00639B4D /* Book.h */ = {isa = PBXFileReference; fileEncoding = 4; lastKnownFileType = sourcecode.c.h; path = Book.h; sourceTree = "<group>"; };
		8E71F3DE1600BEAC00639B4D /* Book.m */ = {isa = PBXFileReference; fileEncoding = 4; lastKnownFileType = sourcecode.c.objc; path = Book.m; sourceTree = "<group>"; };
		8EC60C4B15F623A600D34892 /* MainViewController.h */ = {isa = PBXFileReference; fileEncoding = 4; lastKnownFileType = sourcecode.c.h; path = MainViewController.h; sourceTree = "<group>"; };
		8EC60C4C15F623A600D34892 /* MainViewController.m */ = {isa = PBXFileReference; fileEncoding = 4; lastKnownFileType = sourcecode.c.objc; path = MainViewController.m; sourceTree = "<group>"; };
		8EC60C4F15F62A3400D34892 /* CatalogViewController.h */ = {isa = PBXFileReference; fileEncoding = 4; lastKnownFileType = sourcecode.c.h; path = CatalogViewController.h; sourceTree = "<group>"; };
		8EC60C5015F62A3400D34892 /* CatalogViewController.m */ = {isa = PBXFileReference; fileEncoding = 4; lastKnownFileType = sourcecode.c.objc; path = CatalogViewController.m; sourceTree = "<group>"; };
		8ED3BCA615F798E800326459 /* database.db */ = {isa = PBXFileReference; lastKnownFileType = file; path = database.db; sourceTree = "<group>"; };
		8ED3BCB615F7A5E300326459 /* StandardPaths.h */ = {isa = PBXFileReference; fileEncoding = 4; lastKnownFileType = sourcecode.c.h; name = StandardPaths.h; path = Classes/StandardPaths.h; sourceTree = "<group>"; };
		8ED3BCB715F7A5E300326459 /* StandardPaths.m */ = {isa = PBXFileReference; fileEncoding = 4; lastKnownFileType = sourcecode.c.objc; name = StandardPaths.m; path = Classes/StandardPaths.m; sourceTree = "<group>"; };
		8ED3BCBD15F8E9C100326459 /* CatalogItem.h */ = {isa = PBXFileReference; fileEncoding = 4; lastKnownFileType = sourcecode.c.h; path = CatalogItem.h; sourceTree = "<group>"; };
		8ED3BCBE15F8E9C100326459 /* CatalogItem.m */ = {isa = PBXFileReference; fileEncoding = 4; lastKnownFileType = sourcecode.c.objc; path = CatalogItem.m; sourceTree = "<group>"; };
		8ED3BCC215FA4B7200326459 /* Default.png */ = {isa = PBXFileReference; lastKnownFileType = image.png; path = Default.png; sourceTree = "<group>"; };
		8EE9B1C216AFE21F00C46C60 /* Reachability.h */ = {isa = PBXFileReference; fileEncoding = 4; lastKnownFileType = sourcecode.c.h; name = Reachability.h; path = Classes/Reachability.h; sourceTree = "<group>"; };
		8EE9B1C316AFE21F00C46C60 /* Reachability.m */ = {isa = PBXFileReference; fileEncoding = 4; lastKnownFileType = sourcecode.c.objc; name = Reachability.m; path = Classes/Reachability.m; sourceTree = "<group>"; };
		8EE9B1C616AFE6A500C46C60 /* SystemConfiguration.framework */ = {isa = PBXFileReference; lastKnownFileType = wrapper.framework; name = SystemConfiguration.framework; path = System/Library/Frameworks/SystemConfiguration.framework; sourceTree = SDKROOT; };
		8EE9B1CC16B0149B00C46C60 /* AuthorSettings.h */ = {isa = PBXFileReference; fileEncoding = 4; lastKnownFileType = sourcecode.c.h; path = AuthorSettings.h; sourceTree = "<group>"; };
		8EE9B1CD16B0149B00C46C60 /* AuthorSettings.m */ = {isa = PBXFileReference; fileEncoding = 4; lastKnownFileType = sourcecode.c.objc; path = AuthorSettings.m; sourceTree = "<group>"; };
		8EE9B1CE16B0149C00C46C60 /* GenreSettings.h */ = {isa = PBXFileReference; fileEncoding = 4; lastKnownFileType = sourcecode.c.h; path = GenreSettings.h; sourceTree = "<group>"; };
		8EE9B1CF16B0149C00C46C60 /* GenreSettings.m */ = {isa = PBXFileReference; fileEncoding = 4; lastKnownFileType = sourcecode.c.objc; path = GenreSettings.m; sourceTree = "<group>"; };
		8EE9B1D016B0149C00C46C60 /* PublisherSettings.h */ = {isa = PBXFileReference; fileEncoding = 4; lastKnownFileType = sourcecode.c.h; path = PublisherSettings.h; sourceTree = "<group>"; };
		8EE9B1D116B0149C00C46C60 /* PublisherSettings.m */ = {isa = PBXFileReference; fileEncoding = 4; lastKnownFileType = sourcecode.c.objc; path = PublisherSettings.m; sourceTree = "<group>"; };
		8EE9B1D216B0149C00C46C60 /* ReaderSettings.h */ = {isa = PBXFileReference; fileEncoding = 4; lastKnownFileType = sourcecode.c.h; path = ReaderSettings.h; sourceTree = "<group>"; };
		8EE9B1D316B0149C00C46C60 /* ReaderSettings.m */ = {isa = PBXFileReference; fileEncoding = 4; lastKnownFileType = sourcecode.c.objc; path = ReaderSettings.m; sourceTree = "<group>"; };
		CE08769816EFDBD000AF56B3 /* CatalogOptionCell.h */ = {isa = PBXFileReference; fileEncoding = 4; lastKnownFileType = sourcecode.c.h; path = CatalogOptionCell.h; sourceTree = "<group>"; };
		CE08769916EFDBD000AF56B3 /* CatalogOptionCell.m */ = {isa = PBXFileReference; fileEncoding = 4; lastKnownFileType = sourcecode.c.objc; path = CatalogOptionCell.m; sourceTree = "<group>"; };
		CE08769A16EFDBD000AF56B3 /* CatalogOptionCell.xib */ = {isa = PBXFileReference; fileEncoding = 4; lastKnownFileType = file.xib; path = CatalogOptionCell.xib; sourceTree = "<group>"; };
		CE08769E16EFE68500AF56B3 /* UITabBarHistory.jpg */ = {isa = PBXFileReference; lastKnownFileType = image.jpeg; name = UITabBarHistory.jpg; path = resources/img/UITabBarHistory.jpg; sourceTree = "<group>"; };
		CE08769F16EFE68500AF56B3 /* UITabBarSearch.jpg */ = {isa = PBXFileReference; lastKnownFileType = image.jpeg; name = UITabBarSearch.jpg; path = resources/img/UITabBarSearch.jpg; sourceTree = "<group>"; };
		CE0876A216EFFF5700AF56B3 /* MyViewController.h */ = {isa = PBXFileReference; fileEncoding = 4; lastKnownFileType = sourcecode.c.h; path = MyViewController.h; sourceTree = "<group>"; };
		CE0876A316EFFF5800AF56B3 /* MyViewController.m */ = {isa = PBXFileReference; fileEncoding = 4; lastKnownFileType = sourcecode.c.objc; path = MyViewController.m; sourceTree = "<group>"; };
		CE0876A516F001B400AF56B3 /* MyTableViewController.h */ = {isa = PBXFileReference; fileEncoding = 4; lastKnownFileType = sourcecode.c.h; path = MyTableViewController.h; sourceTree = "<group>"; };
		CE0876A616F001B400AF56B3 /* MyTableViewController.m */ = {isa = PBXFileReference; fileEncoding = 4; lastKnownFileType = sourcecode.c.objc; path = MyTableViewController.m; sourceTree = "<group>"; };
		CE0C417916EE3B47008E12E6 /* MKAnnotationView+WebCache.h */ = {isa = PBXFileReference; fileEncoding = 4; lastKnownFileType = sourcecode.c.h; path = "MKAnnotationView+WebCache.h"; sourceTree = "<group>"; };
		CE0C417A16EE3B47008E12E6 /* MKAnnotationView+WebCache.m */ = {isa = PBXFileReference; fileEncoding = 4; lastKnownFileType = sourcecode.c.objc; path = "MKAnnotationView+WebCache.m"; sourceTree = "<group>"; };
		CE0C417B16EE3B47008E12E6 /* SDImageCache.h */ = {isa = PBXFileReference; fileEncoding = 4; lastKnownFileType = sourcecode.c.h; path = SDImageCache.h; sourceTree = "<group>"; };
		CE0C417C16EE3B47008E12E6 /* SDImageCache.m */ = {isa = PBXFileReference; fileEncoding = 4; lastKnownFileType = sourcecode.c.objc; path = SDImageCache.m; sourceTree = "<group>"; };
		CE0C417D16EE3B47008E12E6 /* SDImageCacheDelegate.h */ = {isa = PBXFileReference; fileEncoding = 4; lastKnownFileType = sourcecode.c.h; path = SDImageCacheDelegate.h; sourceTree = "<group>"; };
		CE0C417E16EE3B47008E12E6 /* SDWebImageCompat.h */ = {isa = PBXFileReference; fileEncoding = 4; lastKnownFileType = sourcecode.c.h; path = SDWebImageCompat.h; sourceTree = "<group>"; };
		CE0C417F16EE3B47008E12E6 /* SDWebImageDecoder.h */ = {isa = PBXFileReference; fileEncoding = 4; lastKnownFileType = sourcecode.c.h; path = SDWebImageDecoder.h; sourceTree = "<group>"; };
		CE0C418016EE3B47008E12E6 /* SDWebImageDecoder.m */ = {isa = PBXFileReference; fileEncoding = 4; lastKnownFileType = sourcecode.c.objc; path = SDWebImageDecoder.m; sourceTree = "<group>"; };
		CE0C418116EE3B47008E12E6 /* SDWebImageDownloader.h */ = {isa = PBXFileReference; fileEncoding = 4; lastKnownFileType = sourcecode.c.h; path = SDWebImageDownloader.h; sourceTree = "<group>"; };
		CE0C418216EE3B47008E12E6 /* SDWebImageDownloader.m */ = {isa = PBXFileReference; fileEncoding = 4; lastKnownFileType = sourcecode.c.objc; path = SDWebImageDownloader.m; sourceTree = "<group>"; };
		CE0C418316EE3B47008E12E6 /* SDWebImageDownloaderDelegate.h */ = {isa = PBXFileReference; fileEncoding = 4; lastKnownFileType = sourcecode.c.h; path = SDWebImageDownloaderDelegate.h; sourceTree = "<group>"; };
		CE0C418416EE3B47008E12E6 /* SDWebImageManager.h */ = {isa = PBXFileReference; fileEncoding = 4; lastKnownFileType = sourcecode.c.h; path = SDWebImageManager.h; sourceTree = "<group>"; };
		CE0C418516EE3B47008E12E6 /* SDWebImageManager.m */ = {isa = PBXFileReference; fileEncoding = 4; lastKnownFileType = sourcecode.c.objc; path = SDWebImageManager.m; sourceTree = "<group>"; };
		CE0C418616EE3B47008E12E6 /* SDWebImageManagerDelegate.h */ = {isa = PBXFileReference; fileEncoding = 4; lastKnownFileType = sourcecode.c.h; path = SDWebImageManagerDelegate.h; sourceTree = "<group>"; };
		CE0C418716EE3B47008E12E6 /* SDWebImagePrefetcher.h */ = {isa = PBXFileReference; fileEncoding = 4; lastKnownFileType = sourcecode.c.h; path = SDWebImagePrefetcher.h; sourceTree = "<group>"; };
		CE0C418816EE3B47008E12E6 /* SDWebImagePrefetcher.m */ = {isa = PBXFileReference; fileEncoding = 4; lastKnownFileType = sourcecode.c.objc; path = SDWebImagePrefetcher.m; sourceTree = "<group>"; };
		CE0C418916EE3B47008E12E6 /* UIButton+WebCache.h */ = {isa = PBXFileReference; fileEncoding = 4; lastKnownFileType = sourcecode.c.h; path = "UIButton+WebCache.h"; sourceTree = "<group>"; };
		CE0C418A16EE3B47008E12E6 /* UIButton+WebCache.m */ = {isa = PBXFileReference; fileEncoding = 4; lastKnownFileType = sourcecode.c.objc; path = "UIButton+WebCache.m"; sourceTree = "<group>"; };
		CE0C418B16EE3B47008E12E6 /* UIImageView+WebCache.h */ = {isa = PBXFileReference; fileEncoding = 4; lastKnownFileType = sourcecode.c.h; path = "UIImageView+WebCache.h"; sourceTree = "<group>"; };
		CE0C418C16EE3B47008E12E6 /* UIImageView+WebCache.m */ = {isa = PBXFileReference; fileEncoding = 4; lastKnownFileType = sourcecode.c.objc; path = "UIImageView+WebCache.m"; sourceTree = "<group>"; };
		CE0C419516EE433C008E12E6 /* 114.PNG */ = {isa = PBXFileReference; lastKnownFileType = image.png; path = 114.PNG; sourceTree = "<group>"; };
		CE0C419716EE4343008E12E6 /* 57-1.PNG */ = {isa = PBXFileReference; lastKnownFileType = image.png; path = "57-1.PNG"; sourceTree = "<group>"; };
		CE1019DE16ED33D900060C41 /* Default@2x.png */ = {isa = PBXFileReference; lastKnownFileType = image.png; path = "Default@2x.png"; sourceTree = "<group>"; };
		CE220C5D16CED53D008E4A29 /* ChapterCellViewController.h */ = {isa = PBXFileReference; fileEncoding = 4; lastKnownFileType = sourcecode.c.h; path = ChapterCellViewController.h; sourceTree = "<group>"; };
		CE220C5E16CED53D008E4A29 /* ChapterCellViewController.m */ = {isa = PBXFileReference; fileEncoding = 4; lastKnownFileType = sourcecode.c.objc; path = ChapterCellViewController.m; sourceTree = "<group>"; };
		CE220C5F16CED53D008E4A29 /* ChapterCellView.xib */ = {isa = PBXFileReference; fileEncoding = 4; lastKnownFileType = file.xib; path = ChapterCellView.xib; sourceTree = "<group>"; };
		CE3098A616B7C48D00D39AC7 /* libsqlite3.dylib */ = {isa = PBXFileReference; lastKnownFileType = "compiled.mach-o.dylib"; name = libsqlite3.dylib; path = usr/lib/libsqlite3.dylib; sourceTree = SDKROOT; };
		CE309AA116E0F9FF00EC5F0C /* libicucore.dylib */ = {isa = PBXFileReference; lastKnownFileType = "compiled.mach-o.dylib"; name = libicucore.dylib; path = usr/lib/libicucore.dylib; sourceTree = SDKROOT; };
		CE5E9D7C16E79EBB00A83D78 /* MBProgressHUD.h */ = {isa = PBXFileReference; fileEncoding = 4; lastKnownFileType = sourcecode.c.h; path = MBProgressHUD.h; sourceTree = "<group>"; };
		CE5E9D7D16E79EBB00A83D78 /* MBProgressHUD.m */ = {isa = PBXFileReference; fileEncoding = 4; lastKnownFileType = sourcecode.c.objc; path = MBProgressHUD.m; sourceTree = "<group>"; };
		CE5E9DAE16E7D7A700A83D78 /* Placeholder.png */ = {isa = PBXFileReference; lastKnownFileType = image.png; name = Placeholder.png; path = resources/img/Placeholder.png; sourceTree = "<group>"; };
		CE5E9DB016E7D88A00A83D78 /* ImageIO.framework */ = {isa = PBXFileReference; lastKnownFileType = wrapper.framework; name = ImageIO.framework; path = System/Library/Frameworks/ImageIO.framework; sourceTree = SDKROOT; };
		CE5E9DB416E7DC6D00A83D78 /* MapKit.framework */ = {isa = PBXFileReference; lastKnownFileType = wrapper.framework; name = MapKit.framework; path = System/Library/Frameworks/MapKit.framework; sourceTree = SDKROOT; };
		CE7FD1C216EE33C30024E589 /* Default-568h@2x.png */ = {isa = PBXFileReference; lastKnownFileType = image.png; path = "Default-568h@2x.png"; sourceTree = "<group>"; };
		CE7FD5EA16B9397C00748E29 /* PlayerViewController.h */ = {isa = PBXFileReference; fileEncoding = 4; lastKnownFileType = sourcecode.c.h; path = PlayerViewController.h; sourceTree = "<group>"; };
		CE7FD5EB16B9397C00748E29 /* PlayerViewController.m */ = {isa = PBXFileReference; fileEncoding = 4; lastKnownFileType = sourcecode.c.objc; path = PlayerViewController.m; sourceTree = "<group>"; };
		CE7FD5ED16B93DEA00748E29 /* PlayerView.xib */ = {isa = PBXFileReference; fileEncoding = 4; lastKnownFileType = file.xib; path = PlayerView.xib; sourceTree = "<group>"; };
		CE82EA6D16BA7ABB00F33698 /* ASIAuthenticationDialog.h */ = {isa = PBXFileReference; fileEncoding = 4; lastKnownFileType = sourcecode.c.h; path = ASIAuthenticationDialog.h; sourceTree = "<group>"; };
		CE82EA6E16BA7ABB00F33698 /* ASIAuthenticationDialog.m */ = {isa = PBXFileReference; fileEncoding = 4; lastKnownFileType = sourcecode.c.objc; path = ASIAuthenticationDialog.m; sourceTree = "<group>"; };
		CE82EA6F16BA7ABB00F33698 /* ASICacheDelegate.h */ = {isa = PBXFileReference; fileEncoding = 4; lastKnownFileType = sourcecode.c.h; path = ASICacheDelegate.h; sourceTree = "<group>"; };
		CE82EA7016BA7ABB00F33698 /* ASIDataCompressor.h */ = {isa = PBXFileReference; fileEncoding = 4; lastKnownFileType = sourcecode.c.h; path = ASIDataCompressor.h; sourceTree = "<group>"; };
		CE82EA7116BA7ABB00F33698 /* ASIDataCompressor.m */ = {isa = PBXFileReference; fileEncoding = 4; lastKnownFileType = sourcecode.c.objc; path = ASIDataCompressor.m; sourceTree = "<group>"; };
		CE82EA7216BA7ABB00F33698 /* ASIDataDecompressor.h */ = {isa = PBXFileReference; fileEncoding = 4; lastKnownFileType = sourcecode.c.h; path = ASIDataDecompressor.h; sourceTree = "<group>"; };
		CE82EA7316BA7ABB00F33698 /* ASIDataDecompressor.m */ = {isa = PBXFileReference; fileEncoding = 4; lastKnownFileType = sourcecode.c.objc; path = ASIDataDecompressor.m; sourceTree = "<group>"; };
		CE82EA7416BA7ABB00F33698 /* ASIDownloadCache.h */ = {isa = PBXFileReference; fileEncoding = 4; lastKnownFileType = sourcecode.c.h; path = ASIDownloadCache.h; sourceTree = "<group>"; };
		CE82EA7516BA7ABB00F33698 /* ASIDownloadCache.m */ = {isa = PBXFileReference; fileEncoding = 4; lastKnownFileType = sourcecode.c.objc; path = ASIDownloadCache.m; sourceTree = "<group>"; };
		CE82EA7616BA7ABB00F33698 /* ASIFormDataRequest.h */ = {isa = PBXFileReference; fileEncoding = 4; lastKnownFileType = sourcecode.c.h; path = ASIFormDataRequest.h; sourceTree = "<group>"; };
		CE82EA7716BA7ABB00F33698 /* ASIFormDataRequest.m */ = {isa = PBXFileReference; fileEncoding = 4; lastKnownFileType = sourcecode.c.objc; path = ASIFormDataRequest.m; sourceTree = "<group>"; };
		CE82EA7816BA7ABB00F33698 /* ASIHTTPRequest.h */ = {isa = PBXFileReference; fileEncoding = 4; lastKnownFileType = sourcecode.c.h; path = ASIHTTPRequest.h; sourceTree = "<group>"; };
		CE82EA7916BA7ABB00F33698 /* ASIHTTPRequest.m */ = {isa = PBXFileReference; fileEncoding = 4; lastKnownFileType = sourcecode.c.objc; path = ASIHTTPRequest.m; sourceTree = "<group>"; };
		CE82EA7A16BA7ABB00F33698 /* ASIHTTPRequestConfig.h */ = {isa = PBXFileReference; fileEncoding = 4; lastKnownFileType = sourcecode.c.h; path = ASIHTTPRequestConfig.h; sourceTree = "<group>"; };
		CE82EA7B16BA7ABB00F33698 /* ASIHTTPRequestDelegate.h */ = {isa = PBXFileReference; fileEncoding = 4; lastKnownFileType = sourcecode.c.h; path = ASIHTTPRequestDelegate.h; sourceTree = "<group>"; };
		CE82EA7C16BA7ABB00F33698 /* ASIInputStream.h */ = {isa = PBXFileReference; fileEncoding = 4; lastKnownFileType = sourcecode.c.h; path = ASIInputStream.h; sourceTree = "<group>"; };
		CE82EA7D16BA7ABB00F33698 /* ASIInputStream.m */ = {isa = PBXFileReference; fileEncoding = 4; lastKnownFileType = sourcecode.c.objc; path = ASIInputStream.m; sourceTree = "<group>"; };
		CE82EA7E16BA7ABB00F33698 /* ASINetworkQueue.h */ = {isa = PBXFileReference; fileEncoding = 4; lastKnownFileType = sourcecode.c.h; path = ASINetworkQueue.h; sourceTree = "<group>"; };
		CE82EA7F16BA7ABB00F33698 /* ASINetworkQueue.m */ = {isa = PBXFileReference; fileEncoding = 4; lastKnownFileType = sourcecode.c.objc; path = ASINetworkQueue.m; sourceTree = "<group>"; };
		CE82EA8016BA7ABB00F33698 /* ASIProgressDelegate.h */ = {isa = PBXFileReference; fileEncoding = 4; lastKnownFileType = sourcecode.c.h; path = ASIProgressDelegate.h; sourceTree = "<group>"; };
		CE82EA8A16BA7CA400F33698 /* CFNetwork.framework */ = {isa = PBXFileReference; lastKnownFileType = wrapper.framework; name = CFNetwork.framework; path = System/Library/Frameworks/CFNetwork.framework; sourceTree = SDKROOT; };
		CE82EA8C16BA7CD600F33698 /* MobileCoreServices.framework */ = {isa = PBXFileReference; lastKnownFileType = wrapper.framework; name = MobileCoreServices.framework; path = System/Library/Frameworks/MobileCoreServices.framework; sourceTree = SDKROOT; };
		CE82EA8E16BA7D2D00F33698 /* libz.dylib */ = {isa = PBXFileReference; lastKnownFileType = "compiled.mach-o.dylib"; name = libz.dylib; path = usr/lib/libz.dylib; sourceTree = SDKROOT; };
		CE9AC36F16DA2CB60014095C /* SearchViewController.h */ = {isa = PBXFileReference; fileEncoding = 4; lastKnownFileType = sourcecode.c.h; path = SearchViewController.h; sourceTree = "<group>"; };
		CE9AC37016DA2CB60014095C /* SearchViewController.m */ = {isa = PBXFileReference; fileEncoding = 4; lastKnownFileType = sourcecode.c.objc; path = SearchViewController.m; sourceTree = "<group>"; };
		CE9AC37116DA2CB60014095C /* SearchView.xib */ = {isa = PBXFileReference; fileEncoding = 4; lastKnownFileType = file.xib; path = SearchView.xib; sourceTree = "<group>"; };
		CEA3206916EB7B4E0025555E /* StoreKit.framework */ = {isa = PBXFileReference; lastKnownFileType = wrapper.framework; name = StoreKit.framework; path = System/Library/Frameworks/StoreKit.framework; sourceTree = SDKROOT; };
		CEA3206C16EB7C660025555E /* Myshop.h */ = {isa = PBXFileReference; fileEncoding = 4; lastKnownFileType = sourcecode.c.h; path = Myshop.h; sourceTree = "<group>"; };
		CEA3206D16EB7C660025555E /* Myshop.m */ = {isa = PBXFileReference; fileEncoding = 4; lastKnownFileType = sourcecode.c.objc; path = Myshop.m; sourceTree = "<group>"; };
		CEB1DD6216F3E58800FB259D /* 30_back@2x.PNG */ = {isa = PBXFileReference; lastKnownFileType = image.png; path = "30_back@2x.PNG"; sourceTree = "<group>"; };
		CEB1DD6316F3E58800FB259D /* 30_forward@2x.PNG */ = {isa = PBXFileReference; lastKnownFileType = image.png; path = "30_forward@2x.PNG"; sourceTree = "<group>"; };
		CEB7789C16F3426900336C4B /* BookViewController.h */ = {isa = PBXFileReference; fileEncoding = 4; lastKnownFileType = sourcecode.c.h; path = BookViewController.h; sourceTree = "<group>"; };
		CEB7789D16F3426900336C4B /* BookViewController.m */ = {isa = PBXFileReference; fileEncoding = 4; lastKnownFileType = sourcecode.c.objc; path = BookViewController.m; sourceTree = "<group>"; };
		CEB7789E16F3426900336C4B /* BookViewController.xib */ = {isa = PBXFileReference; fileEncoding = 4; lastKnownFileType = file.xib; path = BookViewController.xib; sourceTree = "<group>"; };
		CEB778A116F3620900336C4B /* 30_back.PNG */ = {isa = PBXFileReference; lastKnownFileType = image.png; path = 30_back.PNG; sourceTree = "<group>"; };
		CEB778A216F3620900336C4B /* 30_forward.PNG */ = {isa = PBXFileReference; lastKnownFileType = image.png; path = 30_forward.PNG; sourceTree = "<group>"; };
		CEB778A616F3703900336C4B /* libGoogleAnalytics.a */ = {isa = PBXFileReference; lastKnownFileType = archive.ar; name = libGoogleAnalytics.a; path = resources/libGoogleAnalytics.a; sourceTree = "<group>"; };
		CEB778AD16F373D400336C4B /* GAI.h */ = {isa = PBXFileReference; fileEncoding = 4; lastKnownFileType = sourcecode.c.h; path = GAI.h; sourceTree = "<group>"; };
		CEB778AE16F373D400336C4B /* GAITrackedViewController.h */ = {isa = PBXFileReference; fileEncoding = 4; lastKnownFileType = sourcecode.c.h; path = GAITrackedViewController.h; sourceTree = "<group>"; };
		CEB778AF16F373D400336C4B /* GAITracker.h */ = {isa = PBXFileReference; fileEncoding = 4; lastKnownFileType = sourcecode.c.h; path = GAITracker.h; sourceTree = "<group>"; };
		CEB778B016F373D400336C4B /* GAITransaction.h */ = {isa = PBXFileReference; fileEncoding = 4; lastKnownFileType = sourcecode.c.h; path = GAITransaction.h; sourceTree = "<group>"; };
		CEB778B116F373D400336C4B /* GAITransactionItem.h */ = {isa = PBXFileReference; fileEncoding = 4; lastKnownFileType = sourcecode.c.h; path = GAITransactionItem.h; sourceTree = "<group>"; };
		CEB778B216F373D400336C4B /* libGoogleAnalytics.a */ = {isa = PBXFileReference; lastKnownFileType = archive.ar; path = libGoogleAnalytics.a; sourceTree = "<group>"; };
		CEB778B716F377DB00336C4B /* CoreData.framework */ = {isa = PBXFileReference; lastKnownFileType = wrapper.framework; name = CoreData.framework; path = System/Library/Frameworks/CoreData.framework; sourceTree = SDKROOT; };
		CEC6416016BC0B4800AC325F /* AudioStreamer.h */ = {isa = PBXFileReference; fileEncoding = 4; lastKnownFileType = sourcecode.c.h; path = AudioStreamer.h; sourceTree = "<group>"; };
		CEC6416116BC0B4800AC325F /* AudioStreamer.m */ = {isa = PBXFileReference; fileEncoding = 4; lastKnownFileType = sourcecode.c.objc; path = AudioStreamer.m; sourceTree = "<group>"; };
		CEC6416216BC0B4800AC325F /* StreamingPlayer.h */ = {isa = PBXFileReference; fileEncoding = 4; lastKnownFileType = sourcecode.c.h; path = StreamingPlayer.h; sourceTree = "<group>"; };
		CEC6416316BC0B4800AC325F /* StreamingPlayer.m */ = {isa = PBXFileReference; fileEncoding = 4; lastKnownFileType = sourcecode.c.objc; path = StreamingPlayer.m; sourceTree = "<group>"; };
		CEC6416916BC0D6200AC325F /* AudioToolbox.framework */ = {isa = PBXFileReference; lastKnownFileType = wrapper.framework; name = AudioToolbox.framework; path = System/Library/Frameworks/AudioToolbox.framework; sourceTree = SDKROOT; };
		CECCBA0116DF7F0A00FF9222 /* CatalogCell.xib */ = {isa = PBXFileReference; fileEncoding = 4; lastKnownFileType = file.xib; path = CatalogCell.xib; sourceTree = "<group>"; };
		CECCBA0416DFA86700FF9222 /* CatalogCellController.h */ = {isa = PBXFileReference; fileEncoding = 4; lastKnownFileType = sourcecode.c.h; path = CatalogCellController.h; sourceTree = "<group>"; };
		CECCBA0516DFA86700FF9222 /* CatalogCellController.m */ = {isa = PBXFileReference; fileEncoding = 4; lastKnownFileType = sourcecode.c.objc; path = CatalogCellController.m; sourceTree = "<group>"; };
		CED363E516D2D89500F2337F /* DownloadsViewController.h */ = {isa = PBXFileReference; fileEncoding = 4; lastKnownFileType = sourcecode.c.h; path = DownloadsViewController.h; sourceTree = "<group>"; };
		CED363E616D2D89500F2337F /* DownloadsViewController.m */ = {isa = PBXFileReference; fileEncoding = 4; lastKnownFileType = sourcecode.c.objc; path = DownloadsViewController.m; sourceTree = "<group>"; };
		CED363E716D2D89500F2337F /* DownloadsView.xib */ = {isa = PBXFileReference; fileEncoding = 4; lastKnownFileType = file.xib; path = DownloadsView.xib; sourceTree = "<group>"; };
		CEDB95C516F0A4A6009F9245 /* player_button_pause.png */ = {isa = PBXFileReference; lastKnownFileType = image.png; path = player_button_pause.png; sourceTree = "<group>"; };
		CEDB95C616F0A4A6009F9245 /* player_button_pause@2x.png */ = {isa = PBXFileReference; lastKnownFileType = image.png; path = "player_button_pause@2x.png"; sourceTree = "<group>"; };
		CEDB95C716F0A4A6009F9245 /* player_button_play.png */ = {isa = PBXFileReference; lastKnownFileType = image.png; path = player_button_play.png; sourceTree = "<group>"; };
		CEDB95C816F0A4A6009F9245 /* player_button_play@2x.png */ = {isa = PBXFileReference; lastKnownFileType = image.png; path = "player_button_play@2x.png"; sourceTree = "<group>"; };
		CEDD9C5E16DDDFCB00AD83EB /* MyBooksView.h */ = {isa = PBXFileReference; fileEncoding = 4; lastKnownFileType = sourcecode.c.h; path = MyBooksView.h; sourceTree = "<group>"; };
		CEDD9C5F16DDDFCB00AD83EB /* MyBooksView.m */ = {isa = PBXFileReference; fileEncoding = 4; lastKnownFileType = sourcecode.c.objc; path = MyBooksView.m; sourceTree = "<group>"; };
		CEDD9C6016DDDFCB00AD83EB /* MyBooksView.xib */ = {isa = PBXFileReference; fileEncoding = 4; lastKnownFileType = file.xib; path = MyBooksView.xib; sourceTree = "<group>"; };
		CEDFAAAA16BFA9DD008601F6 /* ChaptersViewController.h */ = {isa = PBXFileReference; fileEncoding = 4; lastKnownFileType = sourcecode.c.h; path = ChaptersViewController.h; sourceTree = "<group>"; };
		CEDFAAAB16BFA9DD008601F6 /* ChaptersViewController.m */ = {isa = PBXFileReference; fileEncoding = 4; lastKnownFileType = sourcecode.c.objc; path = ChaptersViewController.m; sourceTree = "<group>"; };
		CEE8D29716F125AC00AB78B1 /* download.png */ = {isa = PBXFileReference; lastKnownFileType = image.png; path = download.png; sourceTree = "<group>"; };
		CEE8D29816F125AC00AB78B1 /* stop.png */ = {isa = PBXFileReference; lastKnownFileType = image.png; path = stop.png; sourceTree = "<group>"; };
		CEE9E30B16F6C27600AF85F8 /* AVFoundation.framework */ = {isa = PBXFileReference; lastKnownFileType = wrapper.framework; name = AVFoundation.framework; path = System/Library/Frameworks/AVFoundation.framework; sourceTree = SDKROOT; };
		CEF837B116D78BDC00603C6E /* Free1ViewController.h */ = {isa = PBXFileReference; fileEncoding = 4; lastKnownFileType = sourcecode.c.h; path = Free1ViewController.h; sourceTree = "<group>"; };
		CEF837B216D78BDC00603C6E /* Free1ViewController.m */ = {isa = PBXFileReference; fileEncoding = 4; lastKnownFileType = sourcecode.c.objc; path = Free1ViewController.m; sourceTree = "<group>"; };
		CEF837B316D78BDC00603C6E /* Free1ViewController.xib */ = {isa = PBXFileReference; fileEncoding = 4; lastKnownFileType = file.xib; path = Free1ViewController.xib; sourceTree = "<group>"; };
/* End PBXFileReference section */

/* Begin PBXFrameworksBuildPhase section */
		1D60588F0D05DD3D006BFB54 /* Frameworks */ = {
			isa = PBXFrameworksBuildPhase;
			buildActionMask = 2147483647;
			files = (
				CEE9E30C16F6C27600AF85F8 /* AVFoundation.framework in Frameworks */,
				CEB778B816F377DB00336C4B /* CoreData.framework in Frameworks */,
				CEB778B616F3779600336C4B /* libGoogleAnalytics.a in Frameworks */,
				CEA3206A16EB7B4E0025555E /* StoreKit.framework in Frameworks */,
				CE5E9DB516E7DC6D00A83D78 /* MapKit.framework in Frameworks */,
				CE5E9DB116E7D88A00A83D78 /* ImageIO.framework in Frameworks */,
				CE309AA216E0F9FF00EC5F0C /* libicucore.dylib in Frameworks */,
				CEC6416A16BC0D6200AC325F /* AudioToolbox.framework in Frameworks */,
				CE82EA8F16BA7D2D00F33698 /* libz.dylib in Frameworks */,
				CE82EA8D16BA7CD600F33698 /* MobileCoreServices.framework in Frameworks */,
				CE82EA8B16BA7CA400F33698 /* CFNetwork.framework in Frameworks */,
				CE3098A716B7C48D00D39AC7 /* libsqlite3.dylib in Frameworks */,
				8EE9B1C716AFE6A500C46C60 /* SystemConfiguration.framework in Frameworks */,
				8E11FBBB16AEE6840079411A /* libxml2.2.dylib in Frameworks */,
				1D60589F0D05DD5A006BFB54 /* Foundation.framework in Frameworks */,
				1DF5F4E00D08C38300B7A737 /* UIKit.framework in Frameworks */,
				288765FD0DF74451002DB57D /* CoreGraphics.framework in Frameworks */,
			);
			runOnlyForDeploymentPostprocessing = 0;
		};
/* End PBXFrameworksBuildPhase section */

/* Begin PBXGroup section */
		080E96DDFE201D6D7F000001 /* Classes */ = {
			isa = PBXGroup;
			children = (
				CEB7789C16F3426900336C4B /* BookViewController.h */,
				CEB7789D16F3426900336C4B /* BookViewController.m */,
				CE0876A516F001B400AF56B3 /* MyTableViewController.h */,
				CE0876A616F001B400AF56B3 /* MyTableViewController.m */,
				CE0876A216EFFF5700AF56B3 /* MyViewController.h */,
				CE0876A316EFFF5800AF56B3 /* MyViewController.m */,
				CEA3206C16EB7C660025555E /* Myshop.h */,
				CEA3206D16EB7C660025555E /* Myshop.m */,
				CEDD9C5E16DDDFCB00AD83EB /* MyBooksView.h */,
				CEDD9C5F16DDDFCB00AD83EB /* MyBooksView.m */,
				CE9AC36F16DA2CB60014095C /* SearchViewController.h */,
				CE9AC37016DA2CB60014095C /* SearchViewController.m */,
				CEF837B116D78BDC00603C6E /* Free1ViewController.h */,
				CEF837B216D78BDC00603C6E /* Free1ViewController.m */,
				CED363E516D2D89500F2337F /* DownloadsViewController.h */,
				CED363E616D2D89500F2337F /* DownloadsViewController.m */,
				CEDFAAAA16BFA9DD008601F6 /* ChaptersViewController.h */,
				CE220C5D16CED53D008E4A29 /* ChapterCellViewController.h */,
				CE220C5E16CED53D008E4A29 /* ChapterCellViewController.m */,
				CEDFAAAB16BFA9DD008601F6 /* ChaptersViewController.m */,
				1D3623240D0F684500981E51 /* AppDelegate.h */,
				1D3623250D0F684500981E51 /* AppDelegate.m */,
				8EE9B1CC16B0149B00C46C60 /* AuthorSettings.h */,
				8EE9B1CD16B0149B00C46C60 /* AuthorSettings.m */,
				8EC60C4B15F623A600D34892 /* MainViewController.h */,
				8EC60C4C15F623A600D34892 /* MainViewController.m */,
				8EE9B1CE16B0149C00C46C60 /* GenreSettings.h */,
				8EE9B1CF16B0149C00C46C60 /* GenreSettings.m */,
				8EC60C4F15F62A3400D34892 /* CatalogViewController.h */,
				8EC60C5015F62A3400D34892 /* CatalogViewController.m */,
				CE08769816EFDBD000AF56B3 /* CatalogOptionCell.h */,
				CE08769916EFDBD000AF56B3 /* CatalogOptionCell.m */,
				CECCBA0416DFA86700FF9222 /* CatalogCellController.h */,
				CECCBA0516DFA86700FF9222 /* CatalogCellController.m */,
				8E4D7B0716A9AA1B00CC2BEC /* gs.h */,
				8E4D7B0816A9AA1B00CC2BEC /* gs.m */,
				CE7FD5EA16B9397C00748E29 /* PlayerViewController.h */,
				CE7FD5EB16B9397C00748E29 /* PlayerViewController.m */,
				8EE9B1D016B0149C00C46C60 /* PublisherSettings.h */,
				8EE9B1D116B0149C00C46C60 /* PublisherSettings.m */,
				8EE9B1D216B0149C00C46C60 /* ReaderSettings.h */,
				8EE9B1D316B0149C00C46C60 /* ReaderSettings.m */,
			);
			path = Classes;
			sourceTree = "<group>";
		};
		19C28FACFE9D520D11CA2CBB /* Products */ = {
			isa = PBXGroup;
			children = (
				1D6058910D05DD3D006BFB54 /* audiobook.app */,
			);
			name = Products;
			sourceTree = "<group>";
		};
		29B97314FDCFA39411CA2CEA /* CustomTemplate */ = {
			isa = PBXGroup;
			children = (
				8D1107310486CEB800E47090 /* audiobook-Info.plist */,
				CE82EA6916BA6D8400F33698 /* xibs */,
				080E96DDFE201D6D7F000001 /* Classes */,
				29B97315FDCFA39411CA2CEA /* Other Sources */,
				8ED3BCC115F8EE6400326459 /* db */,
				29B97317FDCFA39411CA2CEA /* Resources */,
				29B97323FDCFA39411CA2CEA /* Frameworks */,
				19C28FACFE9D520D11CA2CBB /* Products */,
			);
			name = CustomTemplate;
			sourceTree = "<group>";
		};
		29B97315FDCFA39411CA2CEA /* Other Sources */ = {
			isa = PBXGroup;
			children = (
				CE0C417816EE3B47008E12E6 /* SDWebImage */,
				CE5E9D7C16E79EBB00A83D78 /* MBProgressHUD.h */,
				CE5E9D7D16E79EBB00A83D78 /* MBProgressHUD.m */,
				CEC6415F16BC0B4800AC325F /* AudioStreamer */,
				CE82EA6C16BA7ABB00F33698 /* asih */,
				8ED3BCB615F7A5E300326459 /* StandardPaths.h */,
				8ED3BCB715F7A5E300326459 /* StandardPaths.m */,
				8EE9B1C216AFE21F00C46C60 /* Reachability.h */,
				8EE9B1C316AFE21F00C46C60 /* Reachability.m */,
				8E11FBA216AE9B1F0079411A /* KissXML */,
				32CA4F630368D1EE00C91783 /* audiobook_Prefix.pch */,
				29B97316FDCFA39411CA2CEA /* main.m */,
			);
			name = "Other Sources";
			sourceTree = "<group>";
		};
		29B97317FDCFA39411CA2CEA /* Resources */ = {
			isa = PBXGroup;
			children = (
				CEB778AC16F373D400336C4B /* Library */,
				CE17B28A16C2794300D0FB36 /* img */,
				8ED3BCA615F798E800326459 /* database.db */,
			);
			name = Resources;
			sourceTree = "<group>";
		};
		29B97323FDCFA39411CA2CEA /* Frameworks */ = {
			isa = PBXGroup;
			children = (
				CEE9E30B16F6C27600AF85F8 /* AVFoundation.framework */,
				CEB778B716F377DB00336C4B /* CoreData.framework */,
				CEB778A616F3703900336C4B /* libGoogleAnalytics.a */,
				CEA3206916EB7B4E0025555E /* StoreKit.framework */,
				CE5E9DB416E7DC6D00A83D78 /* MapKit.framework */,
				CE5E9DB016E7D88A00A83D78 /* ImageIO.framework */,
				CE309AA116E0F9FF00EC5F0C /* libicucore.dylib */,
				CEC6416916BC0D6200AC325F /* AudioToolbox.framework */,
				CE82EA8E16BA7D2D00F33698 /* libz.dylib */,
				CE82EA8C16BA7CD600F33698 /* MobileCoreServices.framework */,
				CE82EA8A16BA7CA400F33698 /* CFNetwork.framework */,
				CE3098A616B7C48D00D39AC7 /* libsqlite3.dylib */,
				8E11FBBA16AEE6840079411A /* libxml2.2.dylib */,
				8EE9B1C616AFE6A500C46C60 /* SystemConfiguration.framework */,
				1DF5F4DF0D08C38300B7A737 /* UIKit.framework */,
				1D30AB110D05D00D00671497 /* Foundation.framework */,
				288765FC0DF74451002DB57D /* CoreGraphics.framework */,
			);
			name = Frameworks;
			sourceTree = "<group>";
		};
		8E11FBA216AE9B1F0079411A /* KissXML */ = {
			isa = PBXGroup;
			children = (
				8E11FBA316AE9B1F0079411A /* Additions */,
				8E11FBA616AE9B1F0079411A /* Categories */,
				8E11FBA916AE9B1F0079411A /* DDXML.h */,
				8E11FBAA16AE9B1F0079411A /* DDXMLDocument.h */,
				8E11FBAB16AE9B1F0079411A /* DDXMLDocument.m */,
				8E11FBAC16AE9B1F0079411A /* DDXMLElement.h */,
				8E11FBAD16AE9B1F0079411A /* DDXMLElement.m */,
				8E11FBAE16AE9B1F0079411A /* DDXMLNode.h */,
				8E11FBAF16AE9B1F0079411A /* DDXMLNode.m */,
				8E11FBB016AE9B1F0079411A /* Private */,
			);
			name = KissXML;
			path = Classes/KissXML;
			sourceTree = "<group>";
		};
		8E11FBA316AE9B1F0079411A /* Additions */ = {
			isa = PBXGroup;
			children = (
				8E11FBA416AE9B1F0079411A /* DDXMLElementAdditions.h */,
				8E11FBA516AE9B1F0079411A /* DDXMLElementAdditions.m */,
			);
			path = Additions;
			sourceTree = "<group>";
		};
		8E11FBA616AE9B1F0079411A /* Categories */ = {
			isa = PBXGroup;
			children = (
				8E11FBA716AE9B1F0079411A /* NSString+DDXML.h */,
				8E11FBA816AE9B1F0079411A /* NSString+DDXML.m */,
			);
			path = Categories;
			sourceTree = "<group>";
		};
		8E11FBB016AE9B1F0079411A /* Private */ = {
			isa = PBXGroup;
			children = (
				8E11FBB116AE9B1F0079411A /* DDXMLPrivate.h */,
			);
			path = Private;
			sourceTree = "<group>";
		};
		8ED3BCC115F8EE6400326459 /* db */ = {
			isa = PBXGroup;
			children = (
				8E71F3DD1600BEAC00639B4D /* Book.h */,
				8E71F3DE1600BEAC00639B4D /* Book.m */,
				8ED3BCBD15F8E9C100326459 /* CatalogItem.h */,
				8ED3BCBE15F8E9C100326459 /* CatalogItem.m */,
			);
			name = db;
			path = Classes;
			sourceTree = "<group>";
		};
		CE0C417816EE3B47008E12E6 /* SDWebImage */ = {
			isa = PBXGroup;
			children = (
				CE0C417916EE3B47008E12E6 /* MKAnnotationView+WebCache.h */,
				CE0C417A16EE3B47008E12E6 /* MKAnnotationView+WebCache.m */,
				CE0C417B16EE3B47008E12E6 /* SDImageCache.h */,
				CE0C417C16EE3B47008E12E6 /* SDImageCache.m */,
				CE0C417D16EE3B47008E12E6 /* SDImageCacheDelegate.h */,
				CE0C417E16EE3B47008E12E6 /* SDWebImageCompat.h */,
				CE0C417F16EE3B47008E12E6 /* SDWebImageDecoder.h */,
				CE0C418016EE3B47008E12E6 /* SDWebImageDecoder.m */,
				CE0C418116EE3B47008E12E6 /* SDWebImageDownloader.h */,
				CE0C418216EE3B47008E12E6 /* SDWebImageDownloader.m */,
				CE0C418316EE3B47008E12E6 /* SDWebImageDownloaderDelegate.h */,
				CE0C418416EE3B47008E12E6 /* SDWebImageManager.h */,
				CE0C418516EE3B47008E12E6 /* SDWebImageManager.m */,
				CE0C418616EE3B47008E12E6 /* SDWebImageManagerDelegate.h */,
				CE0C418716EE3B47008E12E6 /* SDWebImagePrefetcher.h */,
				CE0C418816EE3B47008E12E6 /* SDWebImagePrefetcher.m */,
				CE0C418916EE3B47008E12E6 /* UIButton+WebCache.h */,
				CE0C418A16EE3B47008E12E6 /* UIButton+WebCache.m */,
				CE0C418B16EE3B47008E12E6 /* UIImageView+WebCache.h */,
				CE0C418C16EE3B47008E12E6 /* UIImageView+WebCache.m */,
			);
			path = SDWebImage;
			sourceTree = "<group>";
		};
		CE17B28A16C2794300D0FB36 /* img */ = {
			isa = PBXGroup;
			children = (
				CE0C419716EE4343008E12E6 /* 57-1.PNG */,
				CE0C419516EE433C008E12E6 /* 114.PNG */,
				CE7FD1C216EE33C30024E589 /* Default-568h@2x.png */,
				8ED3BCC215FA4B7200326459 /* Default.png */,
				CE1019DE16ED33D900060C41 /* Default@2x.png */,
				CEDB95C416F0A4A6009F9245 /* player */,
				CE08769E16EFE68500AF56B3 /* UITabBarHistory.jpg */,
				CE08769F16EFE68500AF56B3 /* UITabBarSearch.jpg */,
				CE5E9DAE16E7D7A700A83D78 /* Placeholder.png */,
			);
			name = img;
			sourceTree = "<group>";
		};
		CE82EA6916BA6D8400F33698 /* xibs */ = {
			isa = PBXGroup;
			children = (
				CEB7789E16F3426900336C4B /* BookViewController.xib */,
				CE08769A16EFDBD000AF56B3 /* CatalogOptionCell.xib */,
				CEDD9C6016DDDFCB00AD83EB /* MyBooksView.xib */,
				CE9AC37116DA2CB60014095C /* SearchView.xib */,
				CEF837B316D78BDC00603C6E /* Free1ViewController.xib */,
				CED363E716D2D89500F2337F /* DownloadsView.xib */,
				CE220C5F16CED53D008E4A29 /* ChapterCellView.xib */,
				CECCBA0116DF7F0A00FF9222 /* CatalogCell.xib */,
				CE7FD5ED16B93DEA00748E29 /* PlayerView.xib */,
			);
			name = xibs;
			path = Classes;
			sourceTree = "<group>";
		};
		CE82EA6C16BA7ABB00F33698 /* asih */ = {
			isa = PBXGroup;
			children = (
				CE82EA6D16BA7ABB00F33698 /* ASIAuthenticationDialog.h */,
				CE82EA6E16BA7ABB00F33698 /* ASIAuthenticationDialog.m */,
				CE82EA6F16BA7ABB00F33698 /* ASICacheDelegate.h */,
				CE82EA7016BA7ABB00F33698 /* ASIDataCompressor.h */,
				CE82EA7116BA7ABB00F33698 /* ASIDataCompressor.m */,
				CE82EA7216BA7ABB00F33698 /* ASIDataDecompressor.h */,
				CE82EA7316BA7ABB00F33698 /* ASIDataDecompressor.m */,
				CE82EA7416BA7ABB00F33698 /* ASIDownloadCache.h */,
				CE82EA7516BA7ABB00F33698 /* ASIDownloadCache.m */,
				CE82EA7616BA7ABB00F33698 /* ASIFormDataRequest.h */,
				CE82EA7716BA7ABB00F33698 /* ASIFormDataRequest.m */,
				CE82EA7816BA7ABB00F33698 /* ASIHTTPRequest.h */,
				CE82EA7916BA7ABB00F33698 /* ASIHTTPRequest.m */,
				CE82EA7A16BA7ABB00F33698 /* ASIHTTPRequestConfig.h */,
				CE82EA7B16BA7ABB00F33698 /* ASIHTTPRequestDelegate.h */,
				CE82EA7C16BA7ABB00F33698 /* ASIInputStream.h */,
				CE82EA7D16BA7ABB00F33698 /* ASIInputStream.m */,
				CE82EA7E16BA7ABB00F33698 /* ASINetworkQueue.h */,
				CE82EA7F16BA7ABB00F33698 /* ASINetworkQueue.m */,
				CE82EA8016BA7ABB00F33698 /* ASIProgressDelegate.h */,
			);
			name = asih;
			path = Classes/asih;
			sourceTree = "<group>";
		};
		CEB778AC16F373D400336C4B /* Library */ = {
			isa = PBXGroup;
			children = (
				CEB778AD16F373D400336C4B /* GAI.h */,
				CEB778AE16F373D400336C4B /* GAITrackedViewController.h */,
				CEB778AF16F373D400336C4B /* GAITracker.h */,
				CEB778B016F373D400336C4B /* GAITransaction.h */,
				CEB778B116F373D400336C4B /* GAITransactionItem.h */,
				CEB778B216F373D400336C4B /* libGoogleAnalytics.a */,
			);
			path = Library;
			sourceTree = "<group>";
		};
		CEC6415F16BC0B4800AC325F /* AudioStreamer */ = {
			isa = PBXGroup;
			children = (
				CEC6416016BC0B4800AC325F /* AudioStreamer.h */,
				CEC6416116BC0B4800AC325F /* AudioStreamer.m */,
				CEC6416216BC0B4800AC325F /* StreamingPlayer.h */,
				CEC6416316BC0B4800AC325F /* StreamingPlayer.m */,
			);
			name = AudioStreamer;
			path = Classes/AudioStreamer;
			sourceTree = "<group>";
		};
		CEDB95C416F0A4A6009F9245 /* player */ = {
			isa = PBXGroup;
			children = (
				CEB1DD6216F3E58800FB259D /* 30_back@2x.PNG */,
				CEB1DD6316F3E58800FB259D /* 30_forward@2x.PNG */,
				CEB778A116F3620900336C4B /* 30_back.PNG */,
				CEB778A216F3620900336C4B /* 30_forward.PNG */,
				CEE8D29716F125AC00AB78B1 /* download.png */,
				CEE8D29816F125AC00AB78B1 /* stop.png */,
				CEDB95C516F0A4A6009F9245 /* player_button_pause.png */,
				CEDB95C616F0A4A6009F9245 /* player_button_pause@2x.png */,
				CEDB95C716F0A4A6009F9245 /* player_button_play.png */,
				CEDB95C816F0A4A6009F9245 /* player_button_play@2x.png */,
			);
			name = player;
			path = resources/img/player;
			sourceTree = "<group>";
		};
/* End PBXGroup section */

/* Begin PBXNativeTarget section */
		1D6058900D05DD3D006BFB54 /* audiobook */ = {
			isa = PBXNativeTarget;
			buildConfigurationList = 1D6058960D05DD3E006BFB54 /* Build configuration list for PBXNativeTarget "audiobook" */;
			buildPhases = (
				1D60588D0D05DD3D006BFB54 /* Resources */,
				1D60588E0D05DD3D006BFB54 /* Sources */,
				1D60588F0D05DD3D006BFB54 /* Frameworks */,
			);
			buildRules = (
			);
			dependencies = (
			);
			name = audiobook;
			productName = CDB;
			productReference = 1D6058910D05DD3D006BFB54 /* audiobook.app */;
			productType = "com.apple.product-type.application";
		};
/* End PBXNativeTarget section */

/* Begin PBXProject section */
		29B97313FDCFA39411CA2CEA /* Project object */ = {
			isa = PBXProject;
			attributes = {
				LastUpgradeCheck = 0460;
			};
			buildConfigurationList = C01FCF4E08A954540054247B /* Build configuration list for PBXProject "audiobook" */;
			compatibilityVersion = "Xcode 3.2";
			developmentRegion = English;
			hasScannedForEncodings = 1;
			knownRegions = (
				en,
			);
			mainGroup = 29B97314FDCFA39411CA2CEA /* CustomTemplate */;
			projectDirPath = "";
			projectRoot = "";
			targets = (
				1D6058900D05DD3D006BFB54 /* audiobook */,
			);
		};
/* End PBXProject section */

/* Begin PBXResourcesBuildPhase section */
		1D60588D0D05DD3D006BFB54 /* Resources */ = {
			isa = PBXResourcesBuildPhase;
			buildActionMask = 2147483647;
			files = (
				8ED3BCA715F798E800326459 /* database.db in Resources */,
				8ED3BCC315FA4B7200326459 /* Default.png in Resources */,
				CE7FD5EE16B93DEA00748E29 /* PlayerView.xib in Resources */,
				CE220C6116CED53D008E4A29 /* ChapterCellView.xib in Resources */,
				CED363E916D2D89500F2337F /* DownloadsView.xib in Resources */,
				CEF837B516D78BDC00603C6E /* Free1ViewController.xib in Resources */,
				CE9AC37316DA2CB60014095C /* SearchView.xib in Resources */,
				CEDD9C6216DDDFCB00AD83EB /* MyBooksView.xib in Resources */,
				CECCBA0216DF7F0A00FF9222 /* CatalogCell.xib in Resources */,
				CE5E9DAF16E7D7A700A83D78 /* Placeholder.png in Resources */,
				CE1019DF16ED33D900060C41 /* Default@2x.png in Resources */,
				CE7FD1C316EE33C30024E589 /* Default-568h@2x.png in Resources */,
				CE0C419616EE433C008E12E6 /* 114.PNG in Resources */,
				CE0C419816EE4343008E12E6 /* 57-1.PNG in Resources */,
				CE08769C16EFDBD000AF56B3 /* CatalogOptionCell.xib in Resources */,
				CE0876A016EFE68500AF56B3 /* UITabBarHistory.jpg in Resources */,
				CE0876A116EFE68500AF56B3 /* UITabBarSearch.jpg in Resources */,
				CEDB95C916F0A4A6009F9245 /* player_button_pause.png in Resources */,
				CEDB95CA16F0A4A6009F9245 /* player_button_pause@2x.png in Resources */,
				CEDB95CB16F0A4A6009F9245 /* player_button_play.png in Resources */,
				CEDB95CC16F0A4A6009F9245 /* player_button_play@2x.png in Resources */,
				CEE8D29916F125AC00AB78B1 /* download.png in Resources */,
				CEE8D29A16F125AC00AB78B1 /* stop.png in Resources */,
				CEB778A016F3426900336C4B /* BookViewController.xib in Resources */,
				CEB778A316F3620900336C4B /* 30_back.PNG in Resources */,
				CEB778A416F3620900336C4B /* 30_forward.PNG in Resources */,
				CEB1DD6416F3E58800FB259D /* 30_back@2x.PNG in Resources */,
				CEB1DD6516F3E58800FB259D /* 30_forward@2x.PNG in Resources */,
			);
			runOnlyForDeploymentPostprocessing = 0;
		};
/* End PBXResourcesBuildPhase section */

/* Begin PBXSourcesBuildPhase section */
		1D60588E0D05DD3D006BFB54 /* Sources */ = {
			isa = PBXSourcesBuildPhase;
			buildActionMask = 2147483647;
			files = (
				1D60589B0D05DD56006BFB54 /* main.m in Sources */,
				1D3623260D0F684500981E51 /* AppDelegate.m in Sources */,
				8EC60C4D15F623A600D34892 /* MainViewController.m in Sources */,
				8EC60C5115F62A3400D34892 /* CatalogViewController.m in Sources */,
				8ED3BCB815F7A5E300326459 /* StandardPaths.m in Sources */,
				8ED3BCBF15F8E9C100326459 /* CatalogItem.m in Sources */,
				8E71F3DF1600BEAC00639B4D /* Book.m in Sources */,
				8E4D7B0916A9AA1B00CC2BEC /* gs.m in Sources */,
				8E11FBB216AE9B1F0079411A /* DDXMLElementAdditions.m in Sources */,
				8E11FBB316AE9B1F0079411A /* NSString+DDXML.m in Sources */,
				8E11FBB416AE9B1F0079411A /* DDXMLDocument.m in Sources */,
				8E11FBB516AE9B1F0079411A /* DDXMLElement.m in Sources */,
				8E11FBB616AE9B1F0079411A /* DDXMLNode.m in Sources */,
				8EE9B1C416AFE21F00C46C60 /* Reachability.m in Sources */,
				8EE9B1D416B0149C00C46C60 /* AuthorSettings.m in Sources */,
				8EE9B1D516B0149C00C46C60 /* GenreSettings.m in Sources */,
				8EE9B1D616B0149C00C46C60 /* PublisherSettings.m in Sources */,
				8EE9B1D716B0149C00C46C60 /* ReaderSettings.m in Sources */,
				CE7FD5EC16B9397C00748E29 /* PlayerViewController.m in Sources */,
				CE82EA8116BA7ABB00F33698 /* ASIAuthenticationDialog.m in Sources */,
				CE82EA8216BA7ABB00F33698 /* ASIDataCompressor.m in Sources */,
				CE82EA8316BA7ABB00F33698 /* ASIDataDecompressor.m in Sources */,
				CE82EA8416BA7ABB00F33698 /* ASIDownloadCache.m in Sources */,
				CE82EA8516BA7ABB00F33698 /* ASIFormDataRequest.m in Sources */,
				CE82EA8616BA7ABB00F33698 /* ASIHTTPRequest.m in Sources */,
				CE82EA8716BA7ABB00F33698 /* ASIInputStream.m in Sources */,
				CE82EA8816BA7ABB00F33698 /* ASINetworkQueue.m in Sources */,
				CEC6416416BC0B4800AC325F /* AudioStreamer.m in Sources */,
				CEC6416516BC0B4800AC325F /* StreamingPlayer.m in Sources */,
				CEDFAAAD16BFA9DD008601F6 /* ChaptersViewController.m in Sources */,
				CE220C6016CED53D008E4A29 /* ChapterCellViewController.m in Sources */,
				CED363E816D2D89500F2337F /* DownloadsViewController.m in Sources */,
				CEF837B416D78BDC00603C6E /* Free1ViewController.m in Sources */,
				CE9AC37216DA2CB60014095C /* SearchViewController.m in Sources */,
				CEDD9C6116DDDFCB00AD83EB /* MyBooksView.m in Sources */,
				CECCBA0616DFA86700FF9222 /* CatalogCellController.m in Sources */,
				CE5E9D7E16E79EBB00A83D78 /* MBProgressHUD.m in Sources */,
				CEA3206E16EB7C660025555E /* Myshop.m in Sources */,
				CE0C418D16EE3B47008E12E6 /* MKAnnotationView+WebCache.m in Sources */,
				CE0C418E16EE3B47008E12E6 /* SDImageCache.m in Sources */,
				CE0C418F16EE3B47008E12E6 /* SDWebImageDecoder.m in Sources */,
				CE0C419016EE3B47008E12E6 /* SDWebImageDownloader.m in Sources */,
				CE0C419116EE3B47008E12E6 /* SDWebImageManager.m in Sources */,
				CE0C419216EE3B47008E12E6 /* SDWebImagePrefetcher.m in Sources */,
				CE0C419316EE3B47008E12E6 /* UIButton+WebCache.m in Sources */,
				CE0C419416EE3B47008E12E6 /* UIImageView+WebCache.m in Sources */,
				CE08769B16EFDBD000AF56B3 /* CatalogOptionCell.m in Sources */,
				CE0876A416EFFF5800AF56B3 /* MyViewController.m in Sources */,
				CE0876A716F001B400AF56B3 /* MyTableViewController.m in Sources */,
				CEB7789F16F3426900336C4B /* BookViewController.m in Sources */,
			);
			runOnlyForDeploymentPostprocessing = 0;
		};
/* End PBXSourcesBuildPhase section */

/* Begin XCBuildConfiguration section */
		1D6058940D05DD3E006BFB54 /* Debug */ = {
			isa = XCBuildConfiguration;
			buildSettings = {
				ALWAYS_SEARCH_USER_PATHS = NO;
				CLANG_ENABLE_OBJC_ARC = YES;
				CODE_SIGN_IDENTITY = "iPhone Distribution";
				COPY_PHASE_STRIP = NO;
				GCC_DYNAMIC_NO_PIC = NO;
				GCC_OPTIMIZATION_LEVEL = 0;
				GCC_PRECOMPILE_PREFIX_HEADER = YES;
				GCC_PREFIX_HEADER = audiobook_Prefix.pch;
				HEADER_SEARCH_PATHS = /usr/include/libxml2;
				INFOPLIST_FILE = "audiobook-Info.plist";
				IPHONEOS_DEPLOYMENT_TARGET = 4.3;
				LIBRARY_SEARCH_PATHS = (
					"$(inherited)",
					"\"$(SRCROOT)\"",
					"\"$(SRCROOT)/resources\"",
					"\"$(SRCROOT)/Library\"",
				);
				PRODUCT_NAME = audiobook;
				PROVISIONING_PROFILE = "";
				RUN_CLANG_STATIC_ANALYZER = YES;
				SDKROOT = iphoneos;
			};
			name = Debug;
		};
		1D6058950D05DD3E006BFB54 /* Release */ = {
			isa = XCBuildConfiguration;
			buildSettings = {
				ALWAYS_SEARCH_USER_PATHS = NO;
				CLANG_ENABLE_OBJC_ARC = YES;
				CODE_SIGN_IDENTITY = "iPhone Distribution";
				COPY_PHASE_STRIP = YES;
				GCC_PRECOMPILE_PREFIX_HEADER = YES;
				GCC_PREFIX_HEADER = audiobook_Prefix.pch;
				HEADER_SEARCH_PATHS = /usr/include/libxml2;
				INFOPLIST_FILE = "audiobook-Info.plist";
				IPHONEOS_DEPLOYMENT_TARGET = 4.3;
				LIBRARY_SEARCH_PATHS = (
					"$(inherited)",
					"\"$(SRCROOT)\"",
					"\"$(SRCROOT)/resources\"",
					"\"$(SRCROOT)/Library\"",
				);
				PRODUCT_NAME = audiobook;
				PROVISIONING_PROFILE = "";
				RUN_CLANG_STATIC_ANALYZER = YES;
				SDKROOT = iphoneos;
			};
			name = Release;
		};
		C01FCF4F08A954540054247B /* Debug */ = {
			isa = XCBuildConfiguration;
			buildSettings = {
				ARCHS = "$(ARCHS_STANDARD_32_BIT)";
				CODE_SIGN_IDENTITY = "iPhone Distribution";
				GCC_C_LANGUAGE_STANDARD = c99;
				GCC_WARN_ABOUT_RETURN_TYPE = YES;
				GCC_WARN_UNUSED_VARIABLE = YES;
				HEADER_SEARCH_PATHS = "/usr/include/libxml2/**";
				IPHONEOS_DEPLOYMENT_TARGET = 4.3;
				ONLY_ACTIVE_ARCH = YES;
				OTHER_LDFLAGS = "-ObjC";
				PROVISIONING_PROFILE = "";
				SDKROOT = iphoneos;
			};
			name = Debug;
		};
		C01FCF5008A954540054247B /* Release */ = {
			isa = XCBuildConfiguration;
			buildSettings = {
				ARCHS = "$(ARCHS_STANDARD_32_BIT)";
				CODE_SIGN_IDENTITY = "iPhone Distribution";
				GCC_C_LANGUAGE_STANDARD = c99;
				GCC_WARN_ABOUT_RETURN_TYPE = YES;
				GCC_WARN_UNUSED_VARIABLE = YES;
				HEADER_SEARCH_PATHS = "/usr/include/libxml2/**";
				IPHONEOS_DEPLOYMENT_TARGET = 4.3;
				OTHER_LDFLAGS = "-ObjC";
				PROVISIONING_PROFILE = "";
				SDKROOT = iphoneos;
			};
			name = Release;
		};
/* End XCBuildConfiguration section */

/* Begin XCConfigurationList section */
		1D6058960D05DD3E006BFB54 /* Build configuration list for PBXNativeTarget "audiobook" */ = {
			isa = XCConfigurationList;
			buildConfigurations = (
				1D6058940D05DD3E006BFB54 /* Debug */,
				1D6058950D05DD3E006BFB54 /* Release */,
			);
			defaultConfigurationIsVisible = 0;
			defaultConfigurationName = Release;
		};
		C01FCF4E08A954540054247B /* Build configuration list for PBXProject "audiobook" */ = {
			isa = XCConfigurationList;
			buildConfigurations = (
				C01FCF4F08A954540054247B /* Debug */,
				C01FCF5008A954540054247B /* Release */,
			);
			defaultConfigurationIsVisible = 0;
			defaultConfigurationName = Release;
		};
/* End XCConfigurationList section */
	};
	rootObject = 29B97313FDCFA39411CA2CEA /* Project object */;
}
