// !$*UTF8*$!
{
	archiveVersion = 1;
	classes = {
	};
	objectVersion = 45;
	objects = {

/* Begin PBXBuildFile section */
		1D3623260D0F684500981E51 /* AppDelegate.m in Sources */ = {isa = PBXBuildFile; fileRef = 1D3623250D0F684500981E51 /* AppDelegate.m */; };
		1D60589B0D05DD56006BFB54 /* main.m in Sources */ = {isa = PBXBuildFile; fileRef = 29B97316FDCFA39411CA2CEA /* main.m */; };
		1D60589F0D05DD5A006BFB54 /* Foundation.framework in Frameworks */ = {isa = PBXBuildFile; fileRef = 1D30AB110D05D00D00671497 /* Foundation.framework */; };
		1DF5F4E00D08C38300B7A737 /* UIKit.framework in Frameworks */ = {isa = PBXBuildFile; fileRef = 1DF5F4DF0D08C38300B7A737 /* UIKit.framework */; };
		288765FD0DF74451002DB57D /* CoreGraphics.framework in Frameworks */ = {isa = PBXBuildFile; fileRef = 288765FC0DF74451002DB57D /* CoreGraphics.framework */; };
		41B6F5A60FABB9750047CC2A /* CDAUIView.m in Sources */ = {isa = PBXBuildFile; fileRef = 41B6F5A20FABB9750047CC2A /* CDAUIView.m */; };
		41B6F5A70FABB9750047CC2A /* CDBViewController.m in Sources */ = {isa = PBXBuildFile; fileRef = 41B6F5A50FABB9750047CC2A /* CDBViewController.m */; };
		41B6F5AE0FABB9800047CC2A /* two-tri.png in Resources */ = {isa = PBXBuildFile; fileRef = 41B6F5A80FABB9800047CC2A /* two-tri.png */; };
		41B6F5AF0FABB9800047CC2A /* rect-tri.png in Resources */ = {isa = PBXBuildFile; fileRef = 41B6F5A90FABB9800047CC2A /* rect-tri.png */; };
		41B6F5B00FABB9800047CC2A /* rect-elli.png in Resources */ = {isa = PBXBuildFile; fileRef = 41B6F5AA0FABB9800047CC2A /* rect-elli.png */; };
		41B6F5B10FABB9800047CC2A /* ellipse.png in Resources */ = {isa = PBXBuildFile; fileRef = 41B6F5AB0FABB9800047CC2A /* ellipse.png */; };
		41B6F5B20FABB9800047CC2A /* rect.png in Resources */ = {isa = PBXBuildFile; fileRef = 41B6F5AC0FABB9800047CC2A /* rect.png */; };
		41B6F5B30FABB9800047CC2A /* tri.png in Resources */ = {isa = PBXBuildFile; fileRef = 41B6F5AD0FABB9800047CC2A /* tri.png */; };
		8E11FBB216AE9B1F0079411A /* DDXMLElementAdditions.m in Sources */ = {isa = PBXBuildFile; fileRef = 8E11FBA516AE9B1F0079411A /* DDXMLElementAdditions.m */; };
		8E11FBB316AE9B1F0079411A /* NSString+DDXML.m in Sources */ = {isa = PBXBuildFile; fileRef = 8E11FBA816AE9B1F0079411A /* NSString+DDXML.m */; };
		8E11FBB416AE9B1F0079411A /* DDXMLDocument.m in Sources */ = {isa = PBXBuildFile; fileRef = 8E11FBAB16AE9B1F0079411A /* DDXMLDocument.m */; };
		8E11FBB516AE9B1F0079411A /* DDXMLElement.m in Sources */ = {isa = PBXBuildFile; fileRef = 8E11FBAD16AE9B1F0079411A /* DDXMLElement.m */; };
		8E11FBB616AE9B1F0079411A /* DDXMLNode.m in Sources */ = {isa = PBXBuildFile; fileRef = 8E11FBAF16AE9B1F0079411A /* DDXMLNode.m */; };
		8E11FBBB16AEE6840079411A /* libxml2.2.dylib in Frameworks */ = {isa = PBXBuildFile; fileRef = 8E11FBBA16AEE6840079411A /* libxml2.2.dylib */; };
		8E4D7B0916A9AA1B00CC2BEC /* gs.m in Sources */ = {isa = PBXBuildFile; fileRef = 8E4D7B0816A9AA1B00CC2BEC /* gs.m */; };
		8E52FF1816B6DCED000AD339 /* BookView.xib in Resources */ = {isa = PBXBuildFile; fileRef = 8E52FF1716B6DCED000AD339 /* BookView.xib */; };
		8E71F3DF1600BEAC00639B4D /* Book.m in Sources */ = {isa = PBXBuildFile; fileRef = 8E71F3DE1600BEAC00639B4D /* Book.m */; };
		8EC60C4D15F623A600D34892 /* MainViewController.m in Sources */ = {isa = PBXBuildFile; fileRef = 8EC60C4C15F623A600D34892 /* MainViewController.m */; };
		8EC60C5115F62A3400D34892 /* CatalogViewController.m in Sources */ = {isa = PBXBuildFile; fileRef = 8EC60C5015F62A3400D34892 /* CatalogViewController.m */; };
		8EC60C5315F633FC00D34892 /* hurley.jpg in Resources */ = {isa = PBXBuildFile; fileRef = 8EC60C5215F633FC00D34892 /* hurley.jpg */; };
		8EC60C5815F64E4100D34892 /* BookViewController.m in Sources */ = {isa = PBXBuildFile; fileRef = 8EC60C5515F64E4100D34892 /* BookViewController.m */; };
		8ED3BCA715F798E800326459 /* database.db in Resources */ = {isa = PBXBuildFile; fileRef = 8ED3BCA615F798E800326459 /* database.db */; };
		8ED3BCB815F7A5E300326459 /* StandardPaths.m in Sources */ = {isa = PBXBuildFile; fileRef = 8ED3BCB715F7A5E300326459 /* StandardPaths.m */; };
		8ED3BCBF15F8E9C100326459 /* CatalogItem.m in Sources */ = {isa = PBXBuildFile; fileRef = 8ED3BCBE15F8E9C100326459 /* CatalogItem.m */; };
		8ED3BCC315FA4B7200326459 /* Default.png in Resources */ = {isa = PBXBuildFile; fileRef = 8ED3BCC215FA4B7200326459 /* Default.png */; };
		8ED3BCC715FA4C3C00326459 /* icon57.png in Resources */ = {isa = PBXBuildFile; fileRef = 8ED3BCC615FA4C3B00326459 /* icon57.png */; };
		8ED3BCC915FA4C9300326459 /* icon114.png in Resources */ = {isa = PBXBuildFile; fileRef = 8ED3BCC815FA4C9200326459 /* icon114.png */; };
		8EE9B1C416AFE21F00C46C60 /* Reachability.m in Sources */ = {isa = PBXBuildFile; fileRef = 8EE9B1C316AFE21F00C46C60 /* Reachability.m */; };
		8EE9B1C716AFE6A500C46C60 /* SystemConfiguration.framework in Frameworks */ = {isa = PBXBuildFile; fileRef = 8EE9B1C616AFE6A500C46C60 /* SystemConfiguration.framework */; };
		8EE9B1D416B0149C00C46C60 /* AuthorSettings.m in Sources */ = {isa = PBXBuildFile; fileRef = 8EE9B1CD16B0149B00C46C60 /* AuthorSettings.m */; };
		8EE9B1D516B0149C00C46C60 /* GenreSettings.m in Sources */ = {isa = PBXBuildFile; fileRef = 8EE9B1CF16B0149C00C46C60 /* GenreSettings.m */; };
		8EE9B1D616B0149C00C46C60 /* PublisherSettings.m in Sources */ = {isa = PBXBuildFile; fileRef = 8EE9B1D116B0149C00C46C60 /* PublisherSettings.m */; };
		8EE9B1D716B0149C00C46C60 /* ReaderSettings.m in Sources */ = {isa = PBXBuildFile; fileRef = 8EE9B1D316B0149C00C46C60 /* ReaderSettings.m */; };
		CE17B29E16C279F500D0FB36 /* player_bar_button@2x.png in Resources */ = {isa = PBXBuildFile; fileRef = CE17B28D16C279F500D0FB36 /* player_bar_button@2x.png */; };
		CE17B29F16C279F500D0FB36 /* player_bookmark_off@2x.png in Resources */ = {isa = PBXBuildFile; fileRef = CE17B28E16C279F500D0FB36 /* player_bookmark_off@2x.png */; };
		CE17B2A016C279F500D0FB36 /* player_bookmark_on@2x.png in Resources */ = {isa = PBXBuildFile; fileRef = CE17B28F16C279F500D0FB36 /* player_bookmark_on@2x.png */; };
		CE17B2A116C279F500D0FB36 /* player_bookmarks@2x.png in Resources */ = {isa = PBXBuildFile; fileRef = CE17B29016C279F500D0FB36 /* player_bookmarks@2x.png */; };
		CE17B2A216C279F500D0FB36 /* player_button_buy@2x.png in Resources */ = {isa = PBXBuildFile; fileRef = CE17B29116C279F500D0FB36 /* player_button_buy@2x.png */; };
		CE17B2A316C279F500D0FB36 /* player_button_done@2x.png in Resources */ = {isa = PBXBuildFile; fileRef = CE17B29216C279F500D0FB36 /* player_button_done@2x.png */; };
		CE17B2A416C279F500D0FB36 /* player_button_help@2x.png in Resources */ = {isa = PBXBuildFile; fileRef = CE17B29316C279F500D0FB36 /* player_button_help@2x.png */; };
		CE17B2A516C279F500D0FB36 /* player_button_pause@2x.png in Resources */ = {isa = PBXBuildFile; fileRef = CE17B29416C279F500D0FB36 /* player_button_pause@2x.png */; };
		CE17B2A616C279F500D0FB36 /* player_button_play@2x.png in Resources */ = {isa = PBXBuildFile; fileRef = CE17B29516C279F500D0FB36 /* player_button_play@2x.png */; };
		CE17B2A716C279F500D0FB36 /* player_button_settings@2x.png in Resources */ = {isa = PBXBuildFile; fileRef = CE17B29616C279F500D0FB36 /* player_button_settings@2x.png */; };
		CE17B2A816C279F500D0FB36 /* player_buy@2x.png in Resources */ = {isa = PBXBuildFile; fileRef = CE17B29716C279F500D0FB36 /* player_buy@2x.png */; };
		CE17B2A916C279F500D0FB36 /* player_contents@2x.png in Resources */ = {isa = PBXBuildFile; fileRef = CE17B29816C279F500D0FB36 /* player_contents@2x.png */; };
		CE17B2AA16C279F500D0FB36 /* player_cur_mark_l@2x.png in Resources */ = {isa = PBXBuildFile; fileRef = CE17B29916C279F500D0FB36 /* player_cur_mark_l@2x.png */; };
		CE17B2AB16C279F500D0FB36 /* player_cur_mark_r@2x.png in Resources */ = {isa = PBXBuildFile; fileRef = CE17B29A16C279F500D0FB36 /* player_cur_mark_r@2x.png */; };
		CE17B2AC16C279F500D0FB36 /* player_current_mark@2x.png in Resources */ = {isa = PBXBuildFile; fileRef = CE17B29B16C279F500D0FB36 /* player_current_mark@2x.png */; };
		CE17B2AD16C279F500D0FB36 /* player_no_text@2x.png in Resources */ = {isa = PBXBuildFile; fileRef = CE17B29C16C279F500D0FB36 /* player_no_text@2x.png */; };
		CE17B2AE16C279F500D0FB36 /* player_top_bar@2x.png in Resources */ = {isa = PBXBuildFile; fileRef = CE17B29D16C279F500D0FB36 /* player_top_bar@2x.png */; };
		CE17B2B116C27CBF00D0FB36 /* button_back.png in Resources */ = {isa = PBXBuildFile; fileRef = CE17B2AF16C27CBF00D0FB36 /* button_back.png */; };
		CE17B2B216C27CBF00D0FB36 /* notif_1.png in Resources */ = {isa = PBXBuildFile; fileRef = CE17B2B016C27CBF00D0FB36 /* notif_1.png */; };
		CE220C6016CED53D008E4A29 /* ChapterCellViewController.m in Sources */ = {isa = PBXBuildFile; fileRef = CE220C5E16CED53D008E4A29 /* ChapterCellViewController.m */; };
		CE220C6116CED53D008E4A29 /* ChapterCellView.xib in Resources */ = {isa = PBXBuildFile; fileRef = CE220C5F16CED53D008E4A29 /* ChapterCellView.xib */; };
		CE3098A716B7C48D00D39AC7 /* libsqlite3.dylib in Frameworks */ = {isa = PBXBuildFile; fileRef = CE3098A616B7C48D00D39AC7 /* libsqlite3.dylib */; };
		CE7FD5EC16B9397C00748E29 /* PlayerViewController.m in Sources */ = {isa = PBXBuildFile; fileRef = CE7FD5EB16B9397C00748E29 /* PlayerViewController.m */; };
		CE7FD5EE16B93DEA00748E29 /* PlayerView.xib in Resources */ = {isa = PBXBuildFile; fileRef = CE7FD5ED16B93DEA00748E29 /* PlayerView.xib */; };
		CE82EA8116BA7ABB00F33698 /* ASIAuthenticationDialog.m in Sources */ = {isa = PBXBuildFile; fileRef = CE82EA6E16BA7ABB00F33698 /* ASIAuthenticationDialog.m */; settings = {COMPILER_FLAGS = "-fno-objc-arc"; }; };
		CE82EA8216BA7ABB00F33698 /* ASIDataCompressor.m in Sources */ = {isa = PBXBuildFile; fileRef = CE82EA7116BA7ABB00F33698 /* ASIDataCompressor.m */; settings = {COMPILER_FLAGS = "-fno-objc-arc"; }; };
		CE82EA8316BA7ABB00F33698 /* ASIDataDecompressor.m in Sources */ = {isa = PBXBuildFile; fileRef = CE82EA7316BA7ABB00F33698 /* ASIDataDecompressor.m */; settings = {COMPILER_FLAGS = "-fno-objc-arc"; }; };
		CE82EA8416BA7ABB00F33698 /* ASIDownloadCache.m in Sources */ = {isa = PBXBuildFile; fileRef = CE82EA7516BA7ABB00F33698 /* ASIDownloadCache.m */; settings = {COMPILER_FLAGS = "-fno-objc-arc"; }; };
		CE82EA8516BA7ABB00F33698 /* ASIFormDataRequest.m in Sources */ = {isa = PBXBuildFile; fileRef = CE82EA7716BA7ABB00F33698 /* ASIFormDataRequest.m */; settings = {COMPILER_FLAGS = "-fno-objc-arc"; }; };
		CE82EA8616BA7ABB00F33698 /* ASIHTTPRequest.m in Sources */ = {isa = PBXBuildFile; fileRef = CE82EA7916BA7ABB00F33698 /* ASIHTTPRequest.m */; settings = {COMPILER_FLAGS = "-fno-objc-arc"; }; };
		CE82EA8716BA7ABB00F33698 /* ASIInputStream.m in Sources */ = {isa = PBXBuildFile; fileRef = CE82EA7D16BA7ABB00F33698 /* ASIInputStream.m */; settings = {COMPILER_FLAGS = "-fno-objc-arc"; }; };
		CE82EA8816BA7ABB00F33698 /* ASINetworkQueue.m in Sources */ = {isa = PBXBuildFile; fileRef = CE82EA7F16BA7ABB00F33698 /* ASINetworkQueue.m */; settings = {COMPILER_FLAGS = "-fno-objc-arc"; }; };
		CE82EA8B16BA7CA400F33698 /* CFNetwork.framework in Frameworks */ = {isa = PBXBuildFile; fileRef = CE82EA8A16BA7CA400F33698 /* CFNetwork.framework */; };
		CE82EA8D16BA7CD600F33698 /* MobileCoreServices.framework in Frameworks */ = {isa = PBXBuildFile; fileRef = CE82EA8C16BA7CD600F33698 /* MobileCoreServices.framework */; };
		CE82EA8F16BA7D2D00F33698 /* libz.dylib in Frameworks */ = {isa = PBXBuildFile; fileRef = CE82EA8E16BA7D2D00F33698 /* libz.dylib */; };
		CE9AC37216DA2CB60014095C /* SearchViewController.m in Sources */ = {isa = PBXBuildFile; fileRef = CE9AC37016DA2CB60014095C /* SearchViewController.m */; };
		CE9AC37316DA2CB60014095C /* SearchView.xib in Resources */ = {isa = PBXBuildFile; fileRef = CE9AC37116DA2CB60014095C /* SearchView.xib */; };
		CEC6416416BC0B4800AC325F /* AudioStreamer.m in Sources */ = {isa = PBXBuildFile; fileRef = CEC6416116BC0B4800AC325F /* AudioStreamer.m */; settings = {COMPILER_FLAGS = "-fno-objc-arc"; }; };
		CEC6416516BC0B4800AC325F /* StreamingPlayer.m in Sources */ = {isa = PBXBuildFile; fileRef = CEC6416316BC0B4800AC325F /* StreamingPlayer.m */; settings = {COMPILER_FLAGS = "-fno-objc-arc"; }; };
		CEC6416A16BC0D6200AC325F /* AudioToolbox.framework in Frameworks */ = {isa = PBXBuildFile; fileRef = CEC6416916BC0D6200AC325F /* AudioToolbox.framework */; };
		CED2D90416D734F800054E13 /* BuyOption1.m in Sources */ = {isa = PBXBuildFile; fileRef = CED2D90316D734F800054E13 /* BuyOption1.m */; };
		CED363E816D2D89500F2337F /* DownloadsViewController.m in Sources */ = {isa = PBXBuildFile; fileRef = CED363E616D2D89500F2337F /* DownloadsViewController.m */; };
		CED363E916D2D89500F2337F /* DownloadsView.xib in Resources */ = {isa = PBXBuildFile; fileRef = CED363E716D2D89500F2337F /* DownloadsView.xib */; };
		CEDD9C6116DDDFCB00AD83EB /* MyBooksView.m in Sources */ = {isa = PBXBuildFile; fileRef = CEDD9C5F16DDDFCB00AD83EB /* MyBooksView.m */; };
		CEDD9C6216DDDFCB00AD83EB /* MyBooksView.xib in Resources */ = {isa = PBXBuildFile; fileRef = CEDD9C6016DDDFCB00AD83EB /* MyBooksView.xib */; };
		CEDFAAAD16BFA9DD008601F6 /* ChaptersViewController.m in Sources */ = {isa = PBXBuildFile; fileRef = CEDFAAAB16BFA9DD008601F6 /* ChaptersViewController.m */; };
		CEEEE3EE16CC4C1F0049A4B2 /* back_with_mark.png in Resources */ = {isa = PBXBuildFile; fileRef = CEEEE3A016CC4C1F0049A4B2 /* back_with_mark.png */; };
		CEEEE3EF16CC4C1F0049A4B2 /* back_wo_mark.png in Resources */ = {isa = PBXBuildFile; fileRef = CEEEE3A116CC4C1F0049A4B2 /* back_wo_mark.png */; };
		CEEEE3F016CC4C1F0049A4B2 /* blue_star.png in Resources */ = {isa = PBXBuildFile; fileRef = CEEEE3A216CC4C1F0049A4B2 /* blue_star.png */; };
		CEEEE3F116CC4C1F0049A4B2 /* btn_del.png in Resources */ = {isa = PBXBuildFile; fileRef = CEEEE3A316CC4C1F0049A4B2 /* btn_del.png */; };
		CEEEE3F216CC4C1F0049A4B2 /* btn_listen.png in Resources */ = {isa = PBXBuildFile; fileRef = CEEEE3A416CC4C1F0049A4B2 /* btn_listen.png */; };
		CEEEE3F316CC4C1F0049A4B2 /* btn_send.png in Resources */ = {isa = PBXBuildFile; fileRef = CEEEE3A516CC4C1F0049A4B2 /* btn_send.png */; };
		CEEEE3F416CC4C1F0049A4B2 /* btn_send_facebook.png in Resources */ = {isa = PBXBuildFile; fileRef = CEEEE3A616CC4C1F0049A4B2 /* btn_send_facebook.png */; };
		CEEEE3F516CC4C1F0049A4B2 /* btn_send_mail.png in Resources */ = {isa = PBXBuildFile; fileRef = CEEEE3A716CC4C1F0049A4B2 /* btn_send_mail.png */; };
		CEEEE3F616CC4C1F0049A4B2 /* btn_send_odkl.png in Resources */ = {isa = PBXBuildFile; fileRef = CEEEE3A816CC4C1F0049A4B2 /* btn_send_odkl.png */; };
		CEEEE3F716CC4C1F0049A4B2 /* btn_send_twitter.png in Resources */ = {isa = PBXBuildFile; fileRef = CEEEE3A916CC4C1F0049A4B2 /* btn_send_twitter.png */; };
		CEEEE3F816CC4C1F0049A4B2 /* btn_send_vk.png in Resources */ = {isa = PBXBuildFile; fileRef = CEEEE3AA16CC4C1F0049A4B2 /* btn_send_vk.png */; };
		CEEEE3F916CC4C1F0049A4B2 /* button_ arrival.png in Resources */ = {isa = PBXBuildFile; fileRef = CEEEE3AB16CC4C1F0049A4B2 /* button_ arrival.png */; };
		CEEEE3FA16CC4C1F0049A4B2 /* button_ exit.png in Resources */ = {isa = PBXBuildFile; fileRef = CEEEE3AC16CC4C1F0049A4B2 /* button_ exit.png */; };
		CEEEE3FB16CC4C1F0049A4B2 /* button_back.png in Resources */ = {isa = PBXBuildFile; fileRef = CEEEE3AD16CC4C1F0049A4B2 /* button_back.png */; };
		CEEEE3FC16CC4C1F0049A4B2 /* button_buy.png in Resources */ = {isa = PBXBuildFile; fileRef = CEEEE3AE16CC4C1F0049A4B2 /* button_buy.png */; };
		CEEEE3FD16CC4C1F0049A4B2 /* button_continue.png in Resources */ = {isa = PBXBuildFile; fileRef = CEEEE3AF16CC4C1F0049A4B2 /* button_continue.png */; };
		CEEEE3FE16CC4C1F0049A4B2 /* button_download.png in Resources */ = {isa = PBXBuildFile; fileRef = CEEEE3B016CC4C1F0049A4B2 /* button_download.png */; };
		CEEEE3FF16CC4C1F0049A4B2 /* button_listen.png in Resources */ = {isa = PBXBuildFile; fileRef = CEEEE3B116CC4C1F0049A4B2 /* button_listen.png */; };
		CEEEE40016CC4C1F0049A4B2 /* button_listen_free.png in Resources */ = {isa = PBXBuildFile; fileRef = CEEEE3B216CC4C1F0049A4B2 /* button_listen_free.png */; };
		CEEEE40116CC4C1F0049A4B2 /* button_open.png in Resources */ = {isa = PBXBuildFile; fileRef = CEEEE3B316CC4C1F0049A4B2 /* button_open.png */; };
		CEEEE40216CC4C1F0049A4B2 /* button_open_full.png in Resources */ = {isa = PBXBuildFile; fileRef = CEEEE3B416CC4C1F0049A4B2 /* button_open_full.png */; };
		CEEEE40316CC4C1F0049A4B2 /* button_stop.png in Resources */ = {isa = PBXBuildFile; fileRef = CEEEE3B516CC4C1F0049A4B2 /* button_stop.png */; };
		CEEEE40416CC4C1F0049A4B2 /* button_white.png in Resources */ = {isa = PBXBuildFile; fileRef = CEEEE3B616CC4C1F0049A4B2 /* button_white.png */; };
		CEEEE40516CC4C1F0049A4B2 /* button_white_long.png in Resources */ = {isa = PBXBuildFile; fileRef = CEEEE3B716CC4C1F0049A4B2 /* button_white_long.png */; };
		CEEEE40616CC4C1F0049A4B2 /* clock_green.png in Resources */ = {isa = PBXBuildFile; fileRef = CEEEE3B816CC4C1F0049A4B2 /* clock_green.png */; };
		CEEEE40716CC4C1F0049A4B2 /* clock_red.png in Resources */ = {isa = PBXBuildFile; fileRef = CEEEE3B916CC4C1F0049A4B2 /* clock_red.png */; };
		CEEEE40816CC4C1F0049A4B2 /* collection_book_back.png in Resources */ = {isa = PBXBuildFile; fileRef = CEEEE3BA16CC4C1F0049A4B2 /* collection_book_back.png */; };
		CEEEE40916CC4C1F0049A4B2 /* download_all_chapters.png in Resources */ = {isa = PBXBuildFile; fileRef = CEEEE3BB16CC4C1F0049A4B2 /* download_all_chapters.png */; };
		CEEEE40A16CC4C1F0049A4B2 /* download_back.png in Resources */ = {isa = PBXBuildFile; fileRef = CEEEE3BC16CC4C1F0049A4B2 /* download_back.png */; };
		CEEEE40B16CC4C1F0049A4B2 /* download_book_button.png in Resources */ = {isa = PBXBuildFile; fileRef = CEEEE3BD16CC4C1F0049A4B2 /* download_book_button.png */; };
		CEEEE40C16CC4C1F0049A4B2 /* gray_star.png in Resources */ = {isa = PBXBuildFile; fileRef = CEEEE3BE16CC4C1F0049A4B2 /* gray_star.png */; };
		CEEEE40D16CC4C1F0049A4B2 /* hit.png in Resources */ = {isa = PBXBuildFile; fileRef = CEEEE3BF16CC4C1F0049A4B2 /* hit.png */; };
		CEEEE40E16CC4C1F0049A4B2 /* hlp_add_bookmark.png in Resources */ = {isa = PBXBuildFile; fileRef = CEEEE3C016CC4C1F0049A4B2 /* hlp_add_bookmark.png */; };
		CEEEE40F16CC4C1F0049A4B2 /* hlp_bookmark.png in Resources */ = {isa = PBXBuildFile; fileRef = CEEEE3C116CC4C1F0049A4B2 /* hlp_bookmark.png */; };
		CEEEE41016CC4C1F0049A4B2 /* hlp_next.png in Resources */ = {isa = PBXBuildFile; fileRef = CEEEE3C216CC4C1F0049A4B2 /* hlp_next.png */; };
		CEEEE41116CC4C1F0049A4B2 /* hlp_pause.png in Resources */ = {isa = PBXBuildFile; fileRef = CEEEE3C316CC4C1F0049A4B2 /* hlp_pause.png */; };
		CEEEE41216CC4C1F0049A4B2 /* hlp_prev.png in Resources */ = {isa = PBXBuildFile; fileRef = CEEEE3C416CC4C1F0049A4B2 /* hlp_prev.png */; };
		CEEEE41316CC4C1F0049A4B2 /* hlp_start.png in Resources */ = {isa = PBXBuildFile; fileRef = CEEEE3C516CC4C1F0049A4B2 /* hlp_start.png */; };
		CEEEE41416CC4C1F0049A4B2 /* hlp_title.png in Resources */ = {isa = PBXBuildFile; fileRef = CEEEE3C616CC4C1F0049A4B2 /* hlp_title.png */; };
		CEEEE41516CC4C1F0049A4B2 /* info_text_back.png in Resources */ = {isa = PBXBuildFile; fileRef = CEEEE3C716CC4C1F0049A4B2 /* info_text_back.png */; };
		CEEEE41616CC4C1F0049A4B2 /* kb_bar_quotas.png in Resources */ = {isa = PBXBuildFile; fileRef = CEEEE3C816CC4C1F0049A4B2 /* kb_bar_quotas.png */; };
		CEEEE41716CC4C1F0049A4B2 /* navigation_bar_info.png in Resources */ = {isa = PBXBuildFile; fileRef = CEEEE3C916CC4C1F0049A4B2 /* navigation_bar_info.png */; };
		CEEEE41816CC4C1F0049A4B2 /* navigation_bar_main.png in Resources */ = {isa = PBXBuildFile; fileRef = CEEEE3CA16CC4C1F0049A4B2 /* navigation_bar_main.png */; };
		CEEEE41916CC4C1F0049A4B2 /* navigation_bar_quote.png in Resources */ = {isa = PBXBuildFile; fileRef = CEEEE3CB16CC4C1F0049A4B2 /* navigation_bar_quote.png */; };
		CEEEE41A16CC4C1F0049A4B2 /* player_bar_button.png in Resources */ = {isa = PBXBuildFile; fileRef = CEEEE3CC16CC4C1F0049A4B2 /* player_bar_button.png */; };
		CEEEE41B16CC4C1F0049A4B2 /* player_bookmark_off.png in Resources */ = {isa = PBXBuildFile; fileRef = CEEEE3CD16CC4C1F0049A4B2 /* player_bookmark_off.png */; };
		CEEEE41C16CC4C1F0049A4B2 /* player_bookmark_on.png in Resources */ = {isa = PBXBuildFile; fileRef = CEEEE3CE16CC4C1F0049A4B2 /* player_bookmark_on.png */; };
		CEEEE41D16CC4C1F0049A4B2 /* player_bookmarks.png in Resources */ = {isa = PBXBuildFile; fileRef = CEEEE3CF16CC4C1F0049A4B2 /* player_bookmarks.png */; };
		CEEEE41E16CC4C1F0049A4B2 /* player_button_buy.png in Resources */ = {isa = PBXBuildFile; fileRef = CEEEE3D016CC4C1F0049A4B2 /* player_button_buy.png */; };
		CEEEE41F16CC4C1F0049A4B2 /* player_button_done.png in Resources */ = {isa = PBXBuildFile; fileRef = CEEEE3D116CC4C1F0049A4B2 /* player_button_done.png */; };
		CEEEE42016CC4C1F0049A4B2 /* player_button_help.png in Resources */ = {isa = PBXBuildFile; fileRef = CEEEE3D216CC4C1F0049A4B2 /* player_button_help.png */; };
		CEEEE42116CC4C1F0049A4B2 /* player_button_pause.png in Resources */ = {isa = PBXBuildFile; fileRef = CEEEE3D316CC4C1F0049A4B2 /* player_button_pause.png */; };
		CEEEE42216CC4C1F0049A4B2 /* player_button_play.png in Resources */ = {isa = PBXBuildFile; fileRef = CEEEE3D416CC4C1F0049A4B2 /* player_button_play.png */; };
		CEEEE42316CC4C1F0049A4B2 /* player_button_settings.png in Resources */ = {isa = PBXBuildFile; fileRef = CEEEE3D516CC4C1F0049A4B2 /* player_button_settings.png */; };
		CEEEE42416CC4C1F0049A4B2 /* player_buy.png in Resources */ = {isa = PBXBuildFile; fileRef = CEEEE3D616CC4C1F0049A4B2 /* player_buy.png */; };
		CEEEE42516CC4C1F0049A4B2 /* player_contents.png in Resources */ = {isa = PBXBuildFile; fileRef = CEEEE3D716CC4C1F0049A4B2 /* player_contents.png */; };
		CEEEE42616CC4C1F0049A4B2 /* player_cur_mark_l.png in Resources */ = {isa = PBXBuildFile; fileRef = CEEEE3D816CC4C1F0049A4B2 /* player_cur_mark_l.png */; };
		CEEEE42716CC4C1F0049A4B2 /* player_cur_mark_r.png in Resources */ = {isa = PBXBuildFile; fileRef = CEEEE3D916CC4C1F0049A4B2 /* player_cur_mark_r.png */; };
		CEEEE42816CC4C1F0049A4B2 /* player_current_mark.png in Resources */ = {isa = PBXBuildFile; fileRef = CEEEE3DA16CC4C1F0049A4B2 /* player_current_mark.png */; };
		CEEEE42916CC4C1F0049A4B2 /* player_no_text.png in Resources */ = {isa = PBXBuildFile; fileRef = CEEEE3DB16CC4C1F0049A4B2 /* player_no_text.png */; };
		CEEEE42A16CC4C1F0049A4B2 /* player_top_bar.png in Resources */ = {isa = PBXBuildFile; fileRef = CEEEE3DC16CC4C1F0049A4B2 /* player_top_bar.png */; };
		CEEEE42B16CC4C1F0049A4B2 /* popup_n.png in Resources */ = {isa = PBXBuildFile; fileRef = CEEEE3DD16CC4C1F0049A4B2 /* popup_n.png */; };
		CEEEE42C16CC4C1F0049A4B2 /* Quotes_Ch_btn.png in Resources */ = {isa = PBXBuildFile; fileRef = CEEEE3DE16CC4C1F0049A4B2 /* Quotes_Ch_btn.png */; };
		CEEEE42D16CC4C1F0049A4B2 /* Quotes_done_btn.png in Resources */ = {isa = PBXBuildFile; fileRef = CEEEE3DF16CC4C1F0049A4B2 /* Quotes_done_btn.png */; };
		CEEEE42E16CC4C1F0049A4B2 /* quotes_popup.png in Resources */ = {isa = PBXBuildFile; fileRef = CEEEE3E016CC4C1F0049A4B2 /* quotes_popup.png */; };
		CEEEE42F16CC4C1F0049A4B2 /* quotes_popup_send.png in Resources */ = {isa = PBXBuildFile; fileRef = CEEEE3E116CC4C1F0049A4B2 /* quotes_popup_send.png */; };
		CEEEE43016CC4C1F0049A4B2 /* shop_arrow.png in Resources */ = {isa = PBXBuildFile; fileRef = CEEEE3E216CC4C1F0049A4B2 /* shop_arrow.png */; };
		CEEEE43116CC4C1F0049A4B2 /* shop_back.png in Resources */ = {isa = PBXBuildFile; fileRef = CEEEE3E316CC4C1F0049A4B2 /* shop_back.png */; };
		CEEEE43216CC4C1F0049A4B2 /* shop_back_category.png in Resources */ = {isa = PBXBuildFile; fileRef = CEEEE3E416CC4C1F0049A4B2 /* shop_back_category.png */; };
		CEEEE43316CC4C1F0049A4B2 /* shop_back_middle.png in Resources */ = {isa = PBXBuildFile; fileRef = CEEEE3E516CC4C1F0049A4B2 /* shop_back_middle.png */; };
		CEEEE43416CC4C1F0049A4B2 /* shop_back_small.png in Resources */ = {isa = PBXBuildFile; fileRef = CEEEE3E616CC4C1F0049A4B2 /* shop_back_small.png */; };
		CEEEE43516CC4C1F0049A4B2 /* shop_data.png in Resources */ = {isa = PBXBuildFile; fileRef = CEEEE3E716CC4C1F0049A4B2 /* shop_data.png */; };
		CEEEE43616CC4C1F0049A4B2 /* shop_popup.png in Resources */ = {isa = PBXBuildFile; fileRef = CEEEE3E816CC4C1F0049A4B2 /* shop_popup.png */; };
		CEEEE43716CC4C1F0049A4B2 /* shop_popup_btn_blue.png in Resources */ = {isa = PBXBuildFile; fileRef = CEEEE3E916CC4C1F0049A4B2 /* shop_popup_btn_blue.png */; };
		CEEEE43816CC4C1F0049A4B2 /* shop_popup_btn_white.png in Resources */ = {isa = PBXBuildFile; fileRef = CEEEE3EA16CC4C1F0049A4B2 /* shop_popup_btn_white.png */; };
		CEEEE43916CC4C1F0049A4B2 /* shop_popup_n.png in Resources */ = {isa = PBXBuildFile; fileRef = CEEEE3EB16CC4C1F0049A4B2 /* shop_popup_n.png */; };
		CEEEE43A16CC4C1F0049A4B2 /* top_back.png in Resources */ = {isa = PBXBuildFile; fileRef = CEEEE3EC16CC4C1F0049A4B2 /* top_back.png */; };
		CEEEE43B16CC4C1F0049A4B2 /* top_back_smaller.png in Resources */ = {isa = PBXBuildFile; fileRef = CEEEE3ED16CC4C1F0049A4B2 /* top_back_smaller.png */; };
		CEF837B416D78BDC00603C6E /* Free1ViewController.m in Sources */ = {isa = PBXBuildFile; fileRef = CEF837B216D78BDC00603C6E /* Free1ViewController.m */; };
		CEF837B516D78BDC00603C6E /* Free1ViewController.xib in Resources */ = {isa = PBXBuildFile; fileRef = CEF837B316D78BDC00603C6E /* Free1ViewController.xib */; };
/* End PBXBuildFile section */

/* Begin PBXFileReference section */
		1D30AB110D05D00D00671497 /* Foundation.framework */ = {isa = PBXFileReference; lastKnownFileType = wrapper.framework; name = Foundation.framework; path = System/Library/Frameworks/Foundation.framework; sourceTree = SDKROOT; };
		1D3623240D0F684500981E51 /* AppDelegate.h */ = {isa = PBXFileReference; fileEncoding = 4; lastKnownFileType = sourcecode.c.h; path = AppDelegate.h; sourceTree = "<group>"; };
		1D3623250D0F684500981E51 /* AppDelegate.m */ = {isa = PBXFileReference; fileEncoding = 4; lastKnownFileType = sourcecode.c.objc; path = AppDelegate.m; sourceTree = "<group>"; };
		1D6058910D05DD3D006BFB54 /* audiobook.app */ = {isa = PBXFileReference; explicitFileType = wrapper.application; includeInIndex = 0; path = audiobook.app; sourceTree = BUILT_PRODUCTS_DIR; };
		1DF5F4DF0D08C38300B7A737 /* UIKit.framework */ = {isa = PBXFileReference; lastKnownFileType = wrapper.framework; name = UIKit.framework; path = System/Library/Frameworks/UIKit.framework; sourceTree = SDKROOT; };
		288765FC0DF74451002DB57D /* CoreGraphics.framework */ = {isa = PBXFileReference; lastKnownFileType = wrapper.framework; name = CoreGraphics.framework; path = System/Library/Frameworks/CoreGraphics.framework; sourceTree = SDKROOT; };
		29B97316FDCFA39411CA2CEA /* main.m */ = {isa = PBXFileReference; fileEncoding = 4; lastKnownFileType = sourcecode.c.objc; path = main.m; sourceTree = "<group>"; };
		32CA4F630368D1EE00C91783 /* audiobook_Prefix.pch */ = {isa = PBXFileReference; fileEncoding = 4; lastKnownFileType = sourcecode.c.h; path = audiobook_Prefix.pch; sourceTree = "<group>"; };
		41B6F5A20FABB9750047CC2A /* CDAUIView.m */ = {isa = PBXFileReference; fileEncoding = 4; lastKnownFileType = sourcecode.c.objc; path = CDAUIView.m; sourceTree = "<group>"; };
		41B6F5A30FABB9750047CC2A /* CDBUIView.h */ = {isa = PBXFileReference; fileEncoding = 4; lastKnownFileType = sourcecode.c.h; path = CDBUIView.h; sourceTree = "<group>"; };
		41B6F5A40FABB9750047CC2A /* CDBViewController.h */ = {isa = PBXFileReference; fileEncoding = 4; lastKnownFileType = sourcecode.c.h; path = CDBViewController.h; sourceTree = "<group>"; };
		41B6F5A50FABB9750047CC2A /* CDBViewController.m */ = {isa = PBXFileReference; fileEncoding = 4; lastKnownFileType = sourcecode.c.objc; path = CDBViewController.m; sourceTree = "<group>"; };
		41B6F5A80FABB9800047CC2A /* two-tri.png */ = {isa = PBXFileReference; lastKnownFileType = image.png; path = "two-tri.png"; sourceTree = "<group>"; };
		41B6F5A90FABB9800047CC2A /* rect-tri.png */ = {isa = PBXFileReference; lastKnownFileType = image.png; path = "rect-tri.png"; sourceTree = "<group>"; };
		41B6F5AA0FABB9800047CC2A /* rect-elli.png */ = {isa = PBXFileReference; lastKnownFileType = image.png; path = "rect-elli.png"; sourceTree = "<group>"; };
		41B6F5AB0FABB9800047CC2A /* ellipse.png */ = {isa = PBXFileReference; lastKnownFileType = image.png; path = ellipse.png; sourceTree = "<group>"; };
		41B6F5AC0FABB9800047CC2A /* rect.png */ = {isa = PBXFileReference; lastKnownFileType = image.png; path = rect.png; sourceTree = "<group>"; };
		41B6F5AD0FABB9800047CC2A /* tri.png */ = {isa = PBXFileReference; lastKnownFileType = image.png; path = tri.png; sourceTree = "<group>"; };
		8D1107310486CEB800E47090 /* audiobook-Info.plist */ = {isa = PBXFileReference; fileEncoding = 4; lastKnownFileType = text.plist.xml; path = "audiobook-Info.plist"; plistStructureDefinitionIdentifier = "com.apple.xcode.plist.structure-definition.iphone.info-plist"; sourceTree = "<group>"; };
		8E11FBA416AE9B1F0079411A /* DDXMLElementAdditions.h */ = {isa = PBXFileReference; fileEncoding = 4; lastKnownFileType = sourcecode.c.h; path = DDXMLElementAdditions.h; sourceTree = "<group>"; };
		8E11FBA516AE9B1F0079411A /* DDXMLElementAdditions.m */ = {isa = PBXFileReference; fileEncoding = 4; lastKnownFileType = sourcecode.c.objc; path = DDXMLElementAdditions.m; sourceTree = "<group>"; };
		8E11FBA716AE9B1F0079411A /* NSString+DDXML.h */ = {isa = PBXFileReference; fileEncoding = 4; lastKnownFileType = sourcecode.c.h; path = "NSString+DDXML.h"; sourceTree = "<group>"; };
		8E11FBA816AE9B1F0079411A /* NSString+DDXML.m */ = {isa = PBXFileReference; fileEncoding = 4; lastKnownFileType = sourcecode.c.objc; path = "NSString+DDXML.m"; sourceTree = "<group>"; };
		8E11FBA916AE9B1F0079411A /* DDXML.h */ = {isa = PBXFileReference; fileEncoding = 4; lastKnownFileType = sourcecode.c.h; path = DDXML.h; sourceTree = "<group>"; };
		8E11FBAA16AE9B1F0079411A /* DDXMLDocument.h */ = {isa = PBXFileReference; fileEncoding = 4; lastKnownFileType = sourcecode.c.h; path = DDXMLDocument.h; sourceTree = "<group>"; };
		8E11FBAB16AE9B1F0079411A /* DDXMLDocument.m */ = {isa = PBXFileReference; fileEncoding = 4; lastKnownFileType = sourcecode.c.objc; path = DDXMLDocument.m; sourceTree = "<group>"; };
		8E11FBAC16AE9B1F0079411A /* DDXMLElement.h */ = {isa = PBXFileReference; fileEncoding = 4; lastKnownFileType = sourcecode.c.h; path = DDXMLElement.h; sourceTree = "<group>"; };
		8E11FBAD16AE9B1F0079411A /* DDXMLElement.m */ = {isa = PBXFileReference; fileEncoding = 4; lastKnownFileType = sourcecode.c.objc; path = DDXMLElement.m; sourceTree = "<group>"; };
		8E11FBAE16AE9B1F0079411A /* DDXMLNode.h */ = {isa = PBXFileReference; fileEncoding = 4; lastKnownFileType = sourcecode.c.h; path = DDXMLNode.h; sourceTree = "<group>"; };
		8E11FBAF16AE9B1F0079411A /* DDXMLNode.m */ = {isa = PBXFileReference; fileEncoding = 4; lastKnownFileType = sourcecode.c.objc; path = DDXMLNode.m; sourceTree = "<group>"; };
		8E11FBB116AE9B1F0079411A /* DDXMLPrivate.h */ = {isa = PBXFileReference; fileEncoding = 4; lastKnownFileType = sourcecode.c.h; path = DDXMLPrivate.h; sourceTree = "<group>"; };
		8E11FBBA16AEE6840079411A /* libxml2.2.dylib */ = {isa = PBXFileReference; lastKnownFileType = "compiled.mach-o.dylib"; name = libxml2.2.dylib; path = usr/lib/libxml2.2.dylib; sourceTree = SDKROOT; };
		8E4D7B0716A9AA1B00CC2BEC /* gs.h */ = {isa = PBXFileReference; fileEncoding = 4; lastKnownFileType = sourcecode.c.h; path = gs.h; sourceTree = "<group>"; };
		8E4D7B0816A9AA1B00CC2BEC /* gs.m */ = {isa = PBXFileReference; fileEncoding = 4; lastKnownFileType = sourcecode.c.objc; path = gs.m; sourceTree = "<group>"; };
		8E52FF1716B6DCED000AD339 /* BookView.xib */ = {isa = PBXFileReference; fileEncoding = 4; lastKnownFileType = file.xib; path = BookView.xib; sourceTree = "<group>"; };
		8E71F3DD1600BEAC00639B4D /* Book.h */ = {isa = PBXFileReference; fileEncoding = 4; lastKnownFileType = sourcecode.c.h; path = Book.h; sourceTree = "<group>"; };
		8E71F3DE1600BEAC00639B4D /* Book.m */ = {isa = PBXFileReference; fileEncoding = 4; lastKnownFileType = sourcecode.c.objc; path = Book.m; sourceTree = "<group>"; };
		8EC60C4B15F623A600D34892 /* MainViewController.h */ = {isa = PBXFileReference; fileEncoding = 4; lastKnownFileType = sourcecode.c.h; path = MainViewController.h; sourceTree = "<group>"; };
		8EC60C4C15F623A600D34892 /* MainViewController.m */ = {isa = PBXFileReference; fileEncoding = 4; lastKnownFileType = sourcecode.c.objc; path = MainViewController.m; sourceTree = "<group>"; };
		8EC60C4F15F62A3400D34892 /* CatalogViewController.h */ = {isa = PBXFileReference; fileEncoding = 4; lastKnownFileType = sourcecode.c.h; path = CatalogViewController.h; sourceTree = "<group>"; };
		8EC60C5015F62A3400D34892 /* CatalogViewController.m */ = {isa = PBXFileReference; fileEncoding = 4; lastKnownFileType = sourcecode.c.objc; path = CatalogViewController.m; sourceTree = "<group>"; };
		8EC60C5215F633FC00D34892 /* hurley.jpg */ = {isa = PBXFileReference; lastKnownFileType = image.jpeg; path = hurley.jpg; sourceTree = "<group>"; };
		8EC60C5415F64E4100D34892 /* BookViewController.h */ = {isa = PBXFileReference; fileEncoding = 4; lastKnownFileType = sourcecode.c.h; path = BookViewController.h; sourceTree = "<group>"; };
		8EC60C5515F64E4100D34892 /* BookViewController.m */ = {isa = PBXFileReference; fileEncoding = 4; lastKnownFileType = sourcecode.c.objc; path = BookViewController.m; sourceTree = "<group>"; };
		8ED3BCA615F798E800326459 /* database.db */ = {isa = PBXFileReference; lastKnownFileType = file; path = database.db; sourceTree = "<group>"; };
		8ED3BCB615F7A5E300326459 /* StandardPaths.h */ = {isa = PBXFileReference; fileEncoding = 4; lastKnownFileType = sourcecode.c.h; name = StandardPaths.h; path = Classes/StandardPaths.h; sourceTree = "<group>"; };
		8ED3BCB715F7A5E300326459 /* StandardPaths.m */ = {isa = PBXFileReference; fileEncoding = 4; lastKnownFileType = sourcecode.c.objc; name = StandardPaths.m; path = Classes/StandardPaths.m; sourceTree = "<group>"; };
		8ED3BCBD15F8E9C100326459 /* CatalogItem.h */ = {isa = PBXFileReference; fileEncoding = 4; lastKnownFileType = sourcecode.c.h; path = CatalogItem.h; sourceTree = "<group>"; };
		8ED3BCBE15F8E9C100326459 /* CatalogItem.m */ = {isa = PBXFileReference; fileEncoding = 4; lastKnownFileType = sourcecode.c.objc; path = CatalogItem.m; sourceTree = "<group>"; };
		8ED3BCC215FA4B7200326459 /* Default.png */ = {isa = PBXFileReference; lastKnownFileType = image.png; path = Default.png; sourceTree = "<group>"; };
		8ED3BCC615FA4C3B00326459 /* icon57.png */ = {isa = PBXFileReference; lastKnownFileType = image.png; path = icon57.png; sourceTree = "<group>"; };
		8ED3BCC815FA4C9200326459 /* icon114.png */ = {isa = PBXFileReference; lastKnownFileType = image.png; path = icon114.png; sourceTree = "<group>"; };
		8EE9B1C216AFE21F00C46C60 /* Reachability.h */ = {isa = PBXFileReference; fileEncoding = 4; lastKnownFileType = sourcecode.c.h; name = Reachability.h; path = Classes/Reachability.h; sourceTree = "<group>"; };
		8EE9B1C316AFE21F00C46C60 /* Reachability.m */ = {isa = PBXFileReference; fileEncoding = 4; lastKnownFileType = sourcecode.c.objc; name = Reachability.m; path = Classes/Reachability.m; sourceTree = "<group>"; };
		8EE9B1C616AFE6A500C46C60 /* SystemConfiguration.framework */ = {isa = PBXFileReference; lastKnownFileType = wrapper.framework; name = SystemConfiguration.framework; path = System/Library/Frameworks/SystemConfiguration.framework; sourceTree = SDKROOT; };
		8EE9B1CC16B0149B00C46C60 /* AuthorSettings.h */ = {isa = PBXFileReference; fileEncoding = 4; lastKnownFileType = sourcecode.c.h; path = AuthorSettings.h; sourceTree = "<group>"; };
		8EE9B1CD16B0149B00C46C60 /* AuthorSettings.m */ = {isa = PBXFileReference; fileEncoding = 4; lastKnownFileType = sourcecode.c.objc; path = AuthorSettings.m; sourceTree = "<group>"; };
		8EE9B1CE16B0149C00C46C60 /* GenreSettings.h */ = {isa = PBXFileReference; fileEncoding = 4; lastKnownFileType = sourcecode.c.h; path = GenreSettings.h; sourceTree = "<group>"; };
		8EE9B1CF16B0149C00C46C60 /* GenreSettings.m */ = {isa = PBXFileReference; fileEncoding = 4; lastKnownFileType = sourcecode.c.objc; path = GenreSettings.m; sourceTree = "<group>"; };
		8EE9B1D016B0149C00C46C60 /* PublisherSettings.h */ = {isa = PBXFileReference; fileEncoding = 4; lastKnownFileType = sourcecode.c.h; path = PublisherSettings.h; sourceTree = "<group>"; };
		8EE9B1D116B0149C00C46C60 /* PublisherSettings.m */ = {isa = PBXFileReference; fileEncoding = 4; lastKnownFileType = sourcecode.c.objc; path = PublisherSettings.m; sourceTree = "<group>"; };
		8EE9B1D216B0149C00C46C60 /* ReaderSettings.h */ = {isa = PBXFileReference; fileEncoding = 4; lastKnownFileType = sourcecode.c.h; path = ReaderSettings.h; sourceTree = "<group>"; };
		8EE9B1D316B0149C00C46C60 /* ReaderSettings.m */ = {isa = PBXFileReference; fileEncoding = 4; lastKnownFileType = sourcecode.c.objc; path = ReaderSettings.m; sourceTree = "<group>"; };
		CE17B28D16C279F500D0FB36 /* player_bar_button@2x.png */ = {isa = PBXFileReference; lastKnownFileType = image.png; name = "player_bar_button@2x.png"; path = "resources/img/player/player_bar_button@2x.png"; sourceTree = "<group>"; };
		CE17B28E16C279F500D0FB36 /* player_bookmark_off@2x.png */ = {isa = PBXFileReference; lastKnownFileType = image.png; name = "player_bookmark_off@2x.png"; path = "resources/img/player/player_bookmark_off@2x.png"; sourceTree = "<group>"; };
		CE17B28F16C279F500D0FB36 /* player_bookmark_on@2x.png */ = {isa = PBXFileReference; lastKnownFileType = image.png; name = "player_bookmark_on@2x.png"; path = "resources/img/player/player_bookmark_on@2x.png"; sourceTree = "<group>"; };
		CE17B29016C279F500D0FB36 /* player_bookmarks@2x.png */ = {isa = PBXFileReference; lastKnownFileType = image.png; name = "player_bookmarks@2x.png"; path = "resources/img/player/player_bookmarks@2x.png"; sourceTree = "<group>"; };
		CE17B29116C279F500D0FB36 /* player_button_buy@2x.png */ = {isa = PBXFileReference; lastKnownFileType = image.png; name = "player_button_buy@2x.png"; path = "resources/img/player/player_button_buy@2x.png"; sourceTree = "<group>"; };
		CE17B29216C279F500D0FB36 /* player_button_done@2x.png */ = {isa = PBXFileReference; lastKnownFileType = image.png; name = "player_button_done@2x.png"; path = "resources/img/player/player_button_done@2x.png"; sourceTree = "<group>"; };
		CE17B29316C279F500D0FB36 /* player_button_help@2x.png */ = {isa = PBXFileReference; lastKnownFileType = image.png; name = "player_button_help@2x.png"; path = "resources/img/player/player_button_help@2x.png"; sourceTree = "<group>"; };
		CE17B29416C279F500D0FB36 /* player_button_pause@2x.png */ = {isa = PBXFileReference; lastKnownFileType = image.png; name = "player_button_pause@2x.png"; path = "resources/img/player/player_button_pause@2x.png"; sourceTree = "<group>"; };
		CE17B29516C279F500D0FB36 /* player_button_play@2x.png */ = {isa = PBXFileReference; lastKnownFileType = image.png; name = "player_button_play@2x.png"; path = "resources/img/player/player_button_play@2x.png"; sourceTree = "<group>"; };
		CE17B29616C279F500D0FB36 /* player_button_settings@2x.png */ = {isa = PBXFileReference; lastKnownFileType = image.png; name = "player_button_settings@2x.png"; path = "resources/img/player/player_button_settings@2x.png"; sourceTree = "<group>"; };
		CE17B29716C279F500D0FB36 /* player_buy@2x.png */ = {isa = PBXFileReference; lastKnownFileType = image.png; name = "player_buy@2x.png"; path = "resources/img/player/player_buy@2x.png"; sourceTree = "<group>"; };
		CE17B29816C279F500D0FB36 /* player_contents@2x.png */ = {isa = PBXFileReference; lastKnownFileType = image.png; name = "player_contents@2x.png"; path = "resources/img/player/player_contents@2x.png"; sourceTree = "<group>"; };
		CE17B29916C279F500D0FB36 /* player_cur_mark_l@2x.png */ = {isa = PBXFileReference; lastKnownFileType = image.png; name = "player_cur_mark_l@2x.png"; path = "resources/img/player/player_cur_mark_l@2x.png"; sourceTree = "<group>"; };
		CE17B29A16C279F500D0FB36 /* player_cur_mark_r@2x.png */ = {isa = PBXFileReference; lastKnownFileType = image.png; name = "player_cur_mark_r@2x.png"; path = "resources/img/player/player_cur_mark_r@2x.png"; sourceTree = "<group>"; };
		CE17B29B16C279F500D0FB36 /* player_current_mark@2x.png */ = {isa = PBXFileReference; lastKnownFileType = image.png; name = "player_current_mark@2x.png"; path = "resources/img/player/player_current_mark@2x.png"; sourceTree = "<group>"; };
		CE17B29C16C279F500D0FB36 /* player_no_text@2x.png */ = {isa = PBXFileReference; lastKnownFileType = image.png; name = "player_no_text@2x.png"; path = "resources/img/player/player_no_text@2x.png"; sourceTree = "<group>"; };
		CE17B29D16C279F500D0FB36 /* player_top_bar@2x.png */ = {isa = PBXFileReference; lastKnownFileType = image.png; name = "player_top_bar@2x.png"; path = "resources/img/player/player_top_bar@2x.png"; sourceTree = "<group>"; };
		CE17B2AF16C27CBF00D0FB36 /* button_back.png */ = {isa = PBXFileReference; lastKnownFileType = image.png; name = button_back.png; path = resources/img/button_back.png; sourceTree = "<group>"; };
		CE17B2B016C27CBF00D0FB36 /* notif_1.png */ = {isa = PBXFileReference; lastKnownFileType = image.png; name = notif_1.png; path = resources/img/notif_1.png; sourceTree = "<group>"; };
		CE220C5D16CED53D008E4A29 /* ChapterCellViewController.h */ = {isa = PBXFileReference; fileEncoding = 4; lastKnownFileType = sourcecode.c.h; path = ChapterCellViewController.h; sourceTree = "<group>"; };
		CE220C5E16CED53D008E4A29 /* ChapterCellViewController.m */ = {isa = PBXFileReference; fileEncoding = 4; lastKnownFileType = sourcecode.c.objc; path = ChapterCellViewController.m; sourceTree = "<group>"; };
		CE220C5F16CED53D008E4A29 /* ChapterCellView.xib */ = {isa = PBXFileReference; fileEncoding = 4; lastKnownFileType = file.xib; path = ChapterCellView.xib; sourceTree = "<group>"; };
		CE3098A616B7C48D00D39AC7 /* libsqlite3.dylib */ = {isa = PBXFileReference; lastKnownFileType = "compiled.mach-o.dylib"; name = libsqlite3.dylib; path = usr/lib/libsqlite3.dylib; sourceTree = SDKROOT; };
		CE7FD5EA16B9397C00748E29 /* PlayerViewController.h */ = {isa = PBXFileReference; fileEncoding = 4; lastKnownFileType = sourcecode.c.h; path = PlayerViewController.h; sourceTree = "<group>"; };
		CE7FD5EB16B9397C00748E29 /* PlayerViewController.m */ = {isa = PBXFileReference; fileEncoding = 4; lastKnownFileType = sourcecode.c.objc; path = PlayerViewController.m; sourceTree = "<group>"; };
		CE7FD5ED16B93DEA00748E29 /* PlayerView.xib */ = {isa = PBXFileReference; fileEncoding = 4; lastKnownFileType = file.xib; path = PlayerView.xib; sourceTree = "<group>"; };
		CE82EA6D16BA7ABB00F33698 /* ASIAuthenticationDialog.h */ = {isa = PBXFileReference; fileEncoding = 4; lastKnownFileType = sourcecode.c.h; path = ASIAuthenticationDialog.h; sourceTree = "<group>"; };
		CE82EA6E16BA7ABB00F33698 /* ASIAuthenticationDialog.m */ = {isa = PBXFileReference; fileEncoding = 4; lastKnownFileType = sourcecode.c.objc; path = ASIAuthenticationDialog.m; sourceTree = "<group>"; };
		CE82EA6F16BA7ABB00F33698 /* ASICacheDelegate.h */ = {isa = PBXFileReference; fileEncoding = 4; lastKnownFileType = sourcecode.c.h; path = ASICacheDelegate.h; sourceTree = "<group>"; };
		CE82EA7016BA7ABB00F33698 /* ASIDataCompressor.h */ = {isa = PBXFileReference; fileEncoding = 4; lastKnownFileType = sourcecode.c.h; path = ASIDataCompressor.h; sourceTree = "<group>"; };
		CE82EA7116BA7ABB00F33698 /* ASIDataCompressor.m */ = {isa = PBXFileReference; fileEncoding = 4; lastKnownFileType = sourcecode.c.objc; path = ASIDataCompressor.m; sourceTree = "<group>"; };
		CE82EA7216BA7ABB00F33698 /* ASIDataDecompressor.h */ = {isa = PBXFileReference; fileEncoding = 4; lastKnownFileType = sourcecode.c.h; path = ASIDataDecompressor.h; sourceTree = "<group>"; };
		CE82EA7316BA7ABB00F33698 /* ASIDataDecompressor.m */ = {isa = PBXFileReference; fileEncoding = 4; lastKnownFileType = sourcecode.c.objc; path = ASIDataDecompressor.m; sourceTree = "<group>"; };
		CE82EA7416BA7ABB00F33698 /* ASIDownloadCache.h */ = {isa = PBXFileReference; fileEncoding = 4; lastKnownFileType = sourcecode.c.h; path = ASIDownloadCache.h; sourceTree = "<group>"; };
		CE82EA7516BA7ABB00F33698 /* ASIDownloadCache.m */ = {isa = PBXFileReference; fileEncoding = 4; lastKnownFileType = sourcecode.c.objc; path = ASIDownloadCache.m; sourceTree = "<group>"; };
		CE82EA7616BA7ABB00F33698 /* ASIFormDataRequest.h */ = {isa = PBXFileReference; fileEncoding = 4; lastKnownFileType = sourcecode.c.h; path = ASIFormDataRequest.h; sourceTree = "<group>"; };
		CE82EA7716BA7ABB00F33698 /* ASIFormDataRequest.m */ = {isa = PBXFileReference; fileEncoding = 4; lastKnownFileType = sourcecode.c.objc; path = ASIFormDataRequest.m; sourceTree = "<group>"; };
		CE82EA7816BA7ABB00F33698 /* ASIHTTPRequest.h */ = {isa = PBXFileReference; fileEncoding = 4; lastKnownFileType = sourcecode.c.h; path = ASIHTTPRequest.h; sourceTree = "<group>"; };
		CE82EA7916BA7ABB00F33698 /* ASIHTTPRequest.m */ = {isa = PBXFileReference; fileEncoding = 4; lastKnownFileType = sourcecode.c.objc; path = ASIHTTPRequest.m; sourceTree = "<group>"; };
		CE82EA7A16BA7ABB00F33698 /* ASIHTTPRequestConfig.h */ = {isa = PBXFileReference; fileEncoding = 4; lastKnownFileType = sourcecode.c.h; path = ASIHTTPRequestConfig.h; sourceTree = "<group>"; };
		CE82EA7B16BA7ABB00F33698 /* ASIHTTPRequestDelegate.h */ = {isa = PBXFileReference; fileEncoding = 4; lastKnownFileType = sourcecode.c.h; path = ASIHTTPRequestDelegate.h; sourceTree = "<group>"; };
		CE82EA7C16BA7ABB00F33698 /* ASIInputStream.h */ = {isa = PBXFileReference; fileEncoding = 4; lastKnownFileType = sourcecode.c.h; path = ASIInputStream.h; sourceTree = "<group>"; };
		CE82EA7D16BA7ABB00F33698 /* ASIInputStream.m */ = {isa = PBXFileReference; fileEncoding = 4; lastKnownFileType = sourcecode.c.objc; path = ASIInputStream.m; sourceTree = "<group>"; };
		CE82EA7E16BA7ABB00F33698 /* ASINetworkQueue.h */ = {isa = PBXFileReference; fileEncoding = 4; lastKnownFileType = sourcecode.c.h; path = ASINetworkQueue.h; sourceTree = "<group>"; };
		CE82EA7F16BA7ABB00F33698 /* ASINetworkQueue.m */ = {isa = PBXFileReference; fileEncoding = 4; lastKnownFileType = sourcecode.c.objc; path = ASINetworkQueue.m; sourceTree = "<group>"; };
		CE82EA8016BA7ABB00F33698 /* ASIProgressDelegate.h */ = {isa = PBXFileReference; fileEncoding = 4; lastKnownFileType = sourcecode.c.h; path = ASIProgressDelegate.h; sourceTree = "<group>"; };
		CE82EA8A16BA7CA400F33698 /* CFNetwork.framework */ = {isa = PBXFileReference; lastKnownFileType = wrapper.framework; name = CFNetwork.framework; path = System/Library/Frameworks/CFNetwork.framework; sourceTree = SDKROOT; };
		CE82EA8C16BA7CD600F33698 /* MobileCoreServices.framework */ = {isa = PBXFileReference; lastKnownFileType = wrapper.framework; name = MobileCoreServices.framework; path = System/Library/Frameworks/MobileCoreServices.framework; sourceTree = SDKROOT; };
		CE82EA8E16BA7D2D00F33698 /* libz.dylib */ = {isa = PBXFileReference; lastKnownFileType = "compiled.mach-o.dylib"; name = libz.dylib; path = usr/lib/libz.dylib; sourceTree = SDKROOT; };
		CE9AC36F16DA2CB60014095C /* SearchViewController.h */ = {isa = PBXFileReference; fileEncoding = 4; lastKnownFileType = sourcecode.c.h; path = SearchViewController.h; sourceTree = "<group>"; };
		CE9AC37016DA2CB60014095C /* SearchViewController.m */ = {isa = PBXFileReference; fileEncoding = 4; lastKnownFileType = sourcecode.c.objc; path = SearchViewController.m; sourceTree = "<group>"; };
		CE9AC37116DA2CB60014095C /* SearchView.xib */ = {isa = PBXFileReference; fileEncoding = 4; lastKnownFileType = file.xib; path = SearchView.xib; sourceTree = "<group>"; };
		CEC6416016BC0B4800AC325F /* AudioStreamer.h */ = {isa = PBXFileReference; fileEncoding = 4; lastKnownFileType = sourcecode.c.h; path = AudioStreamer.h; sourceTree = "<group>"; };
		CEC6416116BC0B4800AC325F /* AudioStreamer.m */ = {isa = PBXFileReference; fileEncoding = 4; lastKnownFileType = sourcecode.c.objc; path = AudioStreamer.m; sourceTree = "<group>"; };
		CEC6416216BC0B4800AC325F /* StreamingPlayer.h */ = {isa = PBXFileReference; fileEncoding = 4; lastKnownFileType = sourcecode.c.h; path = StreamingPlayer.h; sourceTree = "<group>"; };
		CEC6416316BC0B4800AC325F /* StreamingPlayer.m */ = {isa = PBXFileReference; fileEncoding = 4; lastKnownFileType = sourcecode.c.objc; path = StreamingPlayer.m; sourceTree = "<group>"; };
		CEC6416916BC0D6200AC325F /* AudioToolbox.framework */ = {isa = PBXFileReference; lastKnownFileType = wrapper.framework; name = AudioToolbox.framework; path = System/Library/Frameworks/AudioToolbox.framework; sourceTree = SDKROOT; };
		CED2D90216D734F800054E13 /* BuyOption1.h */ = {isa = PBXFileReference; fileEncoding = 4; lastKnownFileType = sourcecode.c.h; path = BuyOption1.h; sourceTree = "<group>"; };
		CED2D90316D734F800054E13 /* BuyOption1.m */ = {isa = PBXFileReference; fileEncoding = 4; lastKnownFileType = sourcecode.c.objc; path = BuyOption1.m; sourceTree = "<group>"; };
		CED363E516D2D89500F2337F /* DownloadsViewController.h */ = {isa = PBXFileReference; fileEncoding = 4; lastKnownFileType = sourcecode.c.h; path = DownloadsViewController.h; sourceTree = "<group>"; };
		CED363E616D2D89500F2337F /* DownloadsViewController.m */ = {isa = PBXFileReference; fileEncoding = 4; lastKnownFileType = sourcecode.c.objc; path = DownloadsViewController.m; sourceTree = "<group>"; };
		CED363E716D2D89500F2337F /* DownloadsView.xib */ = {isa = PBXFileReference; fileEncoding = 4; lastKnownFileType = file.xib; path = DownloadsView.xib; sourceTree = "<group>"; };
		CEDD9C5E16DDDFCB00AD83EB /* MyBooksView.h */ = {isa = PBXFileReference; fileEncoding = 4; lastKnownFileType = sourcecode.c.h; name = MyBooksView.h; path = Classes/MyBooksView.h; sourceTree = "<group>"; };
		CEDD9C5F16DDDFCB00AD83EB /* MyBooksView.m */ = {isa = PBXFileReference; fileEncoding = 4; lastKnownFileType = sourcecode.c.objc; name = MyBooksView.m; path = Classes/MyBooksView.m; sourceTree = "<group>"; };
		CEDD9C6016DDDFCB00AD83EB /* MyBooksView.xib */ = {isa = PBXFileReference; fileEncoding = 4; lastKnownFileType = file.xib; path = MyBooksView.xib; sourceTree = "<group>"; };
		CEDFAAAA16BFA9DD008601F6 /* ChaptersViewController.h */ = {isa = PBXFileReference; fileEncoding = 4; lastKnownFileType = sourcecode.c.h; path = ChaptersViewController.h; sourceTree = "<group>"; };
		CEDFAAAB16BFA9DD008601F6 /* ChaptersViewController.m */ = {isa = PBXFileReference; fileEncoding = 4; lastKnownFileType = sourcecode.c.objc; path = ChaptersViewController.m; sourceTree = "<group>"; };
		CEEEE3A016CC4C1F0049A4B2 /* back_with_mark.png */ = {isa = PBXFileReference; lastKnownFileType = image.png; path = back_with_mark.png; sourceTree = "<group>"; };
		CEEEE3A116CC4C1F0049A4B2 /* back_wo_mark.png */ = {isa = PBXFileReference; lastKnownFileType = image.png; path = back_wo_mark.png; sourceTree = "<group>"; };
		CEEEE3A216CC4C1F0049A4B2 /* blue_star.png */ = {isa = PBXFileReference; lastKnownFileType = image.png; path = blue_star.png; sourceTree = "<group>"; };
		CEEEE3A316CC4C1F0049A4B2 /* btn_del.png */ = {isa = PBXFileReference; lastKnownFileType = image.png; path = btn_del.png; sourceTree = "<group>"; };
		CEEEE3A416CC4C1F0049A4B2 /* btn_listen.png */ = {isa = PBXFileReference; lastKnownFileType = image.png; path = btn_listen.png; sourceTree = "<group>"; };
		CEEEE3A516CC4C1F0049A4B2 /* btn_send.png */ = {isa = PBXFileReference; lastKnownFileType = image.png; path = btn_send.png; sourceTree = "<group>"; };
		CEEEE3A616CC4C1F0049A4B2 /* btn_send_facebook.png */ = {isa = PBXFileReference; lastKnownFileType = image.png; path = btn_send_facebook.png; sourceTree = "<group>"; };
		CEEEE3A716CC4C1F0049A4B2 /* btn_send_mail.png */ = {isa = PBXFileReference; lastKnownFileType = image.png; path = btn_send_mail.png; sourceTree = "<group>"; };
		CEEEE3A816CC4C1F0049A4B2 /* btn_send_odkl.png */ = {isa = PBXFileReference; lastKnownFileType = image.png; path = btn_send_odkl.png; sourceTree = "<group>"; };
		CEEEE3A916CC4C1F0049A4B2 /* btn_send_twitter.png */ = {isa = PBXFileReference; lastKnownFileType = image.png; path = btn_send_twitter.png; sourceTree = "<group>"; };
		CEEEE3AA16CC4C1F0049A4B2 /* btn_send_vk.png */ = {isa = PBXFileReference; lastKnownFileType = image.png; path = btn_send_vk.png; sourceTree = "<group>"; };
		CEEEE3AB16CC4C1F0049A4B2 /* button_ arrival.png */ = {isa = PBXFileReference; lastKnownFileType = image.png; path = "button_ arrival.png"; sourceTree = "<group>"; };
		CEEEE3AC16CC4C1F0049A4B2 /* button_ exit.png */ = {isa = PBXFileReference; lastKnownFileType = image.png; path = "button_ exit.png"; sourceTree = "<group>"; };
		CEEEE3AD16CC4C1F0049A4B2 /* button_back.png */ = {isa = PBXFileReference; lastKnownFileType = image.png; path = button_back.png; sourceTree = "<group>"; };
		CEEEE3AE16CC4C1F0049A4B2 /* button_buy.png */ = {isa = PBXFileReference; lastKnownFileType = image.png; path = button_buy.png; sourceTree = "<group>"; };
		CEEEE3AF16CC4C1F0049A4B2 /* button_continue.png */ = {isa = PBXFileReference; lastKnownFileType = image.png; path = button_continue.png; sourceTree = "<group>"; };
		CEEEE3B016CC4C1F0049A4B2 /* button_download.png */ = {isa = PBXFileReference; lastKnownFileType = image.png; path = button_download.png; sourceTree = "<group>"; };
		CEEEE3B116CC4C1F0049A4B2 /* button_listen.png */ = {isa = PBXFileReference; lastKnownFileType = image.png; path = button_listen.png; sourceTree = "<group>"; };
		CEEEE3B216CC4C1F0049A4B2 /* button_listen_free.png */ = {isa = PBXFileReference; lastKnownFileType = image.png; path = button_listen_free.png; sourceTree = "<group>"; };
		CEEEE3B316CC4C1F0049A4B2 /* button_open.png */ = {isa = PBXFileReference; lastKnownFileType = image.png; path = button_open.png; sourceTree = "<group>"; };
		CEEEE3B416CC4C1F0049A4B2 /* button_open_full.png */ = {isa = PBXFileReference; lastKnownFileType = image.png; path = button_open_full.png; sourceTree = "<group>"; };
		CEEEE3B516CC4C1F0049A4B2 /* button_stop.png */ = {isa = PBXFileReference; lastKnownFileType = image.png; path = button_stop.png; sourceTree = "<group>"; };
		CEEEE3B616CC4C1F0049A4B2 /* button_white.png */ = {isa = PBXFileReference; lastKnownFileType = image.png; path = button_white.png; sourceTree = "<group>"; };
		CEEEE3B716CC4C1F0049A4B2 /* button_white_long.png */ = {isa = PBXFileReference; lastKnownFileType = image.png; path = button_white_long.png; sourceTree = "<group>"; };
		CEEEE3B816CC4C1F0049A4B2 /* clock_green.png */ = {isa = PBXFileReference; lastKnownFileType = image.png; path = clock_green.png; sourceTree = "<group>"; };
		CEEEE3B916CC4C1F0049A4B2 /* clock_red.png */ = {isa = PBXFileReference; lastKnownFileType = image.png; path = clock_red.png; sourceTree = "<group>"; };
		CEEEE3BA16CC4C1F0049A4B2 /* collection_book_back.png */ = {isa = PBXFileReference; lastKnownFileType = image.png; path = collection_book_back.png; sourceTree = "<group>"; };
		CEEEE3BB16CC4C1F0049A4B2 /* download_all_chapters.png */ = {isa = PBXFileReference; lastKnownFileType = image.png; path = download_all_chapters.png; sourceTree = "<group>"; };
		CEEEE3BC16CC4C1F0049A4B2 /* download_back.png */ = {isa = PBXFileReference; lastKnownFileType = image.png; path = download_back.png; sourceTree = "<group>"; };
		CEEEE3BD16CC4C1F0049A4B2 /* download_book_button.png */ = {isa = PBXFileReference; lastKnownFileType = image.png; path = download_book_button.png; sourceTree = "<group>"; };
		CEEEE3BE16CC4C1F0049A4B2 /* gray_star.png */ = {isa = PBXFileReference; lastKnownFileType = image.png; path = gray_star.png; sourceTree = "<group>"; };
		CEEEE3BF16CC4C1F0049A4B2 /* hit.png */ = {isa = PBXFileReference; lastKnownFileType = image.png; path = hit.png; sourceTree = "<group>"; };
		CEEEE3C016CC4C1F0049A4B2 /* hlp_add_bookmark.png */ = {isa = PBXFileReference; lastKnownFileType = image.png; path = hlp_add_bookmark.png; sourceTree = "<group>"; };
		CEEEE3C116CC4C1F0049A4B2 /* hlp_bookmark.png */ = {isa = PBXFileReference; lastKnownFileType = image.png; path = hlp_bookmark.png; sourceTree = "<group>"; };
		CEEEE3C216CC4C1F0049A4B2 /* hlp_next.png */ = {isa = PBXFileReference; lastKnownFileType = image.png; path = hlp_next.png; sourceTree = "<group>"; };
		CEEEE3C316CC4C1F0049A4B2 /* hlp_pause.png */ = {isa = PBXFileReference; lastKnownFileType = image.png; path = hlp_pause.png; sourceTree = "<group>"; };
		CEEEE3C416CC4C1F0049A4B2 /* hlp_prev.png */ = {isa = PBXFileReference; lastKnownFileType = image.png; path = hlp_prev.png; sourceTree = "<group>"; };
		CEEEE3C516CC4C1F0049A4B2 /* hlp_start.png */ = {isa = PBXFileReference; lastKnownFileType = image.png; path = hlp_start.png; sourceTree = "<group>"; };
		CEEEE3C616CC4C1F0049A4B2 /* hlp_title.png */ = {isa = PBXFileReference; lastKnownFileType = image.png; path = hlp_title.png; sourceTree = "<group>"; };
		CEEEE3C716CC4C1F0049A4B2 /* info_text_back.png */ = {isa = PBXFileReference; lastKnownFileType = image.png; path = info_text_back.png; sourceTree = "<group>"; };
		CEEEE3C816CC4C1F0049A4B2 /* kb_bar_quotas.png */ = {isa = PBXFileReference; lastKnownFileType = image.png; path = kb_bar_quotas.png; sourceTree = "<group>"; };
		CEEEE3C916CC4C1F0049A4B2 /* navigation_bar_info.png */ = {isa = PBXFileReference; lastKnownFileType = image.png; path = navigation_bar_info.png; sourceTree = "<group>"; };
		CEEEE3CA16CC4C1F0049A4B2 /* navigation_bar_main.png */ = {isa = PBXFileReference; lastKnownFileType = image.png; path = navigation_bar_main.png; sourceTree = "<group>"; };
		CEEEE3CB16CC4C1F0049A4B2 /* navigation_bar_quote.png */ = {isa = PBXFileReference; lastKnownFileType = image.png; path = navigation_bar_quote.png; sourceTree = "<group>"; };
		CEEEE3CC16CC4C1F0049A4B2 /* player_bar_button.png */ = {isa = PBXFileReference; lastKnownFileType = image.png; path = player_bar_button.png; sourceTree = "<group>"; };
		CEEEE3CD16CC4C1F0049A4B2 /* player_bookmark_off.png */ = {isa = PBXFileReference; lastKnownFileType = image.png; path = player_bookmark_off.png; sourceTree = "<group>"; };
		CEEEE3CE16CC4C1F0049A4B2 /* player_bookmark_on.png */ = {isa = PBXFileReference; lastKnownFileType = image.png; path = player_bookmark_on.png; sourceTree = "<group>"; };
		CEEEE3CF16CC4C1F0049A4B2 /* player_bookmarks.png */ = {isa = PBXFileReference; lastKnownFileType = image.png; path = player_bookmarks.png; sourceTree = "<group>"; };
		CEEEE3D016CC4C1F0049A4B2 /* player_button_buy.png */ = {isa = PBXFileReference; lastKnownFileType = image.png; path = player_button_buy.png; sourceTree = "<group>"; };
		CEEEE3D116CC4C1F0049A4B2 /* player_button_done.png */ = {isa = PBXFileReference; lastKnownFileType = image.png; path = player_button_done.png; sourceTree = "<group>"; };
		CEEEE3D216CC4C1F0049A4B2 /* player_button_help.png */ = {isa = PBXFileReference; lastKnownFileType = image.png; path = player_button_help.png; sourceTree = "<group>"; };
		CEEEE3D316CC4C1F0049A4B2 /* player_button_pause.png */ = {isa = PBXFileReference; lastKnownFileType = image.png; path = player_button_pause.png; sourceTree = "<group>"; };
		CEEEE3D416CC4C1F0049A4B2 /* player_button_play.png */ = {isa = PBXFileReference; lastKnownFileType = image.png; path = player_button_play.png; sourceTree = "<group>"; };
		CEEEE3D516CC4C1F0049A4B2 /* player_button_settings.png */ = {isa = PBXFileReference; lastKnownFileType = image.png; path = player_button_settings.png; sourceTree = "<group>"; };
		CEEEE3D616CC4C1F0049A4B2 /* player_buy.png */ = {isa = PBXFileReference; lastKnownFileType = image.png; path = player_buy.png; sourceTree = "<group>"; };
		CEEEE3D716CC4C1F0049A4B2 /* player_contents.png */ = {isa = PBXFileReference; lastKnownFileType = image.png; path = player_contents.png; sourceTree = "<group>"; };
		CEEEE3D816CC4C1F0049A4B2 /* player_cur_mark_l.png */ = {isa = PBXFileReference; lastKnownFileType = image.png; path = player_cur_mark_l.png; sourceTree = "<group>"; };
		CEEEE3D916CC4C1F0049A4B2 /* player_cur_mark_r.png */ = {isa = PBXFileReference; lastKnownFileType = image.png; path = player_cur_mark_r.png; sourceTree = "<group>"; };
		CEEEE3DA16CC4C1F0049A4B2 /* player_current_mark.png */ = {isa = PBXFileReference; lastKnownFileType = image.png; path = player_current_mark.png; sourceTree = "<group>"; };
		CEEEE3DB16CC4C1F0049A4B2 /* player_no_text.png */ = {isa = PBXFileReference; lastKnownFileType = image.png; path = player_no_text.png; sourceTree = "<group>"; };
		CEEEE3DC16CC4C1F0049A4B2 /* player_top_bar.png */ = {isa = PBXFileReference; lastKnownFileType = image.png; path = player_top_bar.png; sourceTree = "<group>"; };
		CEEEE3DD16CC4C1F0049A4B2 /* popup_n.png */ = {isa = PBXFileReference; lastKnownFileType = image.png; path = popup_n.png; sourceTree = "<group>"; };
		CEEEE3DE16CC4C1F0049A4B2 /* Quotes_Ch_btn.png */ = {isa = PBXFileReference; lastKnownFileType = image.png; path = Quotes_Ch_btn.png; sourceTree = "<group>"; };
		CEEEE3DF16CC4C1F0049A4B2 /* Quotes_done_btn.png */ = {isa = PBXFileReference; lastKnownFileType = image.png; path = Quotes_done_btn.png; sourceTree = "<group>"; };
		CEEEE3E016CC4C1F0049A4B2 /* quotes_popup.png */ = {isa = PBXFileReference; lastKnownFileType = image.png; path = quotes_popup.png; sourceTree = "<group>"; };
		CEEEE3E116CC4C1F0049A4B2 /* quotes_popup_send.png */ = {isa = PBXFileReference; lastKnownFileType = image.png; path = quotes_popup_send.png; sourceTree = "<group>"; };
		CEEEE3E216CC4C1F0049A4B2 /* shop_arrow.png */ = {isa = PBXFileReference; lastKnownFileType = image.png; path = shop_arrow.png; sourceTree = "<group>"; };
		CEEEE3E316CC4C1F0049A4B2 /* shop_back.png */ = {isa = PBXFileReference; lastKnownFileType = image.png; path = shop_back.png; sourceTree = "<group>"; };
		CEEEE3E416CC4C1F0049A4B2 /* shop_back_category.png */ = {isa = PBXFileReference; lastKnownFileType = image.png; path = shop_back_category.png; sourceTree = "<group>"; };
		CEEEE3E516CC4C1F0049A4B2 /* shop_back_middle.png */ = {isa = PBXFileReference; lastKnownFileType = image.png; path = shop_back_middle.png; sourceTree = "<group>"; };
		CEEEE3E616CC4C1F0049A4B2 /* shop_back_small.png */ = {isa = PBXFileReference; lastKnownFileType = image.png; path = shop_back_small.png; sourceTree = "<group>"; };
		CEEEE3E716CC4C1F0049A4B2 /* shop_data.png */ = {isa = PBXFileReference; lastKnownFileType = image.png; path = shop_data.png; sourceTree = "<group>"; };
		CEEEE3E816CC4C1F0049A4B2 /* shop_popup.png */ = {isa = PBXFileReference; lastKnownFileType = image.png; path = shop_popup.png; sourceTree = "<group>"; };
		CEEEE3E916CC4C1F0049A4B2 /* shop_popup_btn_blue.png */ = {isa = PBXFileReference; lastKnownFileType = image.png; path = shop_popup_btn_blue.png; sourceTree = "<group>"; };
		CEEEE3EA16CC4C1F0049A4B2 /* shop_popup_btn_white.png */ = {isa = PBXFileReference; lastKnownFileType = image.png; path = shop_popup_btn_white.png; sourceTree = "<group>"; };
		CEEEE3EB16CC4C1F0049A4B2 /* shop_popup_n.png */ = {isa = PBXFileReference; lastKnownFileType = image.png; path = shop_popup_n.png; sourceTree = "<group>"; };
		CEEEE3EC16CC4C1F0049A4B2 /* top_back.png */ = {isa = PBXFileReference; lastKnownFileType = image.png; path = top_back.png; sourceTree = "<group>"; };
		CEEEE3ED16CC4C1F0049A4B2 /* top_back_smaller.png */ = {isa = PBXFileReference; lastKnownFileType = image.png; path = top_back_smaller.png; sourceTree = "<group>"; };
		CEF837B116D78BDC00603C6E /* Free1ViewController.h */ = {isa = PBXFileReference; fileEncoding = 4; lastKnownFileType = sourcecode.c.h; path = Free1ViewController.h; sourceTree = "<group>"; };
		CEF837B216D78BDC00603C6E /* Free1ViewController.m */ = {isa = PBXFileReference; fileEncoding = 4; lastKnownFileType = sourcecode.c.objc; path = Free1ViewController.m; sourceTree = "<group>"; };
		CEF837B316D78BDC00603C6E /* Free1ViewController.xib */ = {isa = PBXFileReference; fileEncoding = 4; lastKnownFileType = file.xib; path = Free1ViewController.xib; sourceTree = "<group>"; };
/* End PBXFileReference section */

/* Begin PBXFrameworksBuildPhase section */
		1D60588F0D05DD3D006BFB54 /* Frameworks */ = {
			isa = PBXFrameworksBuildPhase;
			buildActionMask = 2147483647;
			files = (
				CEC6416A16BC0D6200AC325F /* AudioToolbox.framework in Frameworks */,
				CE82EA8F16BA7D2D00F33698 /* libz.dylib in Frameworks */,
				CE82EA8D16BA7CD600F33698 /* MobileCoreServices.framework in Frameworks */,
				CE82EA8B16BA7CA400F33698 /* CFNetwork.framework in Frameworks */,
				CE3098A716B7C48D00D39AC7 /* libsqlite3.dylib in Frameworks */,
				8EE9B1C716AFE6A500C46C60 /* SystemConfiguration.framework in Frameworks */,
				8E11FBBB16AEE6840079411A /* libxml2.2.dylib in Frameworks */,
				1D60589F0D05DD5A006BFB54 /* Foundation.framework in Frameworks */,
				1DF5F4E00D08C38300B7A737 /* UIKit.framework in Frameworks */,
				288765FD0DF74451002DB57D /* CoreGraphics.framework in Frameworks */,
			);
			runOnlyForDeploymentPostprocessing = 0;
		};
/* End PBXFrameworksBuildPhase section */

/* Begin PBXGroup section */
		080E96DDFE201D6D7F000001 /* Classes */ = {
			isa = PBXGroup;
			children = (
				CE9AC36F16DA2CB60014095C /* SearchViewController.h */,
				CE9AC37016DA2CB60014095C /* SearchViewController.m */,
				CEF837B116D78BDC00603C6E /* Free1ViewController.h */,
				CEF837B216D78BDC00603C6E /* Free1ViewController.m */,
				CED2D90216D734F800054E13 /* BuyOption1.h */,
				CED2D90316D734F800054E13 /* BuyOption1.m */,
				CED363E516D2D89500F2337F /* DownloadsViewController.h */,
				CED363E616D2D89500F2337F /* DownloadsViewController.m */,
				CEDFAAAA16BFA9DD008601F6 /* ChaptersViewController.h */,
				CE220C5D16CED53D008E4A29 /* ChapterCellViewController.h */,
				CE220C5E16CED53D008E4A29 /* ChapterCellViewController.m */,
				CEDFAAAB16BFA9DD008601F6 /* ChaptersViewController.m */,
				1D3623240D0F684500981E51 /* AppDelegate.h */,
				1D3623250D0F684500981E51 /* AppDelegate.m */,
				8EE9B1CC16B0149B00C46C60 /* AuthorSettings.h */,
				8EE9B1CD16B0149B00C46C60 /* AuthorSettings.m */,
				8EC60C5415F64E4100D34892 /* BookViewController.h */,
				8EC60C5515F64E4100D34892 /* BookViewController.m */,
				8EC60C4B15F623A600D34892 /* MainViewController.h */,
				8EC60C4C15F623A600D34892 /* MainViewController.m */,
				41B6F5A20FABB9750047CC2A /* CDAUIView.m */,
				41B6F5A30FABB9750047CC2A /* CDBUIView.h */,
				41B6F5A40FABB9750047CC2A /* CDBViewController.h */,
				41B6F5A50FABB9750047CC2A /* CDBViewController.m */,
				8EE9B1CE16B0149C00C46C60 /* GenreSettings.h */,
				8EE9B1CF16B0149C00C46C60 /* GenreSettings.m */,
				8EC60C4F15F62A3400D34892 /* CatalogViewController.h */,
				8EC60C5015F62A3400D34892 /* CatalogViewController.m */,
				8E4D7B0716A9AA1B00CC2BEC /* gs.h */,
				8E4D7B0816A9AA1B00CC2BEC /* gs.m */,
				CE7FD5EA16B9397C00748E29 /* PlayerViewController.h */,
				CE7FD5EB16B9397C00748E29 /* PlayerViewController.m */,
				8EE9B1D016B0149C00C46C60 /* PublisherSettings.h */,
				8EE9B1D116B0149C00C46C60 /* PublisherSettings.m */,
				8EE9B1D216B0149C00C46C60 /* ReaderSettings.h */,
				8EE9B1D316B0149C00C46C60 /* ReaderSettings.m */,
			);
			path = Classes;
			sourceTree = "<group>";
		};
		19C28FACFE9D520D11CA2CBB /* Products */ = {
			isa = PBXGroup;
			children = (
				1D6058910D05DD3D006BFB54 /* audiobook.app */,
			);
			name = Products;
			sourceTree = "<group>";
		};
		29B97314FDCFA39411CA2CEA /* CustomTemplate */ = {
			isa = PBXGroup;
			children = (
				CEDD9C5E16DDDFCB00AD83EB /* MyBooksView.h */,
				CEDD9C5F16DDDFCB00AD83EB /* MyBooksView.m */,
				CE82EA6916BA6D8400F33698 /* xibs */,
				080E96DDFE201D6D7F000001 /* Classes */,
				29B97315FDCFA39411CA2CEA /* Other Sources */,
				8ED3BCC115F8EE6400326459 /* db */,
				29B97317FDCFA39411CA2CEA /* Resources */,
				29B97323FDCFA39411CA2CEA /* Frameworks */,
				19C28FACFE9D520D11CA2CBB /* Products */,
			);
			name = CustomTemplate;
			sourceTree = "<group>";
		};
		29B97315FDCFA39411CA2CEA /* Other Sources */ = {
			isa = PBXGroup;
			children = (
				CEC6415F16BC0B4800AC325F /* AudioStreamer */,
				CE82EA6C16BA7ABB00F33698 /* asih */,
				8ED3BCB615F7A5E300326459 /* StandardPaths.h */,
				8ED3BCB715F7A5E300326459 /* StandardPaths.m */,
				8EE9B1C216AFE21F00C46C60 /* Reachability.h */,
				8EE9B1C316AFE21F00C46C60 /* Reachability.m */,
				8E11FBA216AE9B1F0079411A /* KissXML */,
				32CA4F630368D1EE00C91783 /* audiobook_Prefix.pch */,
				29B97316FDCFA39411CA2CEA /* main.m */,
			);
			name = "Other Sources";
			sourceTree = "<group>";
		};
		29B97317FDCFA39411CA2CEA /* Resources */ = {
			isa = PBXGroup;
			children = (
				CE17B28A16C2794300D0FB36 /* img */,
				8ED3BCC815FA4C9200326459 /* icon114.png */,
				8ED3BCC615FA4C3B00326459 /* icon57.png */,
				8ED3BCC215FA4B7200326459 /* Default.png */,
				8ED3BCA615F798E800326459 /* database.db */,
				41B6F5A80FABB9800047CC2A /* two-tri.png */,
				8EC60C5215F633FC00D34892 /* hurley.jpg */,
				41B6F5A90FABB9800047CC2A /* rect-tri.png */,
				41B6F5AA0FABB9800047CC2A /* rect-elli.png */,
				41B6F5AB0FABB9800047CC2A /* ellipse.png */,
				41B6F5AC0FABB9800047CC2A /* rect.png */,
				41B6F5AD0FABB9800047CC2A /* tri.png */,
				8D1107310486CEB800E47090 /* audiobook-Info.plist */,
			);
			name = Resources;
			sourceTree = "<group>";
		};
		29B97323FDCFA39411CA2CEA /* Frameworks */ = {
			isa = PBXGroup;
			children = (
				CEC6416916BC0D6200AC325F /* AudioToolbox.framework */,
				CE82EA8E16BA7D2D00F33698 /* libz.dylib */,
				CE82EA8C16BA7CD600F33698 /* MobileCoreServices.framework */,
				CE82EA8A16BA7CA400F33698 /* CFNetwork.framework */,
				CE3098A616B7C48D00D39AC7 /* libsqlite3.dylib */,
				8E11FBBA16AEE6840079411A /* libxml2.2.dylib */,
				8EE9B1C616AFE6A500C46C60 /* SystemConfiguration.framework */,
				1DF5F4DF0D08C38300B7A737 /* UIKit.framework */,
				1D30AB110D05D00D00671497 /* Foundation.framework */,
				288765FC0DF74451002DB57D /* CoreGraphics.framework */,
			);
			name = Frameworks;
			sourceTree = "<group>";
		};
		8E11FBA216AE9B1F0079411A /* KissXML */ = {
			isa = PBXGroup;
			children = (
				8E11FBA316AE9B1F0079411A /* Additions */,
				8E11FBA616AE9B1F0079411A /* Categories */,
				8E11FBA916AE9B1F0079411A /* DDXML.h */,
				8E11FBAA16AE9B1F0079411A /* DDXMLDocument.h */,
				8E11FBAB16AE9B1F0079411A /* DDXMLDocument.m */,
				8E11FBAC16AE9B1F0079411A /* DDXMLElement.h */,
				8E11FBAD16AE9B1F0079411A /* DDXMLElement.m */,
				8E11FBAE16AE9B1F0079411A /* DDXMLNode.h */,
				8E11FBAF16AE9B1F0079411A /* DDXMLNode.m */,
				8E11FBB016AE9B1F0079411A /* Private */,
			);
			name = KissXML;
			path = Classes/KissXML;
			sourceTree = "<group>";
		};
		8E11FBA316AE9B1F0079411A /* Additions */ = {
			isa = PBXGroup;
			children = (
				8E11FBA416AE9B1F0079411A /* DDXMLElementAdditions.h */,
				8E11FBA516AE9B1F0079411A /* DDXMLElementAdditions.m */,
			);
			path = Additions;
			sourceTree = "<group>";
		};
		8E11FBA616AE9B1F0079411A /* Categories */ = {
			isa = PBXGroup;
			children = (
				8E11FBA716AE9B1F0079411A /* NSString+DDXML.h */,
				8E11FBA816AE9B1F0079411A /* NSString+DDXML.m */,
			);
			path = Categories;
			sourceTree = "<group>";
		};
		8E11FBB016AE9B1F0079411A /* Private */ = {
			isa = PBXGroup;
			children = (
				8E11FBB116AE9B1F0079411A /* DDXMLPrivate.h */,
			);
			path = Private;
			sourceTree = "<group>";
		};
		8ED3BCC115F8EE6400326459 /* db */ = {
			isa = PBXGroup;
			children = (
				8E71F3DD1600BEAC00639B4D /* Book.h */,
				8E71F3DE1600BEAC00639B4D /* Book.m */,
				8ED3BCBD15F8E9C100326459 /* CatalogItem.h */,
				8ED3BCBE15F8E9C100326459 /* CatalogItem.m */,
			);
			name = db;
			path = Classes;
			sourceTree = "<group>";
		};
		CE17B28A16C2794300D0FB36 /* img */ = {
			isa = PBXGroup;
			children = (
				CE17B2AF16C27CBF00D0FB36 /* button_back.png */,
				CE17B2B016C27CBF00D0FB36 /* notif_1.png */,
				CE17B28C16C2794C00D0FB36 /* player */,
			);
			name = img;
			sourceTree = "<group>";
		};
		CE17B28C16C2794C00D0FB36 /* player */ = {
			isa = PBXGroup;
			children = (
				CEEEE39F16CC4C1F0049A4B2 /* iphone3 */,
				CE17B28D16C279F500D0FB36 /* player_bar_button@2x.png */,
				CE17B28E16C279F500D0FB36 /* player_bookmark_off@2x.png */,
				CE17B28F16C279F500D0FB36 /* player_bookmark_on@2x.png */,
				CE17B29016C279F500D0FB36 /* player_bookmarks@2x.png */,
				CE17B29116C279F500D0FB36 /* player_button_buy@2x.png */,
				CE17B29216C279F500D0FB36 /* player_button_done@2x.png */,
				CE17B29316C279F500D0FB36 /* player_button_help@2x.png */,
				CE17B29416C279F500D0FB36 /* player_button_pause@2x.png */,
				CE17B29516C279F500D0FB36 /* player_button_play@2x.png */,
				CE17B29616C279F500D0FB36 /* player_button_settings@2x.png */,
				CE17B29716C279F500D0FB36 /* player_buy@2x.png */,
				CE17B29816C279F500D0FB36 /* player_contents@2x.png */,
				CE17B29916C279F500D0FB36 /* player_cur_mark_l@2x.png */,
				CE17B29A16C279F500D0FB36 /* player_cur_mark_r@2x.png */,
				CE17B29B16C279F500D0FB36 /* player_current_mark@2x.png */,
				CE17B29C16C279F500D0FB36 /* player_no_text@2x.png */,
				CE17B29D16C279F500D0FB36 /* player_top_bar@2x.png */,
			);
			name = player;
			sourceTree = "<group>";
		};
		CE82EA6916BA6D8400F33698 /* xibs */ = {
			isa = PBXGroup;
			children = (
				CEDD9C6016DDDFCB00AD83EB /* MyBooksView.xib */,
				CE9AC37116DA2CB60014095C /* SearchView.xib */,
				CEF837B316D78BDC00603C6E /* Free1ViewController.xib */,
				CED363E716D2D89500F2337F /* DownloadsView.xib */,
				CE220C5F16CED53D008E4A29 /* ChapterCellView.xib */,
				8E52FF1716B6DCED000AD339 /* BookView.xib */,
				CE7FD5ED16B93DEA00748E29 /* PlayerView.xib */,
			);
			name = xibs;
			path = Classes;
			sourceTree = "<group>";
		};
		CE82EA6C16BA7ABB00F33698 /* asih */ = {
			isa = PBXGroup;
			children = (
				CE82EA6D16BA7ABB00F33698 /* ASIAuthenticationDialog.h */,
				CE82EA6E16BA7ABB00F33698 /* ASIAuthenticationDialog.m */,
				CE82EA6F16BA7ABB00F33698 /* ASICacheDelegate.h */,
				CE82EA7016BA7ABB00F33698 /* ASIDataCompressor.h */,
				CE82EA7116BA7ABB00F33698 /* ASIDataCompressor.m */,
				CE82EA7216BA7ABB00F33698 /* ASIDataDecompressor.h */,
				CE82EA7316BA7ABB00F33698 /* ASIDataDecompressor.m */,
				CE82EA7416BA7ABB00F33698 /* ASIDownloadCache.h */,
				CE82EA7516BA7ABB00F33698 /* ASIDownloadCache.m */,
				CE82EA7616BA7ABB00F33698 /* ASIFormDataRequest.h */,
				CE82EA7716BA7ABB00F33698 /* ASIFormDataRequest.m */,
				CE82EA7816BA7ABB00F33698 /* ASIHTTPRequest.h */,
				CE82EA7916BA7ABB00F33698 /* ASIHTTPRequest.m */,
				CE82EA7A16BA7ABB00F33698 /* ASIHTTPRequestConfig.h */,
				CE82EA7B16BA7ABB00F33698 /* ASIHTTPRequestDelegate.h */,
				CE82EA7C16BA7ABB00F33698 /* ASIInputStream.h */,
				CE82EA7D16BA7ABB00F33698 /* ASIInputStream.m */,
				CE82EA7E16BA7ABB00F33698 /* ASINetworkQueue.h */,
				CE82EA7F16BA7ABB00F33698 /* ASINetworkQueue.m */,
				CE82EA8016BA7ABB00F33698 /* ASIProgressDelegate.h */,
			);
			name = asih;
			path = Classes/asih;
			sourceTree = "<group>";
		};
		CEC6415F16BC0B4800AC325F /* AudioStreamer */ = {
			isa = PBXGroup;
			children = (
				CEC6416016BC0B4800AC325F /* AudioStreamer.h */,
				CEC6416116BC0B4800AC325F /* AudioStreamer.m */,
				CEC6416216BC0B4800AC325F /* StreamingPlayer.h */,
				CEC6416316BC0B4800AC325F /* StreamingPlayer.m */,
			);
			name = AudioStreamer;
			path = Classes/AudioStreamer;
			sourceTree = "<group>";
		};
		CEEEE39F16CC4C1F0049A4B2 /* iphone3 */ = {
			isa = PBXGroup;
			children = (
				CEEEE3A016CC4C1F0049A4B2 /* back_with_mark.png */,
				CEEEE3A116CC4C1F0049A4B2 /* back_wo_mark.png */,
				CEEEE3A216CC4C1F0049A4B2 /* blue_star.png */,
				CEEEE3A316CC4C1F0049A4B2 /* btn_del.png */,
				CEEEE3A416CC4C1F0049A4B2 /* btn_listen.png */,
				CEEEE3A516CC4C1F0049A4B2 /* btn_send.png */,
				CEEEE3A616CC4C1F0049A4B2 /* btn_send_facebook.png */,
				CEEEE3A716CC4C1F0049A4B2 /* btn_send_mail.png */,
				CEEEE3A816CC4C1F0049A4B2 /* btn_send_odkl.png */,
				CEEEE3A916CC4C1F0049A4B2 /* btn_send_twitter.png */,
				CEEEE3AA16CC4C1F0049A4B2 /* btn_send_vk.png */,
				CEEEE3AB16CC4C1F0049A4B2 /* button_ arrival.png */,
				CEEEE3AC16CC4C1F0049A4B2 /* button_ exit.png */,
				CEEEE3AD16CC4C1F0049A4B2 /* button_back.png */,
				CEEEE3AE16CC4C1F0049A4B2 /* button_buy.png */,
				CEEEE3AF16CC4C1F0049A4B2 /* button_continue.png */,
				CEEEE3B016CC4C1F0049A4B2 /* button_download.png */,
				CEEEE3B116CC4C1F0049A4B2 /* button_listen.png */,
				CEEEE3B216CC4C1F0049A4B2 /* button_listen_free.png */,
				CEEEE3B316CC4C1F0049A4B2 /* button_open.png */,
				CEEEE3B416CC4C1F0049A4B2 /* button_open_full.png */,
				CEEEE3B516CC4C1F0049A4B2 /* button_stop.png */,
				CEEEE3B616CC4C1F0049A4B2 /* button_white.png */,
				CEEEE3B716CC4C1F0049A4B2 /* button_white_long.png */,
				CEEEE3B816CC4C1F0049A4B2 /* clock_green.png */,
				CEEEE3B916CC4C1F0049A4B2 /* clock_red.png */,
				CEEEE3BA16CC4C1F0049A4B2 /* collection_book_back.png */,
				CEEEE3BB16CC4C1F0049A4B2 /* download_all_chapters.png */,
				CEEEE3BC16CC4C1F0049A4B2 /* download_back.png */,
				CEEEE3BD16CC4C1F0049A4B2 /* download_book_button.png */,
				CEEEE3BE16CC4C1F0049A4B2 /* gray_star.png */,
				CEEEE3BF16CC4C1F0049A4B2 /* hit.png */,
				CEEEE3C016CC4C1F0049A4B2 /* hlp_add_bookmark.png */,
				CEEEE3C116CC4C1F0049A4B2 /* hlp_bookmark.png */,
				CEEEE3C216CC4C1F0049A4B2 /* hlp_next.png */,
				CEEEE3C316CC4C1F0049A4B2 /* hlp_pause.png */,
				CEEEE3C416CC4C1F0049A4B2 /* hlp_prev.png */,
				CEEEE3C516CC4C1F0049A4B2 /* hlp_start.png */,
				CEEEE3C616CC4C1F0049A4B2 /* hlp_title.png */,
				CEEEE3C716CC4C1F0049A4B2 /* info_text_back.png */,
				CEEEE3C816CC4C1F0049A4B2 /* kb_bar_quotas.png */,
				CEEEE3C916CC4C1F0049A4B2 /* navigation_bar_info.png */,
				CEEEE3CA16CC4C1F0049A4B2 /* navigation_bar_main.png */,
				CEEEE3CB16CC4C1F0049A4B2 /* navigation_bar_quote.png */,
				CEEEE3CC16CC4C1F0049A4B2 /* player_bar_button.png */,
				CEEEE3CD16CC4C1F0049A4B2 /* player_bookmark_off.png */,
				CEEEE3CE16CC4C1F0049A4B2 /* player_bookmark_on.png */,
				CEEEE3CF16CC4C1F0049A4B2 /* player_bookmarks.png */,
				CEEEE3D016CC4C1F0049A4B2 /* player_button_buy.png */,
				CEEEE3D116CC4C1F0049A4B2 /* player_button_done.png */,
				CEEEE3D216CC4C1F0049A4B2 /* player_button_help.png */,
				CEEEE3D316CC4C1F0049A4B2 /* player_button_pause.png */,
				CEEEE3D416CC4C1F0049A4B2 /* player_button_play.png */,
				CEEEE3D516CC4C1F0049A4B2 /* player_button_settings.png */,
				CEEEE3D616CC4C1F0049A4B2 /* player_buy.png */,
				CEEEE3D716CC4C1F0049A4B2 /* player_contents.png */,
				CEEEE3D816CC4C1F0049A4B2 /* player_cur_mark_l.png */,
				CEEEE3D916CC4C1F0049A4B2 /* player_cur_mark_r.png */,
				CEEEE3DA16CC4C1F0049A4B2 /* player_current_mark.png */,
				CEEEE3DB16CC4C1F0049A4B2 /* player_no_text.png */,
				CEEEE3DC16CC4C1F0049A4B2 /* player_top_bar.png */,
				CEEEE3DD16CC4C1F0049A4B2 /* popup_n.png */,
				CEEEE3DE16CC4C1F0049A4B2 /* Quotes_Ch_btn.png */,
				CEEEE3DF16CC4C1F0049A4B2 /* Quotes_done_btn.png */,
				CEEEE3E016CC4C1F0049A4B2 /* quotes_popup.png */,
				CEEEE3E116CC4C1F0049A4B2 /* quotes_popup_send.png */,
				CEEEE3E216CC4C1F0049A4B2 /* shop_arrow.png */,
				CEEEE3E316CC4C1F0049A4B2 /* shop_back.png */,
				CEEEE3E416CC4C1F0049A4B2 /* shop_back_category.png */,
				CEEEE3E516CC4C1F0049A4B2 /* shop_back_middle.png */,
				CEEEE3E616CC4C1F0049A4B2 /* shop_back_small.png */,
				CEEEE3E716CC4C1F0049A4B2 /* shop_data.png */,
				CEEEE3E816CC4C1F0049A4B2 /* shop_popup.png */,
				CEEEE3E916CC4C1F0049A4B2 /* shop_popup_btn_blue.png */,
				CEEEE3EA16CC4C1F0049A4B2 /* shop_popup_btn_white.png */,
				CEEEE3EB16CC4C1F0049A4B2 /* shop_popup_n.png */,
				CEEEE3EC16CC4C1F0049A4B2 /* top_back.png */,
				CEEEE3ED16CC4C1F0049A4B2 /* top_back_smaller.png */,
			);
			name = iphone3;
			path = resources/img/player/iphone3;
			sourceTree = "<group>";
		};
/* End PBXGroup section */

/* Begin PBXNativeTarget section */
		1D6058900D05DD3D006BFB54 /* audiobook */ = {
			isa = PBXNativeTarget;
			buildConfigurationList = 1D6058960D05DD3E006BFB54 /* Build configuration list for PBXNativeTarget "audiobook" */;
			buildPhases = (
				1D60588D0D05DD3D006BFB54 /* Resources */,
				1D60588E0D05DD3D006BFB54 /* Sources */,
				1D60588F0D05DD3D006BFB54 /* Frameworks */,
			);
			buildRules = (
			);
			dependencies = (
			);
			name = audiobook;
			productName = CDB;
			productReference = 1D6058910D05DD3D006BFB54 /* audiobook.app */;
			productType = "com.apple.product-type.application";
		};
/* End PBXNativeTarget section */

/* Begin PBXProject section */
		29B97313FDCFA39411CA2CEA /* Project object */ = {
			isa = PBXProject;
			buildConfigurationList = C01FCF4E08A954540054247B /* Build configuration list for PBXProject "audiobook" */;
			compatibilityVersion = "Xcode 3.1";
			developmentRegion = English;
			hasScannedForEncodings = 1;
			knownRegions = (
				en,
			);
			mainGroup = 29B97314FDCFA39411CA2CEA /* CustomTemplate */;
			projectDirPath = "";
			projectRoot = "";
			targets = (
				1D6058900D05DD3D006BFB54 /* audiobook */,
			);
		};
/* End PBXProject section */

/* Begin PBXResourcesBuildPhase section */
		1D60588D0D05DD3D006BFB54 /* Resources */ = {
			isa = PBXResourcesBuildPhase;
			buildActionMask = 2147483647;
			files = (
				41B6F5AE0FABB9800047CC2A /* two-tri.png in Resources */,
				41B6F5AF0FABB9800047CC2A /* rect-tri.png in Resources */,
				41B6F5B00FABB9800047CC2A /* rect-elli.png in Resources */,
				41B6F5B10FABB9800047CC2A /* ellipse.png in Resources */,
				41B6F5B20FABB9800047CC2A /* rect.png in Resources */,
				41B6F5B30FABB9800047CC2A /* tri.png in Resources */,
				8EC60C5315F633FC00D34892 /* hurley.jpg in Resources */,
				8ED3BCA715F798E800326459 /* database.db in Resources */,
				8ED3BCC315FA4B7200326459 /* Default.png in Resources */,
				8ED3BCC715FA4C3C00326459 /* icon57.png in Resources */,
				8ED3BCC915FA4C9300326459 /* icon114.png in Resources */,
				8E52FF1816B6DCED000AD339 /* BookView.xib in Resources */,
				CE7FD5EE16B93DEA00748E29 /* PlayerView.xib in Resources */,
				CE17B29E16C279F500D0FB36 /* player_bar_button@2x.png in Resources */,
				CE17B29F16C279F500D0FB36 /* player_bookmark_off@2x.png in Resources */,
				CE17B2A016C279F500D0FB36 /* player_bookmark_on@2x.png in Resources */,
				CE17B2A116C279F500D0FB36 /* player_bookmarks@2x.png in Resources */,
				CE17B2A216C279F500D0FB36 /* player_button_buy@2x.png in Resources */,
				CE17B2A316C279F500D0FB36 /* player_button_done@2x.png in Resources */,
				CE17B2A416C279F500D0FB36 /* player_button_help@2x.png in Resources */,
				CE17B2A516C279F500D0FB36 /* player_button_pause@2x.png in Resources */,
				CE17B2A616C279F500D0FB36 /* player_button_play@2x.png in Resources */,
				CE17B2A716C279F500D0FB36 /* player_button_settings@2x.png in Resources */,
				CE17B2A816C279F500D0FB36 /* player_buy@2x.png in Resources */,
				CE17B2A916C279F500D0FB36 /* player_contents@2x.png in Resources */,
				CE17B2AA16C279F500D0FB36 /* player_cur_mark_l@2x.png in Resources */,
				CE17B2AB16C279F500D0FB36 /* player_cur_mark_r@2x.png in Resources */,
				CE17B2AC16C279F500D0FB36 /* player_current_mark@2x.png in Resources */,
				CE17B2AD16C279F500D0FB36 /* player_no_text@2x.png in Resources */,
				CE17B2AE16C279F500D0FB36 /* player_top_bar@2x.png in Resources */,
				CE17B2B116C27CBF00D0FB36 /* button_back.png in Resources */,
				CE17B2B216C27CBF00D0FB36 /* notif_1.png in Resources */,
				CEEEE3EE16CC4C1F0049A4B2 /* back_with_mark.png in Resources */,
				CEEEE3EF16CC4C1F0049A4B2 /* back_wo_mark.png in Resources */,
				CEEEE3F016CC4C1F0049A4B2 /* blue_star.png in Resources */,
				CEEEE3F116CC4C1F0049A4B2 /* btn_del.png in Resources */,
				CEEEE3F216CC4C1F0049A4B2 /* btn_listen.png in Resources */,
				CEEEE3F316CC4C1F0049A4B2 /* btn_send.png in Resources */,
				CEEEE3F416CC4C1F0049A4B2 /* btn_send_facebook.png in Resources */,
				CEEEE3F516CC4C1F0049A4B2 /* btn_send_mail.png in Resources */,
				CEEEE3F616CC4C1F0049A4B2 /* btn_send_odkl.png in Resources */,
				CEEEE3F716CC4C1F0049A4B2 /* btn_send_twitter.png in Resources */,
				CEEEE3F816CC4C1F0049A4B2 /* btn_send_vk.png in Resources */,
				CEEEE3F916CC4C1F0049A4B2 /* button_ arrival.png in Resources */,
				CEEEE3FA16CC4C1F0049A4B2 /* button_ exit.png in Resources */,
				CEEEE3FB16CC4C1F0049A4B2 /* button_back.png in Resources */,
				CEEEE3FC16CC4C1F0049A4B2 /* button_buy.png in Resources */,
				CEEEE3FD16CC4C1F0049A4B2 /* button_continue.png in Resources */,
				CEEEE3FE16CC4C1F0049A4B2 /* button_download.png in Resources */,
				CEEEE3FF16CC4C1F0049A4B2 /* button_listen.png in Resources */,
				CEEEE40016CC4C1F0049A4B2 /* button_listen_free.png in Resources */,
				CEEEE40116CC4C1F0049A4B2 /* button_open.png in Resources */,
				CEEEE40216CC4C1F0049A4B2 /* button_open_full.png in Resources */,
				CEEEE40316CC4C1F0049A4B2 /* button_stop.png in Resources */,
				CEEEE40416CC4C1F0049A4B2 /* button_white.png in Resources */,
				CEEEE40516CC4C1F0049A4B2 /* button_white_long.png in Resources */,
				CEEEE40616CC4C1F0049A4B2 /* clock_green.png in Resources */,
				CEEEE40716CC4C1F0049A4B2 /* clock_red.png in Resources */,
				CEEEE40816CC4C1F0049A4B2 /* collection_book_back.png in Resources */,
				CEEEE40916CC4C1F0049A4B2 /* download_all_chapters.png in Resources */,
				CEEEE40A16CC4C1F0049A4B2 /* download_back.png in Resources */,
				CEEEE40B16CC4C1F0049A4B2 /* download_book_button.png in Resources */,
				CEEEE40C16CC4C1F0049A4B2 /* gray_star.png in Resources */,
				CEEEE40D16CC4C1F0049A4B2 /* hit.png in Resources */,
				CEEEE40E16CC4C1F0049A4B2 /* hlp_add_bookmark.png in Resources */,
				CEEEE40F16CC4C1F0049A4B2 /* hlp_bookmark.png in Resources */,
				CEEEE41016CC4C1F0049A4B2 /* hlp_next.png in Resources */,
				CEEEE41116CC4C1F0049A4B2 /* hlp_pause.png in Resources */,
				CEEEE41216CC4C1F0049A4B2 /* hlp_prev.png in Resources */,
				CEEEE41316CC4C1F0049A4B2 /* hlp_start.png in Resources */,
				CEEEE41416CC4C1F0049A4B2 /* hlp_title.png in Resources */,
				CEEEE41516CC4C1F0049A4B2 /* info_text_back.png in Resources */,
				CEEEE41616CC4C1F0049A4B2 /* kb_bar_quotas.png in Resources */,
				CEEEE41716CC4C1F0049A4B2 /* navigation_bar_info.png in Resources */,
				CEEEE41816CC4C1F0049A4B2 /* navigation_bar_main.png in Resources */,
				CEEEE41916CC4C1F0049A4B2 /* navigation_bar_quote.png in Resources */,
				CEEEE41A16CC4C1F0049A4B2 /* player_bar_button.png in Resources */,
				CEEEE41B16CC4C1F0049A4B2 /* player_bookmark_off.png in Resources */,
				CEEEE41C16CC4C1F0049A4B2 /* player_bookmark_on.png in Resources */,
				CEEEE41D16CC4C1F0049A4B2 /* player_bookmarks.png in Resources */,
				CEEEE41E16CC4C1F0049A4B2 /* player_button_buy.png in Resources */,
				CEEEE41F16CC4C1F0049A4B2 /* player_button_done.png in Resources */,
				CEEEE42016CC4C1F0049A4B2 /* player_button_help.png in Resources */,
				CEEEE42116CC4C1F0049A4B2 /* player_button_pause.png in Resources */,
				CEEEE42216CC4C1F0049A4B2 /* player_button_play.png in Resources */,
				CEEEE42316CC4C1F0049A4B2 /* player_button_settings.png in Resources */,
				CEEEE42416CC4C1F0049A4B2 /* player_buy.png in Resources */,
				CEEEE42516CC4C1F0049A4B2 /* player_contents.png in Resources */,
				CEEEE42616CC4C1F0049A4B2 /* player_cur_mark_l.png in Resources */,
				CEEEE42716CC4C1F0049A4B2 /* player_cur_mark_r.png in Resources */,
				CEEEE42816CC4C1F0049A4B2 /* player_current_mark.png in Resources */,
				CEEEE42916CC4C1F0049A4B2 /* player_no_text.png in Resources */,
				CEEEE42A16CC4C1F0049A4B2 /* player_top_bar.png in Resources */,
				CEEEE42B16CC4C1F0049A4B2 /* popup_n.png in Resources */,
				CEEEE42C16CC4C1F0049A4B2 /* Quotes_Ch_btn.png in Resources */,
				CEEEE42D16CC4C1F0049A4B2 /* Quotes_done_btn.png in Resources */,
				CEEEE42E16CC4C1F0049A4B2 /* quotes_popup.png in Resources */,
				CEEEE42F16CC4C1F0049A4B2 /* quotes_popup_send.png in Resources */,
				CEEEE43016CC4C1F0049A4B2 /* shop_arrow.png in Resources */,
				CEEEE43116CC4C1F0049A4B2 /* shop_back.png in Resources */,
				CEEEE43216CC4C1F0049A4B2 /* shop_back_category.png in Resources */,
				CEEEE43316CC4C1F0049A4B2 /* shop_back_middle.png in Resources */,
				CEEEE43416CC4C1F0049A4B2 /* shop_back_small.png in Resources */,
				CEEEE43516CC4C1F0049A4B2 /* shop_data.png in Resources */,
				CEEEE43616CC4C1F0049A4B2 /* shop_popup.png in Resources */,
				CEEEE43716CC4C1F0049A4B2 /* shop_popup_btn_blue.png in Resources */,
				CEEEE43816CC4C1F0049A4B2 /* shop_popup_btn_white.png in Resources */,
				CEEEE43916CC4C1F0049A4B2 /* shop_popup_n.png in Resources */,
				CEEEE43A16CC4C1F0049A4B2 /* top_back.png in Resources */,
				CEEEE43B16CC4C1F0049A4B2 /* top_back_smaller.png in Resources */,
				CE220C6116CED53D008E4A29 /* ChapterCellView.xib in Resources */,
				CED363E916D2D89500F2337F /* DownloadsView.xib in Resources */,
				CEF837B516D78BDC00603C6E /* Free1ViewController.xib in Resources */,
				CE9AC37316DA2CB60014095C /* SearchView.xib in Resources */,
				CEDD9C6216DDDFCB00AD83EB /* MyBooksView.xib in Resources */,
			);
			runOnlyForDeploymentPostprocessing = 0;
		};
/* End PBXResourcesBuildPhase section */

/* Begin PBXSourcesBuildPhase section */
		1D60588E0D05DD3D006BFB54 /* Sources */ = {
			isa = PBXSourcesBuildPhase;
			buildActionMask = 2147483647;
			files = (
				1D60589B0D05DD56006BFB54 /* main.m in Sources */,
				1D3623260D0F684500981E51 /* AppDelegate.m in Sources */,
				41B6F5A60FABB9750047CC2A /* CDAUIView.m in Sources */,
				41B6F5A70FABB9750047CC2A /* CDBViewController.m in Sources */,
				8EC60C4D15F623A600D34892 /* MainViewController.m in Sources */,
				8EC60C5115F62A3400D34892 /* CatalogViewController.m in Sources */,
				8EC60C5815F64E4100D34892 /* BookViewController.m in Sources */,
				8ED3BCB815F7A5E300326459 /* StandardPaths.m in Sources */,
				8ED3BCBF15F8E9C100326459 /* CatalogItem.m in Sources */,
				8E71F3DF1600BEAC00639B4D /* Book.m in Sources */,
				8E4D7B0916A9AA1B00CC2BEC /* gs.m in Sources */,
				8E11FBB216AE9B1F0079411A /* DDXMLElementAdditions.m in Sources */,
				8E11FBB316AE9B1F0079411A /* NSString+DDXML.m in Sources */,
				8E11FBB416AE9B1F0079411A /* DDXMLDocument.m in Sources */,
				8E11FBB516AE9B1F0079411A /* DDXMLElement.m in Sources */,
				8E11FBB616AE9B1F0079411A /* DDXMLNode.m in Sources */,
				8EE9B1C416AFE21F00C46C60 /* Reachability.m in Sources */,
				8EE9B1D416B0149C00C46C60 /* AuthorSettings.m in Sources */,
				8EE9B1D516B0149C00C46C60 /* GenreSettings.m in Sources */,
				8EE9B1D616B0149C00C46C60 /* PublisherSettings.m in Sources */,
				8EE9B1D716B0149C00C46C60 /* ReaderSettings.m in Sources */,
				CE7FD5EC16B9397C00748E29 /* PlayerViewController.m in Sources */,
				CE82EA8116BA7ABB00F33698 /* ASIAuthenticationDialog.m in Sources */,
				CE82EA8216BA7ABB00F33698 /* ASIDataCompressor.m in Sources */,
				CE82EA8316BA7ABB00F33698 /* ASIDataDecompressor.m in Sources */,
				CE82EA8416BA7ABB00F33698 /* ASIDownloadCache.m in Sources */,
				CE82EA8516BA7ABB00F33698 /* ASIFormDataRequest.m in Sources */,
				CE82EA8616BA7ABB00F33698 /* ASIHTTPRequest.m in Sources */,
				CE82EA8716BA7ABB00F33698 /* ASIInputStream.m in Sources */,
				CE82EA8816BA7ABB00F33698 /* ASINetworkQueue.m in Sources */,
				CEC6416416BC0B4800AC325F /* AudioStreamer.m in Sources */,
				CEC6416516BC0B4800AC325F /* StreamingPlayer.m in Sources */,
				CEDFAAAD16BFA9DD008601F6 /* ChaptersViewController.m in Sources */,
				CE220C6016CED53D008E4A29 /* ChapterCellViewController.m in Sources */,
				CED363E816D2D89500F2337F /* DownloadsViewController.m in Sources */,
				CED2D90416D734F800054E13 /* BuyOption1.m in Sources */,
				CEF837B416D78BDC00603C6E /* Free1ViewController.m in Sources */,
				CE9AC37216DA2CB60014095C /* SearchViewController.m in Sources */,
				CEDD9C6116DDDFCB00AD83EB /* MyBooksView.m in Sources */,
			);
			runOnlyForDeploymentPostprocessing = 0;
		};
/* End PBXSourcesBuildPhase section */

/* Begin XCBuildConfiguration section */
		1D6058940D05DD3E006BFB54 /* Debug */ = {
			isa = XCBuildConfiguration;
			buildSettings = {
				ALWAYS_SEARCH_USER_PATHS = NO;
				CLANG_ENABLE_OBJC_ARC = YES;
				COPY_PHASE_STRIP = NO;
				GCC_DYNAMIC_NO_PIC = NO;
				GCC_OPTIMIZATION_LEVEL = 0;
				GCC_PRECOMPILE_PREFIX_HEADER = YES;
				GCC_PREFIX_HEADER = audiobook_Prefix.pch;
				HEADER_SEARCH_PATHS = /usr/include/libxml2;
				INFOPLIST_FILE = "audiobook-Info.plist";
				IPHONEOS_DEPLOYMENT_TARGET = 5.0;
				PRODUCT_NAME = audiobook;
				RUN_CLANG_STATIC_ANALYZER = YES;
				SDKROOT = iphoneos;
			};
			name = Debug;
		};
		1D6058950D05DD3E006BFB54 /* Release */ = {
			isa = XCBuildConfiguration;
			buildSettings = {
				ALWAYS_SEARCH_USER_PATHS = NO;
				CLANG_ENABLE_OBJC_ARC = YES;
				COPY_PHASE_STRIP = YES;
				GCC_PRECOMPILE_PREFIX_HEADER = YES;
				GCC_PREFIX_HEADER = audiobook_Prefix.pch;
				HEADER_SEARCH_PATHS = /usr/include/libxml2;
				INFOPLIST_FILE = "audiobook-Info.plist";
				IPHONEOS_DEPLOYMENT_TARGET = 5.0;
				PRODUCT_NAME = audiobook;
				RUN_CLANG_STATIC_ANALYZER = YES;
				SDKROOT = iphoneos;
			};
			name = Release;
		};
		C01FCF4F08A954540054247B /* Debug */ = {
			isa = XCBuildConfiguration;
			buildSettings = {
				ARCHS = "$(ARCHS_STANDARD_32_BIT)";
				"CODE_SIGN_IDENTITY[sdk=iphoneos*]" = "iPhone Developer";
				GCC_C_LANGUAGE_STANDARD = c99;
				GCC_WARN_ABOUT_RETURN_TYPE = YES;
				GCC_WARN_UNUSED_VARIABLE = YES;
				HEADER_SEARCH_PATHS = "/usr/include/libxml2/**";
				ONLY_ACTIVE_ARCH = YES;
				PREBINDING = NO;
				SDKROOT = iphoneos;
			};
			name = Debug;
		};
		C01FCF5008A954540054247B /* Release */ = {
			isa = XCBuildConfiguration;
			buildSettings = {
				ARCHS = "$(ARCHS_STANDARD_32_BIT)";
				"CODE_SIGN_IDENTITY[sdk=iphoneos*]" = "iPhone Developer";
				GCC_C_LANGUAGE_STANDARD = c99;
				GCC_WARN_ABOUT_RETURN_TYPE = YES;
				GCC_WARN_UNUSED_VARIABLE = YES;
				HEADER_SEARCH_PATHS = "/usr/include/libxml2/**";
				PREBINDING = NO;
				SDKROOT = iphoneos;
			};
			name = Release;
		};
/* End XCBuildConfiguration section */

/* Begin XCConfigurationList section */
		1D6058960D05DD3E006BFB54 /* Build configuration list for PBXNativeTarget "audiobook" */ = {
			isa = XCConfigurationList;
			buildConfigurations = (
				1D6058940D05DD3E006BFB54 /* Debug */,
				1D6058950D05DD3E006BFB54 /* Release */,
			);
			defaultConfigurationIsVisible = 0;
			defaultConfigurationName = Release;
		};
		C01FCF4E08A954540054247B /* Build configuration list for PBXProject "audiobook" */ = {
			isa = XCConfigurationList;
			buildConfigurations = (
				C01FCF4F08A954540054247B /* Debug */,
				C01FCF5008A954540054247B /* Release */,
			);
			defaultConfigurationIsVisible = 0;
			defaultConfigurationName = Release;
		};
/* End XCConfigurationList section */
	};
	rootObject = 29B97313FDCFA39411CA2CEA /* Project object */;
}
